// !$*UTF8*$!
{
	archiveVersion = 1;
	classes = {
	};
	objectVersion = 55;
	objects = {

/* Begin PBXBuildFile section */
		D4010AF62D6514C300DBDC0B /* RVS_SetTimerPageViewController.swift in Sources */ = {isa = PBXBuildFile; fileRef = D4010AF52D6514C300DBDC0B /* RVS_SetTimerPageViewController.swift */; };
		D404247F282BEAA3004FD65A /* Accessibility.strings in Resources */ = {isa = PBXBuildFile; fileRef = D404247D282BEAA3004FD65A /* Accessibility.strings */; };
		D4079934287731860058EAF4 /* RVS_UIKit_Toolbox in Frameworks */ = {isa = PBXBuildFile; productRef = D4079933287731860058EAF4 /* RVS_UIKit_Toolbox */; };
		D40A69392846A05D0010A58E /* RVS_Persistent_Prefs in Frameworks */ = {isa = PBXBuildFile; productRef = D40A69382846A05D0010A58E /* RVS_Persistent_Prefs */; };
		D4291733282013B70054C9EA /* RVS_AboutAmbiaMara_ViewController.swift in Sources */ = {isa = PBXBuildFile; fileRef = D4291732282013B70054C9EA /* RVS_AboutAmbiaMara_ViewController.swift */; };
		D46850BB2D7F840300065D8C /* Localizable.xcstrings in Resources */ = {isa = PBXBuildFile; fileRef = D46850BA2D7F840300065D8C /* Localizable.xcstrings */; };
		D46850BC2D7F840300065D8C /* Localizable.xcstrings in Resources */ = {isa = PBXBuildFile; fileRef = D46850BA2D7F840300065D8C /* Localizable.xcstrings */; };
		D474E5DE282B26E900102B9B /* Instructions.txt in Resources */ = {isa = PBXBuildFile; fileRef = D474E5DC282B26E900102B9B /* Instructions.txt */; };
		D47C029F2819CA6500D359F5 /* RVS_AmbiaMara_AppSceneDelegate.swift in Sources */ = {isa = PBXBuildFile; fileRef = D47C029E2819CA6500D359F5 /* RVS_AmbiaMara_AppSceneDelegate.swift */; };
		D47C02A32819CA6500D359F5 /* RVS_SetTimerAmbiaMara_ViewController.swift in Sources */ = {isa = PBXBuildFile; fileRef = D47C02A22819CA6500D359F5 /* RVS_SetTimerAmbiaMara_ViewController.swift */; };
		D47C02A62819CA6500D359F5 /* RVS_AmbiaMara_Main.storyboard in Resources */ = {isa = PBXBuildFile; fileRef = D47C02A42819CA6500D359F5 /* RVS_AmbiaMara_Main.storyboard */; };
		D47C02A82819CA6800D359F5 /* Assets.xcassets in Resources */ = {isa = PBXBuildFile; fileRef = D47C02A72819CA6800D359F5 /* Assets.xcassets */; };
		D47C02AB2819CA6800D359F5 /* RVS_AmbiaMara_LaunchScreen.storyboard in Resources */ = {isa = PBXBuildFile; fileRef = D47C02A92819CA6800D359F5 /* RVS_AmbiaMara_LaunchScreen.storyboard */; };
		D486C829281B1754005C0A69 /* RVS_AmbiaMara_Settings.swift in Sources */ = {isa = PBXBuildFile; fileRef = D486C828281B1754005C0A69 /* RVS_AmbiaMara_Settings.swift */; };
		D491F1362846A42A00759031 /* RVS_BasicGCDTimer in Frameworks */ = {isa = PBXBuildFile; productRef = D491F1352846A42A00759031 /* RVS_BasicGCDTimer */; };
		D4A932222D64E9CB0028556E /* Rift_Valley_Timer_Watch_App_MainContentView.swift in Sources */ = {isa = PBXBuildFile; fileRef = D4A9321F2D64E9CB0028556E /* Rift_Valley_Timer_Watch_App_MainContentView.swift */; };
		D4A932232D64E9CB0028556E /* Rift_Valley_Timer_Watch_App.swift in Sources */ = {isa = PBXBuildFile; fileRef = D4A932202D64E9CB0028556E /* Rift_Valley_Timer_Watch_App.swift */; };
		D4A932252D64E9CB0028556E /* Assets.xcassets in Resources */ = {isa = PBXBuildFile; fileRef = D4A9321E2D64E9CB0028556E /* Assets.xcassets */; };
		D4A9322A2D64E9CB0028556E /* Assets.xcassets in Resources */ = {isa = PBXBuildFile; fileRef = D4A932262D64E9CB0028556E /* Assets.xcassets */; };
		D4A9322C2D64E9CB0028556E /* Rift_Valley_Timer_Complications.swift in Sources */ = {isa = PBXBuildFile; fileRef = D4A932282D64E9CB0028556E /* Rift_Valley_Timer_Complications.swift */; };
		D4B01F81281F58D200B07C56 /* 11-bells.mp3 in Copy Sounds */ = {isa = PBXBuildFile; fileRef = D4B01F66281F58D200B07C56 /* 11-bells.mp3 */; };
		D4B01F82281F58D200B07C56 /* 13-rooster.mp3 in Copy Sounds */ = {isa = PBXBuildFile; fileRef = D4B01F67281F58D200B07C56 /* 13-rooster.mp3 */; };
		D4B01F83281F58D200B07C56 /* 15-shut-up-2.mp3 in Copy Sounds */ = {isa = PBXBuildFile; fileRef = D4B01F68281F58D200B07C56 /* 15-shut-up-2.mp3 */; };
		D4B01F84281F58D200B07C56 /* 22-thanks-for-sharing.mp3 in Copy Sounds */ = {isa = PBXBuildFile; fileRef = D4B01F6A281F58D200B07C56 /* 22-thanks-for-sharing.mp3 */; };
		D4B01F85281F58D200B07C56 /* 14-shut-up-1.mp3 in Copy Sounds */ = {isa = PBXBuildFile; fileRef = D4B01F6C281F58D200B07C56 /* 14-shut-up-1.mp3 */; };
		D4B01F88281F58D200B07C56 /* 17-car-horn.mp3 in Copy Sounds */ = {isa = PBXBuildFile; fileRef = D4B01F70281F58D200B07C56 /* 17-car-horn.mp3 */; };
		D4B01F8A281F58D200B07C56 /* 20-antique-car-horn.mp3 in Copy Sounds */ = {isa = PBXBuildFile; fileRef = D4B01F72281F58D200B07C56 /* 20-antique-car-horn.mp3 */; };
		D4B01F8B281F58D200B07C56 /* 16-snoring-1.mp3 in Copy Sounds */ = {isa = PBXBuildFile; fileRef = D4B01F73281F58D200B07C56 /* 16-snoring-1.mp3 */; };
		D4B01F8C281F58D200B07C56 /* 12-crazy-bird.mp3 in Copy Sounds */ = {isa = PBXBuildFile; fileRef = D4B01F74281F58D200B07C56 /* 12-crazy-bird.mp3 */; };
		D4B01F8D281F58D200B07C56 /* 18-antique-phone.mp3 in Copy Sounds */ = {isa = PBXBuildFile; fileRef = D4B01F75281F58D200B07C56 /* 18-antique-phone.mp3 */; };
		D4B01F91281F58D200B07C56 /* 07-videogame-beeps-lower-frequency.mp3 in Copy Sounds */ = {isa = PBXBuildFile; fileRef = D4B01F79281F58D200B07C56 /* 07-videogame-beeps-lower-frequency.mp3 */; };
		D4B01F93281F58D200B07C56 /* 19-classic-phone.mp3 in Copy Sounds */ = {isa = PBXBuildFile; fileRef = D4B01F7B281F58D200B07C56 /* 19-classic-phone.mp3 */; };
		D4B01F94281F58D200B07C56 /* 21-alarm-klaxon.mp3 in Copy Sounds */ = {isa = PBXBuildFile; fileRef = D4B01F7C281F58D200B07C56 /* 21-alarm-klaxon.mp3 */; };
		D4B01F95281F58D200B07C56 /* 08-videogame-beeps-high-frequency.mp3 in Copy Sounds */ = {isa = PBXBuildFile; fileRef = D4B01F7D281F58D200B07C56 /* 08-videogame-beeps-high-frequency.mp3 */; };
		D4B01F96281F58D200B07C56 /* 10-annoying-alarm.mp3 in Copy Sounds */ = {isa = PBXBuildFile; fileRef = D4B01F7E281F58D200B07C56 /* 10-annoying-alarm.mp3 */; };
		D4B01F98281F58D200B07C56 /* 09-single-beep.mp3 in Copy Sounds */ = {isa = PBXBuildFile; fileRef = D4B01F80281F58D200B07C56 /* 09-single-beep.mp3 */; };
		D4BC25122D809D1B0071C75C /* Rift_Valley_Timer_Watch_App_TimerContentView.swift in Sources */ = {isa = PBXBuildFile; fileRef = D4BC25112D809D1B0071C75C /* Rift_Valley_Timer_Watch_App_TimerContentView.swift */; };
		D4C1B6212D806D6E00CEA6BF /* Let's go Digital Regular.ttf in Resources */ = {isa = PBXBuildFile; fileRef = D4C1B6202D806D6E00CEA6BF /* Let's go Digital Regular.ttf */; };
		D4C4B70C2819CEDB00E22ECA /* Localizable.strings in Resources */ = {isa = PBXBuildFile; fileRef = D4C4B70A2819CEDB00E22ECA /* Localizable.strings */; };
		D4C4B71C2819D57100E22ECA /* RVS_AmbiaMara_BaseViewController.swift in Sources */ = {isa = PBXBuildFile; fileRef = D4C4B71B2819D57100E22ECA /* RVS_AmbiaMara_BaseViewController.swift */; };
		D4C6DD482D7649EB00AA0FAD /* Rift Valley Timer WatchApp.app in Embed Watch Content */ = {isa = PBXBuildFile; fileRef = D4F83C9D2D63DB10009C4646 /* Rift Valley Timer WatchApp.app */; platformFilter = ios; settings = {ATTRIBUTES = (RemoveHeadersOnCopy, ); }; };
		D4CD2E7F284697E100400AB0 /* RVS_Generic_Swift_Toolbox in Frameworks */ = {isa = PBXBuildFile; productRef = D4CD2E7E284697E100400AB0 /* RVS_Generic_Swift_Toolbox */; };
		D4CE51B8281DCFA300DA6B85 /* RVS_RunningTimerAmbiaMara_ViewController.swift in Sources */ = {isa = PBXBuildFile; fileRef = D4CE51B6281DCFA300DA6B85 /* RVS_RunningTimerAmbiaMara_ViewController.swift */; };
		D4CE51B9281DCFA300DA6B85 /* RVS_SetAlarmAmbiaMara_PopoverViewController.swift in Sources */ = {isa = PBXBuildFile; fileRef = D4CE51B7281DCFA300DA6B85 /* RVS_SetAlarmAmbiaMara_PopoverViewController.swift */; };
		D4CE51BB281DD48700DA6B85 /* RVS_SettingsAmbiaMara_PopoverViewController.swift in Sources */ = {isa = PBXBuildFile; fileRef = D4CE51BA281DD48700DA6B85 /* RVS_SettingsAmbiaMara_PopoverViewController.swift */; };
		D4E6ECB12D6FBF1E00178A37 /* RVS_Generic_Swift_Toolbox in Frameworks */ = {isa = PBXBuildFile; productRef = D4E6ECB02D6FBF1E00178A37 /* RVS_Generic_Swift_Toolbox */; };
		D4E6ECB32D6FBF2500178A37 /* RVS_Generic_Swift_Toolbox in Frameworks */ = {isa = PBXBuildFile; productRef = D4E6ECB22D6FBF2500178A37 /* RVS_Generic_Swift_Toolbox */; };
		D4F1448028293F4A001DD9E4 /* 01-low-beep.mp3 in Copy Sounds */ = {isa = PBXBuildFile; fileRef = D4F1447928293F4A001DD9E4 /* 01-low-beep.mp3 */; };
		D4F1448128293F4A001DD9E4 /* 03-high-beep.mp3 in Copy Sounds */ = {isa = PBXBuildFile; fileRef = D4F1447A28293F4A001DD9E4 /* 03-high-beep.mp3 */; };
		D4F1448228293F4A001DD9E4 /* 04-electronic-buzz.mp3 in Copy Sounds */ = {isa = PBXBuildFile; fileRef = D4F1447B28293F4A001DD9E4 /* 04-electronic-buzz.mp3 */; };
		D4F1448328293F4A001DD9E4 /* 00-escalation.mp3 in Copy Sounds */ = {isa = PBXBuildFile; fileRef = D4F1447C28293F4A001DD9E4 /* 00-escalation.mp3 */; };
		D4F1448428293F4A001DD9E4 /* 06-high-fast-beeps.mp3 in Copy Sounds */ = {isa = PBXBuildFile; fileRef = D4F1447D28293F4A001DD9E4 /* 06-high-fast-beeps.mp3 */; };
		D4F1448528293F4A001DD9E4 /* 02-medium-beep.mp3 in Copy Sounds */ = {isa = PBXBuildFile; fileRef = D4F1447E28293F4A001DD9E4 /* 02-medium-beep.mp3 */; };
		D4F1448628293F4A001DD9E4 /* 05-fast-beep.mp3 in Copy Sounds */ = {isa = PBXBuildFile; fileRef = D4F1447F28293F4A001DD9E4 /* 05-fast-beep.mp3 */; };
		D4F3572A2D6F61C0005A815A /* RVS_WatchDelegate.swift in Sources */ = {isa = PBXBuildFile; fileRef = D4F357292D6F61C0005A815A /* RVS_WatchDelegate.swift */; };
		D4F3572B2D6F61C0005A815A /* RVS_WatchDelegate.swift in Sources */ = {isa = PBXBuildFile; fileRef = D4F357292D6F61C0005A815A /* RVS_WatchDelegate.swift */; };
		D4F3572E2D6F6253005A815A /* RVS_AmbiaMara_Settings.swift in Sources */ = {isa = PBXBuildFile; fileRef = D486C828281B1754005C0A69 /* RVS_AmbiaMara_Settings.swift */; };
		D4F3572F2D6F6253005A815A /* RVS_AmbiaMara_Settings.swift in Sources */ = {isa = PBXBuildFile; fileRef = D486C828281B1754005C0A69 /* RVS_AmbiaMara_Settings.swift */; };
		D4F357312D6F6271005A815A /* RVS_Persistent_Prefs in Frameworks */ = {isa = PBXBuildFile; productRef = D4F357302D6F6271005A815A /* RVS_Persistent_Prefs */; };
		D4F357332D6F6278005A815A /* RVS_Persistent_Prefs in Frameworks */ = {isa = PBXBuildFile; productRef = D4F357322D6F6278005A815A /* RVS_Persistent_Prefs */; };
		D4F70CED282872A500DC0E11 /* 25-telephone.mp3 in Copy Sounds */ = {isa = PBXBuildFile; fileRef = D4F70CEA282872A500DC0E11 /* 25-telephone.mp3 */; };
		D4F70CEE282872A500DC0E11 /* 23-siren.mp3 in Copy Sounds */ = {isa = PBXBuildFile; fileRef = D4F70CEB282872A500DC0E11 /* 23-siren.mp3 */; };
		D4F70CEF282872A500DC0E11 /* 24-deep-alarm.mp3 in Copy Sounds */ = {isa = PBXBuildFile; fileRef = D4F70CEC282872A500DC0E11 /* 24-deep-alarm.mp3 */; };
		D4F83CB52D63DB43009C4646 /* WidgetKit.framework in Frameworks */ = {isa = PBXBuildFile; fileRef = D4F83CB42D63DB43009C4646 /* WidgetKit.framework */; };
		D4F83CB72D63DB43009C4646 /* SwiftUI.framework in Frameworks */ = {isa = PBXBuildFile; fileRef = D4F83CB62D63DB43009C4646 /* SwiftUI.framework */; };
		D4F83CC02D63DB43009C4646 /* Rift Valley Timer ComplicationsExtension.appex in Embed Foundation Extensions */ = {isa = PBXBuildFile; fileRef = D4F83CB32D63DB43009C4646 /* Rift Valley Timer ComplicationsExtension.appex */; settings = {ATTRIBUTES = (RemoveHeadersOnCopy, ); }; };
		D4FEE5BC2846B30700EBED74 /* RVS_RetroLEDDisplay in Frameworks */ = {isa = PBXBuildFile; productRef = D4FEE5BB2846B30700EBED74 /* RVS_RetroLEDDisplay */; };
/* End PBXBuildFile section */

/* Begin PBXContainerItemProxy section */
		D4C6DD492D7649EB00AA0FAD /* PBXContainerItemProxy */ = {
			isa = PBXContainerItemProxy;
			containerPortal = D47C02932819CA6500D359F5 /* Project object */;
			proxyType = 1;
			remoteGlobalIDString = D4F83C9C2D63DB10009C4646;
			remoteInfo = "Rift Valley Timer Watch Watch App";
		};
		D4F83CBE2D63DB43009C4646 /* PBXContainerItemProxy */ = {
			isa = PBXContainerItemProxy;
			containerPortal = D47C02932819CA6500D359F5 /* Project object */;
			proxyType = 1;
			remoteGlobalIDString = D4F83CB22D63DB43009C4646;
			remoteInfo = "Rift Valley Timer ComplicationsExtension";
		};
/* End PBXContainerItemProxy section */

/* Begin PBXCopyFilesBuildPhase section */
		D4B01F99281F59E200B07C56 /* Copy Sounds */ = {
			isa = PBXCopyFilesBuildPhase;
			buildActionMask = 2147483647;
			dstPath = "";
			dstSubfolderSpec = 7;
			files = (
				D4F1448328293F4A001DD9E4 /* 00-escalation.mp3 in Copy Sounds */,
				D4F1448028293F4A001DD9E4 /* 01-low-beep.mp3 in Copy Sounds */,
				D4F1448128293F4A001DD9E4 /* 03-high-beep.mp3 in Copy Sounds */,
				D4F1448528293F4A001DD9E4 /* 02-medium-beep.mp3 in Copy Sounds */,
				D4F1448228293F4A001DD9E4 /* 04-electronic-buzz.mp3 in Copy Sounds */,
				D4F1448628293F4A001DD9E4 /* 05-fast-beep.mp3 in Copy Sounds */,
				D4F1448428293F4A001DD9E4 /* 06-high-fast-beeps.mp3 in Copy Sounds */,
				D4B01F91281F58D200B07C56 /* 07-videogame-beeps-lower-frequency.mp3 in Copy Sounds */,
				D4B01F95281F58D200B07C56 /* 08-videogame-beeps-high-frequency.mp3 in Copy Sounds */,
				D4B01F98281F58D200B07C56 /* 09-single-beep.mp3 in Copy Sounds */,
				D4B01F96281F58D200B07C56 /* 10-annoying-alarm.mp3 in Copy Sounds */,
				D4B01F81281F58D200B07C56 /* 11-bells.mp3 in Copy Sounds */,
				D4B01F8C281F58D200B07C56 /* 12-crazy-bird.mp3 in Copy Sounds */,
				D4B01F82281F58D200B07C56 /* 13-rooster.mp3 in Copy Sounds */,
				D4B01F85281F58D200B07C56 /* 14-shut-up-1.mp3 in Copy Sounds */,
				D4B01F83281F58D200B07C56 /* 15-shut-up-2.mp3 in Copy Sounds */,
				D4B01F8B281F58D200B07C56 /* 16-snoring-1.mp3 in Copy Sounds */,
				D4B01F88281F58D200B07C56 /* 17-car-horn.mp3 in Copy Sounds */,
				D4B01F8D281F58D200B07C56 /* 18-antique-phone.mp3 in Copy Sounds */,
				D4B01F93281F58D200B07C56 /* 19-classic-phone.mp3 in Copy Sounds */,
				D4B01F8A281F58D200B07C56 /* 20-antique-car-horn.mp3 in Copy Sounds */,
				D4B01F94281F58D200B07C56 /* 21-alarm-klaxon.mp3 in Copy Sounds */,
				D4B01F84281F58D200B07C56 /* 22-thanks-for-sharing.mp3 in Copy Sounds */,
				D4F70CEE282872A500DC0E11 /* 23-siren.mp3 in Copy Sounds */,
				D4F70CEF282872A500DC0E11 /* 24-deep-alarm.mp3 in Copy Sounds */,
				D4F70CED282872A500DC0E11 /* 25-telephone.mp3 in Copy Sounds */,
			);
			name = "Copy Sounds";
			runOnlyForDeploymentPostprocessing = 0;
		};
		D4C6DD4B2D7649EB00AA0FAD /* Embed Watch Content */ = {
			isa = PBXCopyFilesBuildPhase;
			buildActionMask = 2147483647;
			dstPath = "$(CONTENTS_FOLDER_PATH)/Watch";
			dstSubfolderSpec = 16;
			files = (
				D4C6DD482D7649EB00AA0FAD /* Rift Valley Timer WatchApp.app in Embed Watch Content */,
			);
			name = "Embed Watch Content";
			runOnlyForDeploymentPostprocessing = 0;
		};
		D4F83CC52D63DB43009C4646 /* Embed Foundation Extensions */ = {
			isa = PBXCopyFilesBuildPhase;
			buildActionMask = 2147483647;
			dstPath = "";
			dstSubfolderSpec = 13;
			files = (
				D4F83CC02D63DB43009C4646 /* Rift Valley Timer ComplicationsExtension.appex in Embed Foundation Extensions */,
			);
			name = "Embed Foundation Extensions";
			runOnlyForDeploymentPostprocessing = 0;
		};
/* End PBXCopyFilesBuildPhase section */

/* Begin PBXFileReference section */
		D4010AF52D6514C300DBDC0B /* RVS_SetTimerPageViewController.swift */ = {isa = PBXFileReference; lastKnownFileType = sourcecode.swift; path = RVS_SetTimerPageViewController.swift; sourceTree = "<group>"; };
		D404247E282BEAA3004FD65A /* Base */ = {isa = PBXFileReference; lastKnownFileType = text.plist.strings; name = Base; path = Base.lproj/Accessibility.strings; sourceTree = "<group>"; };
		D4291732282013B70054C9EA /* RVS_AboutAmbiaMara_ViewController.swift */ = {isa = PBXFileReference; fileEncoding = 4; lastKnownFileType = sourcecode.swift; path = RVS_AboutAmbiaMara_ViewController.swift; sourceTree = "<group>"; };
		D44E7712281AD1B000B491EF /* AmbiaMara.entitlements */ = {isa = PBXFileReference; lastKnownFileType = text.plist.entitlements; path = AmbiaMara.entitlements; sourceTree = "<group>"; };
		D46850BA2D7F840300065D8C /* Localizable.xcstrings */ = {isa = PBXFileReference; lastKnownFileType = text.json.xcstrings; path = Localizable.xcstrings; sourceTree = "<group>"; };
		D474E5DD282B26E900102B9B /* Base */ = {isa = PBXFileReference; lastKnownFileType = text; name = Base; path = Base.lproj/Instructions.txt; sourceTree = "<group>"; };
		D47C029B2819CA6500D359F5 /* Rift Valley Timer.app */ = {isa = PBXFileReference; explicitFileType = wrapper.application; includeInIndex = 0; path = "Rift Valley Timer.app"; sourceTree = BUILT_PRODUCTS_DIR; };
		D47C029E2819CA6500D359F5 /* RVS_AmbiaMara_AppSceneDelegate.swift */ = {isa = PBXFileReference; lastKnownFileType = sourcecode.swift; path = RVS_AmbiaMara_AppSceneDelegate.swift; sourceTree = "<group>"; };
		D47C02A22819CA6500D359F5 /* RVS_SetTimerAmbiaMara_ViewController.swift */ = {isa = PBXFileReference; lastKnownFileType = sourcecode.swift; path = RVS_SetTimerAmbiaMara_ViewController.swift; sourceTree = "<group>"; };
		D47C02A52819CA6500D359F5 /* Base */ = {isa = PBXFileReference; lastKnownFileType = file.storyboard; name = Base; path = Base.lproj/RVS_AmbiaMara_Main.storyboard; sourceTree = "<group>"; };
		D47C02A72819CA6800D359F5 /* Assets.xcassets */ = {isa = PBXFileReference; lastKnownFileType = folder.assetcatalog; path = Assets.xcassets; sourceTree = "<group>"; };
		D47C02AA2819CA6800D359F5 /* Base */ = {isa = PBXFileReference; lastKnownFileType = file.storyboard; name = Base; path = Base.lproj/RVS_AmbiaMara_LaunchScreen.storyboard; sourceTree = "<group>"; };
		D486C828281B1754005C0A69 /* RVS_AmbiaMara_Settings.swift */ = {isa = PBXFileReference; fileEncoding = 4; lastKnownFileType = sourcecode.swift; path = RVS_AmbiaMara_Settings.swift; sourceTree = "<group>"; };
		D488F2EE281D6D960045E999 /* Warnings.xcconfig */ = {isa = PBXFileReference; lastKnownFileType = text.xcconfig; name = Warnings.xcconfig; path = Sources/Meta/Warnings.xcconfig; sourceTree = SOURCE_ROOT; };
		D4A9321E2D64E9CB0028556E /* Assets.xcassets */ = {isa = PBXFileReference; lastKnownFileType = folder.assetcatalog; path = Assets.xcassets; sourceTree = "<group>"; };
		D4A9321F2D64E9CB0028556E /* Rift_Valley_Timer_Watch_App_MainContentView.swift */ = {isa = PBXFileReference; lastKnownFileType = sourcecode.swift; path = Rift_Valley_Timer_Watch_App_MainContentView.swift; sourceTree = "<group>"; };
		D4A932202D64E9CB0028556E /* Rift_Valley_Timer_Watch_App.swift */ = {isa = PBXFileReference; lastKnownFileType = sourcecode.swift; path = Rift_Valley_Timer_Watch_App.swift; sourceTree = "<group>"; };
		D4A932262D64E9CB0028556E /* Assets.xcassets */ = {isa = PBXFileReference; lastKnownFileType = folder.assetcatalog; path = Assets.xcassets; sourceTree = "<group>"; };
		D4A932272D64E9CB0028556E /* Info.plist */ = {isa = PBXFileReference; lastKnownFileType = text.plist.xml; path = Info.plist; sourceTree = "<group>"; };
		D4A932282D64E9CB0028556E /* Rift_Valley_Timer_Complications.swift */ = {isa = PBXFileReference; lastKnownFileType = sourcecode.swift; path = Rift_Valley_Timer_Complications.swift; sourceTree = "<group>"; };
		D4A9322D2D64EA310028556E /* WatchApp.entitlements */ = {isa = PBXFileReference; lastKnownFileType = text.plist.entitlements; path = WatchApp.entitlements; sourceTree = "<group>"; };
		D4A9322E2D64EA440028556E /* WatchComplications.entitlements */ = {isa = PBXFileReference; lastKnownFileType = text.plist.entitlements; path = WatchComplications.entitlements; sourceTree = "<group>"; };
		D4A9322F2D64EA8B0028556E /* Info.plist */ = {isa = PBXFileReference; lastKnownFileType = text.plist.xml; path = Info.plist; sourceTree = "<group>"; };
		D4B01F66281F58D200B07C56 /* 11-bells.mp3 */ = {isa = PBXFileReference; lastKnownFileType = audio.mp3; path = "11-bells.mp3"; sourceTree = "<group>"; };
		D4B01F67281F58D200B07C56 /* 13-rooster.mp3 */ = {isa = PBXFileReference; lastKnownFileType = audio.mp3; path = "13-rooster.mp3"; sourceTree = "<group>"; };
		D4B01F69281F58D200B07C56 /* en */ = {isa = PBXFileReference; lastKnownFileType = audio.mp3; name = en; path = "en.lproj/15-shut-up-2.mp3"; sourceTree = "<group>"; };
		D4B01F6B281F58D200B07C56 /* en */ = {isa = PBXFileReference; lastKnownFileType = audio.mp3; name = en; path = "en.lproj/22-thanks-for-sharing.mp3"; sourceTree = "<group>"; };
		D4B01F6D281F58D200B07C56 /* en */ = {isa = PBXFileReference; lastKnownFileType = audio.mp3; name = en; path = "en.lproj/14-shut-up-1.mp3"; sourceTree = "<group>"; };
		D4B01F70281F58D200B07C56 /* 17-car-horn.mp3 */ = {isa = PBXFileReference; lastKnownFileType = audio.mp3; path = "17-car-horn.mp3"; sourceTree = "<group>"; };
		D4B01F72281F58D200B07C56 /* 20-antique-car-horn.mp3 */ = {isa = PBXFileReference; lastKnownFileType = audio.mp3; path = "20-antique-car-horn.mp3"; sourceTree = "<group>"; };
		D4B01F73281F58D200B07C56 /* 16-snoring-1.mp3 */ = {isa = PBXFileReference; lastKnownFileType = audio.mp3; path = "16-snoring-1.mp3"; sourceTree = "<group>"; };
		D4B01F74281F58D200B07C56 /* 12-crazy-bird.mp3 */ = {isa = PBXFileReference; lastKnownFileType = audio.mp3; path = "12-crazy-bird.mp3"; sourceTree = "<group>"; };
		D4B01F75281F58D200B07C56 /* 18-antique-phone.mp3 */ = {isa = PBXFileReference; lastKnownFileType = audio.mp3; path = "18-antique-phone.mp3"; sourceTree = "<group>"; };
		D4B01F79281F58D200B07C56 /* 07-videogame-beeps-lower-frequency.mp3 */ = {isa = PBXFileReference; lastKnownFileType = audio.mp3; path = "07-videogame-beeps-lower-frequency.mp3"; sourceTree = "<group>"; };
		D4B01F7B281F58D200B07C56 /* 19-classic-phone.mp3 */ = {isa = PBXFileReference; lastKnownFileType = audio.mp3; path = "19-classic-phone.mp3"; sourceTree = "<group>"; };
		D4B01F7C281F58D200B07C56 /* 21-alarm-klaxon.mp3 */ = {isa = PBXFileReference; lastKnownFileType = audio.mp3; path = "21-alarm-klaxon.mp3"; sourceTree = "<group>"; };
		D4B01F7D281F58D200B07C56 /* 08-videogame-beeps-high-frequency.mp3 */ = {isa = PBXFileReference; lastKnownFileType = audio.mp3; path = "08-videogame-beeps-high-frequency.mp3"; sourceTree = "<group>"; };
		D4B01F7E281F58D200B07C56 /* 10-annoying-alarm.mp3 */ = {isa = PBXFileReference; lastKnownFileType = audio.mp3; path = "10-annoying-alarm.mp3"; sourceTree = "<group>"; };
		D4B01F80281F58D200B07C56 /* 09-single-beep.mp3 */ = {isa = PBXFileReference; lastKnownFileType = audio.mp3; path = "09-single-beep.mp3"; sourceTree = "<group>"; };
		D4BC25112D809D1B0071C75C /* Rift_Valley_Timer_Watch_App_TimerContentView.swift */ = {isa = PBXFileReference; lastKnownFileType = sourcecode.swift; path = Rift_Valley_Timer_Watch_App_TimerContentView.swift; sourceTree = "<group>"; };
		D4C1B6202D806D6E00CEA6BF /* Let's go Digital Regular.ttf */ = {isa = PBXFileReference; lastKnownFileType = file; path = "Let's go Digital Regular.ttf"; sourceTree = "<group>"; };
		D4C4B70B2819CEDB00E22ECA /* Base */ = {isa = PBXFileReference; lastKnownFileType = text.plist.strings; name = Base; path = Base.lproj/Localizable.strings; sourceTree = "<group>"; };
		D4C4B70E2819CF8F00E22ECA /* AmbiaMara.docc */ = {isa = PBXFileReference; lastKnownFileType = folder.documentationcatalog; path = AmbiaMara.docc; sourceTree = "<group>"; };
		D4C4B71B2819D57100E22ECA /* RVS_AmbiaMara_BaseViewController.swift */ = {isa = PBXFileReference; fileEncoding = 4; lastKnownFileType = sourcecode.swift; path = RVS_AmbiaMara_BaseViewController.swift; sourceTree = "<group>"; };
		D4CE51B6281DCFA300DA6B85 /* RVS_RunningTimerAmbiaMara_ViewController.swift */ = {isa = PBXFileReference; fileEncoding = 4; lastKnownFileType = sourcecode.swift; path = RVS_RunningTimerAmbiaMara_ViewController.swift; sourceTree = "<group>"; };
		D4CE51B7281DCFA300DA6B85 /* RVS_SetAlarmAmbiaMara_PopoverViewController.swift */ = {isa = PBXFileReference; fileEncoding = 4; lastKnownFileType = sourcecode.swift; path = RVS_SetAlarmAmbiaMara_PopoverViewController.swift; sourceTree = "<group>"; };
		D4CE51BA281DD48700DA6B85 /* RVS_SettingsAmbiaMara_PopoverViewController.swift */ = {isa = PBXFileReference; fileEncoding = 4; lastKnownFileType = sourcecode.swift; path = RVS_SettingsAmbiaMara_PopoverViewController.swift; sourceTree = "<group>"; };
		D4D02B56283430D50024DF06 /* fr */ = {isa = PBXFileReference; lastKnownFileType = text; name = fr; path = fr.lproj/Instructions.txt; sourceTree = "<group>"; };
		D4D02B57283430D50024DF06 /* fr */ = {isa = PBXFileReference; lastKnownFileType = text.plist.strings; name = fr; path = fr.lproj/Localizable.strings; sourceTree = "<group>"; };
		D4D02B58283430D50024DF06 /* fr */ = {isa = PBXFileReference; lastKnownFileType = text.plist.strings; name = fr; path = fr.lproj/Accessibility.strings; sourceTree = "<group>"; };
		D4D02B59283430E80024DF06 /* de */ = {isa = PBXFileReference; lastKnownFileType = text; name = de; path = de.lproj/Instructions.txt; sourceTree = "<group>"; };
		D4D02B5A283430E80024DF06 /* de */ = {isa = PBXFileReference; lastKnownFileType = text.plist.strings; name = de; path = de.lproj/Localizable.strings; sourceTree = "<group>"; };
		D4D02B5B283430E80024DF06 /* de */ = {isa = PBXFileReference; lastKnownFileType = text.plist.strings; name = de; path = de.lproj/Accessibility.strings; sourceTree = "<group>"; };
		D4D02B5C283430F90024DF06 /* es-419 */ = {isa = PBXFileReference; lastKnownFileType = text; name = "es-419"; path = "es-419.lproj/Instructions.txt"; sourceTree = "<group>"; };
		D4D02B5D283430F90024DF06 /* es-419 */ = {isa = PBXFileReference; lastKnownFileType = text.plist.strings; name = "es-419"; path = "es-419.lproj/Localizable.strings"; sourceTree = "<group>"; };
		D4D02B5E283430F90024DF06 /* es-419 */ = {isa = PBXFileReference; lastKnownFileType = text.plist.strings; name = "es-419"; path = "es-419.lproj/Accessibility.strings"; sourceTree = "<group>"; };
		D4F1447928293F4A001DD9E4 /* 01-low-beep.mp3 */ = {isa = PBXFileReference; lastKnownFileType = audio.mp3; path = "01-low-beep.mp3"; sourceTree = "<group>"; };
		D4F1447A28293F4A001DD9E4 /* 03-high-beep.mp3 */ = {isa = PBXFileReference; lastKnownFileType = audio.mp3; path = "03-high-beep.mp3"; sourceTree = "<group>"; };
		D4F1447B28293F4A001DD9E4 /* 04-electronic-buzz.mp3 */ = {isa = PBXFileReference; lastKnownFileType = audio.mp3; path = "04-electronic-buzz.mp3"; sourceTree = "<group>"; };
		D4F1447C28293F4A001DD9E4 /* 00-escalation.mp3 */ = {isa = PBXFileReference; lastKnownFileType = audio.mp3; path = "00-escalation.mp3"; sourceTree = "<group>"; };
		D4F1447D28293F4A001DD9E4 /* 06-high-fast-beeps.mp3 */ = {isa = PBXFileReference; lastKnownFileType = audio.mp3; path = "06-high-fast-beeps.mp3"; sourceTree = "<group>"; };
		D4F1447E28293F4A001DD9E4 /* 02-medium-beep.mp3 */ = {isa = PBXFileReference; lastKnownFileType = audio.mp3; path = "02-medium-beep.mp3"; sourceTree = "<group>"; };
		D4F1447F28293F4A001DD9E4 /* 05-fast-beep.mp3 */ = {isa = PBXFileReference; lastKnownFileType = audio.mp3; path = "05-fast-beep.mp3"; sourceTree = "<group>"; };
		D4F357292D6F61C0005A815A /* RVS_WatchDelegate.swift */ = {isa = PBXFileReference; lastKnownFileType = sourcecode.swift; path = RVS_WatchDelegate.swift; sourceTree = "<group>"; };
		D4F70CEA282872A500DC0E11 /* 25-telephone.mp3 */ = {isa = PBXFileReference; lastKnownFileType = audio.mp3; path = "25-telephone.mp3"; sourceTree = "<group>"; };
		D4F70CEB282872A500DC0E11 /* 23-siren.mp3 */ = {isa = PBXFileReference; lastKnownFileType = audio.mp3; path = "23-siren.mp3"; sourceTree = "<group>"; };
		D4F70CEC282872A500DC0E11 /* 24-deep-alarm.mp3 */ = {isa = PBXFileReference; lastKnownFileType = audio.mp3; path = "24-deep-alarm.mp3"; sourceTree = "<group>"; };
		D4F83C9D2D63DB10009C4646 /* Rift Valley Timer WatchApp.app */ = {isa = PBXFileReference; explicitFileType = wrapper.application; includeInIndex = 0; path = "Rift Valley Timer WatchApp.app"; sourceTree = BUILT_PRODUCTS_DIR; };
		D4F83CB32D63DB43009C4646 /* Rift Valley Timer ComplicationsExtension.appex */ = {isa = PBXFileReference; explicitFileType = "wrapper.app-extension"; includeInIndex = 0; path = "Rift Valley Timer ComplicationsExtension.appex"; sourceTree = BUILT_PRODUCTS_DIR; };
		D4F83CB42D63DB43009C4646 /* WidgetKit.framework */ = {isa = PBXFileReference; lastKnownFileType = wrapper.framework; name = WidgetKit.framework; path = System/Library/Frameworks/WidgetKit.framework; sourceTree = SDKROOT; };
		D4F83CB62D63DB43009C4646 /* SwiftUI.framework */ = {isa = PBXFileReference; lastKnownFileType = wrapper.framework; name = SwiftUI.framework; path = System/Library/Frameworks/SwiftUI.framework; sourceTree = SDKROOT; };
/* End PBXFileReference section */

/* Begin PBXFrameworksBuildPhase section */
		D47C02982819CA6500D359F5 /* Frameworks */ = {
			isa = PBXFrameworksBuildPhase;
			buildActionMask = 2147483647;
			files = (
				D4FEE5BC2846B30700EBED74 /* RVS_RetroLEDDisplay in Frameworks */,
				D4079934287731860058EAF4 /* RVS_UIKit_Toolbox in Frameworks */,
				D491F1362846A42A00759031 /* RVS_BasicGCDTimer in Frameworks */,
				D4CD2E7F284697E100400AB0 /* RVS_Generic_Swift_Toolbox in Frameworks */,
				D40A69392846A05D0010A58E /* RVS_Persistent_Prefs in Frameworks */,
			);
			runOnlyForDeploymentPostprocessing = 0;
		};
		D4F83C9A2D63DB10009C4646 /* Frameworks */ = {
			isa = PBXFrameworksBuildPhase;
			buildActionMask = 2147483647;
			files = (
				D4E6ECB12D6FBF1E00178A37 /* RVS_Generic_Swift_Toolbox in Frameworks */,
				D4F357312D6F6271005A815A /* RVS_Persistent_Prefs in Frameworks */,
			);
			runOnlyForDeploymentPostprocessing = 0;
		};
		D4F83CB02D63DB43009C4646 /* Frameworks */ = {
			isa = PBXFrameworksBuildPhase;
			buildActionMask = 2147483647;
			files = (
				D4F357332D6F6278005A815A /* RVS_Persistent_Prefs in Frameworks */,
				D4F83CB72D63DB43009C4646 /* SwiftUI.framework in Frameworks */,
				D4E6ECB32D6FBF2500178A37 /* RVS_Generic_Swift_Toolbox in Frameworks */,
				D4F83CB52D63DB43009C4646 /* WidgetKit.framework in Frameworks */,
			);
			runOnlyForDeploymentPostprocessing = 0;
		};
/* End PBXFrameworksBuildPhase section */

/* Begin PBXGroup section */
		D4233CA02820384D00ED62EC /* Baseline */ = {
			isa = PBXGroup;
			children = (
				D4C4B71B2819D57100E22ECA /* RVS_AmbiaMara_BaseViewController.swift */,
			);
			path = Baseline;
			sourceTree = "<group>";
		};
		D4233CA12820386000ED62EC /* SetTimerScreen */ = {
			isa = PBXGroup;
			children = (
				D4010AF52D6514C300DBDC0B /* RVS_SetTimerPageViewController.swift */,
				D47C02A22819CA6500D359F5 /* RVS_SetTimerAmbiaMara_ViewController.swift */,
				D4352A65281FF11200BEC5A4 /* Popovers */,
			);
			path = SetTimerScreen;
			sourceTree = "<group>";
		};
		D4233CA22820386E00ED62EC /* AboutScreen */ = {
			isa = PBXGroup;
			children = (
				D4291732282013B70054C9EA /* RVS_AboutAmbiaMara_ViewController.swift */,
			);
			path = AboutScreen;
			sourceTree = "<group>";
		};
		D4233CA32820387800ED62EC /* RunningTimerScreen */ = {
			isa = PBXGroup;
			children = (
				D4CE51B6281DCFA300DA6B85 /* RVS_RunningTimerAmbiaMara_ViewController.swift */,
			);
			path = RunningTimerScreen;
			sourceTree = "<group>";
		};
		D4352A65281FF11200BEC5A4 /* Popovers */ = {
			isa = PBXGroup;
			children = (
				D4CE51BA281DD48700DA6B85 /* RVS_SettingsAmbiaMara_PopoverViewController.swift */,
				D4CE51B7281DCFA300DA6B85 /* RVS_SetAlarmAmbiaMara_PopoverViewController.swift */,
			);
			path = Popovers;
			sourceTree = "<group>";
		};
		D44E7714281AD24F00B491EF /* ProjectMeta */ = {
			isa = PBXGroup;
			children = (
				D488F2EE281D6D960045E999 /* Warnings.xcconfig */,
				D44E7712281AD1B000B491EF /* AmbiaMara.entitlements */,
			);
			path = ProjectMeta;
			sourceTree = "<group>";
		};
		D47C02922819CA6500D359F5 = {
			isa = PBXGroup;
			children = (
				D4C4B6FE2819CCDB00E22ECA /* Sources */,
				D44E7714281AD24F00B491EF /* ProjectMeta */,
				D47C029C2819CA6500D359F5 /* Products */,
				D4CD2E7D284697E100400AB0 /* Frameworks */,
			);
			sourceTree = "<group>";
		};
		D47C029C2819CA6500D359F5 /* Products */ = {
			isa = PBXGroup;
			children = (
				D47C029B2819CA6500D359F5 /* Rift Valley Timer.app */,
				D4F83C9D2D63DB10009C4646 /* Rift Valley Timer WatchApp.app */,
				D4F83CB32D63DB43009C4646 /* Rift Valley Timer ComplicationsExtension.appex */,
			);
			name = Products;
			sourceTree = "<group>";
		};
		D47C029D2819CA6500D359F5 /* MainApp */ = {
			isa = PBXGroup;
			children = (
				D4F90F492819E53A00E4C664 /* MainApplication */,
				D4C4B71D2819D70300E22ECA /* ViewControllers */,
				D4C4B6FF2819CCF300E22ECA /* Resources */,
				D4C4B70E2819CF8F00E22ECA /* AmbiaMara.docc */,
			);
			path = MainApp;
			sourceTree = "<group>";
		};
		D4A932212D64E9CB0028556E /* WatchApp */ = {
			isa = PBXGroup;
			children = (
				D4A932202D64E9CB0028556E /* Rift_Valley_Timer_Watch_App.swift */,
				D4A9321F2D64E9CB0028556E /* Rift_Valley_Timer_Watch_App_MainContentView.swift */,
				D4BC25112D809D1B0071C75C /* Rift_Valley_Timer_Watch_App_TimerContentView.swift */,
				D4A9322F2D64EA8B0028556E /* Info.plist */,
				D4A9322D2D64EA310028556E /* WatchApp.entitlements */,
				D4C1B6202D806D6E00CEA6BF /* Let's go Digital Regular.ttf */,
				D4A9321E2D64E9CB0028556E /* Assets.xcassets */,
				D46850BA2D7F840300065D8C /* Localizable.xcstrings */,
			);
			path = WatchApp;
			sourceTree = "<group>";
		};
		D4A932292D64E9CB0028556E /* WatchComplications */ = {
			isa = PBXGroup;
			children = (
				D4A932282D64E9CB0028556E /* Rift_Valley_Timer_Complications.swift */,
				D4A932272D64E9CB0028556E /* Info.plist */,
				D4A9322E2D64EA440028556E /* WatchComplications.entitlements */,
				D4A932262D64E9CB0028556E /* Assets.xcassets */,
			);
			path = WatchComplications;
			sourceTree = "<group>";
		};
		D4B01F65281F58D200B07C56 /* Sounds */ = {
			isa = PBXGroup;
			children = (
				D4F1447C28293F4A001DD9E4 /* 00-escalation.mp3 */,
				D4F1447928293F4A001DD9E4 /* 01-low-beep.mp3 */,
				D4F1447E28293F4A001DD9E4 /* 02-medium-beep.mp3 */,
				D4F1447A28293F4A001DD9E4 /* 03-high-beep.mp3 */,
				D4F1447B28293F4A001DD9E4 /* 04-electronic-buzz.mp3 */,
				D4F1447F28293F4A001DD9E4 /* 05-fast-beep.mp3 */,
				D4F1447D28293F4A001DD9E4 /* 06-high-fast-beeps.mp3 */,
				D4B01F79281F58D200B07C56 /* 07-videogame-beeps-lower-frequency.mp3 */,
				D4B01F7D281F58D200B07C56 /* 08-videogame-beeps-high-frequency.mp3 */,
				D4B01F80281F58D200B07C56 /* 09-single-beep.mp3 */,
				D4B01F7E281F58D200B07C56 /* 10-annoying-alarm.mp3 */,
				D4B01F66281F58D200B07C56 /* 11-bells.mp3 */,
				D4B01F74281F58D200B07C56 /* 12-crazy-bird.mp3 */,
				D4B01F67281F58D200B07C56 /* 13-rooster.mp3 */,
				D4B01F6C281F58D200B07C56 /* 14-shut-up-1.mp3 */,
				D4B01F68281F58D200B07C56 /* 15-shut-up-2.mp3 */,
				D4B01F73281F58D200B07C56 /* 16-snoring-1.mp3 */,
				D4B01F70281F58D200B07C56 /* 17-car-horn.mp3 */,
				D4B01F75281F58D200B07C56 /* 18-antique-phone.mp3 */,
				D4B01F7B281F58D200B07C56 /* 19-classic-phone.mp3 */,
				D4B01F72281F58D200B07C56 /* 20-antique-car-horn.mp3 */,
				D4B01F7C281F58D200B07C56 /* 21-alarm-klaxon.mp3 */,
				D4B01F6A281F58D200B07C56 /* 22-thanks-for-sharing.mp3 */,
				D4F70CEB282872A500DC0E11 /* 23-siren.mp3 */,
				D4F70CEC282872A500DC0E11 /* 24-deep-alarm.mp3 */,
				D4F70CEA282872A500DC0E11 /* 25-telephone.mp3 */,
			);
			path = Sounds;
			sourceTree = "<group>";
		};
		D4C4B6FE2819CCDB00E22ECA /* Sources */ = {
			isa = PBXGroup;
			children = (
				D4F3572C2D6F61CD005A815A /* Shared */,
				D47C029D2819CA6500D359F5 /* MainApp */,
				D4A932212D64E9CB0028556E /* WatchApp */,
				D4A932292D64E9CB0028556E /* WatchComplications */,
			);
			path = Sources;
			sourceTree = "<group>";
		};
		D4C4B6FF2819CCF300E22ECA /* Resources */ = {
			isa = PBXGroup;
			children = (
				D47C02A42819CA6500D359F5 /* RVS_AmbiaMara_Main.storyboard */,
				D474E5DC282B26E900102B9B /* Instructions.txt */,
				D4C4B70A2819CEDB00E22ECA /* Localizable.strings */,
				D404247D282BEAA3004FD65A /* Accessibility.strings */,
				D47C02A72819CA6800D359F5 /* Assets.xcassets */,
				D47C02A92819CA6800D359F5 /* RVS_AmbiaMara_LaunchScreen.storyboard */,
				D4B01F65281F58D200B07C56 /* Sounds */,
			);
			path = Resources;
			sourceTree = "<group>";
		};
		D4C4B71D2819D70300E22ECA /* ViewControllers */ = {
			isa = PBXGroup;
			children = (
				D4233CA02820384D00ED62EC /* Baseline */,
				D4233CA12820386000ED62EC /* SetTimerScreen */,
				D4233CA22820386E00ED62EC /* AboutScreen */,
				D4233CA32820387800ED62EC /* RunningTimerScreen */,
			);
			path = ViewControllers;
			sourceTree = "<group>";
		};
		D4CD2E7D284697E100400AB0 /* Frameworks */ = {
			isa = PBXGroup;
			children = (
				D4F83CB42D63DB43009C4646 /* WidgetKit.framework */,
				D4F83CB62D63DB43009C4646 /* SwiftUI.framework */,
			);
			name = Frameworks;
			sourceTree = "<group>";
		};
		D4F3572C2D6F61CD005A815A /* Shared */ = {
			isa = PBXGroup;
			children = (
				D4F3572D2D6F61E8005A815A /* Sources */,
			);
			path = Shared;
			sourceTree = "<group>";
		};
		D4F3572D2D6F61E8005A815A /* Sources */ = {
			isa = PBXGroup;
			children = (
				D4F357292D6F61C0005A815A /* RVS_WatchDelegate.swift */,
				D486C828281B1754005C0A69 /* RVS_AmbiaMara_Settings.swift */,
			);
			path = Sources;
			sourceTree = "<group>";
		};
		D4F90F492819E53A00E4C664 /* MainApplication */ = {
			isa = PBXGroup;
			children = (
				D47C029E2819CA6500D359F5 /* RVS_AmbiaMara_AppSceneDelegate.swift */,
			);
			path = MainApplication;
			sourceTree = "<group>";
		};
/* End PBXGroup section */

/* Begin PBXNativeTarget section */
		D47C029A2819CA6500D359F5 /* Rift Valley Timer */ = {
			isa = PBXNativeTarget;
			buildConfigurationList = D47C02AF2819CA6800D359F5 /* Build configuration list for PBXNativeTarget "Rift Valley Timer" */;
			buildPhases = (
				D4A932302D64EC280028556E /* SwiftLint */,
				D47C02972819CA6500D359F5 /* Sources */,
				D47C02982819CA6500D359F5 /* Frameworks */,
				D47C02992819CA6500D359F5 /* Resources */,
				D4B01F99281F59E200B07C56 /* Copy Sounds */,
				D4C6DD4B2D7649EB00AA0FAD /* Embed Watch Content */,
			);
			buildRules = (
			);
			dependencies = (
				D4C6DD4A2D7649EB00AA0FAD /* PBXTargetDependency */,
			);
			name = "Rift Valley Timer";
			packageProductDependencies = (
				D4CD2E7E284697E100400AB0 /* RVS_Generic_Swift_Toolbox */,
				D40A69382846A05D0010A58E /* RVS_Persistent_Prefs */,
				D491F1352846A42A00759031 /* RVS_BasicGCDTimer */,
				D4FEE5BB2846B30700EBED74 /* RVS_RetroLEDDisplay */,
				D4079933287731860058EAF4 /* RVS_UIKit_Toolbox */,
			);
			productName = AmbiaMara;
			productReference = D47C029B2819CA6500D359F5 /* Rift Valley Timer.app */;
			productType = "com.apple.product-type.application";
		};
		D4F83C9C2D63DB10009C4646 /* Rift Valley Timer WatchApp */ = {
			isa = PBXNativeTarget;
			buildConfigurationList = D4F83CAB2D63DB10009C4646 /* Build configuration list for PBXNativeTarget "Rift Valley Timer WatchApp" */;
			buildPhases = (
				D4A932312D64EC3D0028556E /* SwiftLint */,
				D4F83C992D63DB10009C4646 /* Sources */,
				D4F83C9A2D63DB10009C4646 /* Frameworks */,
				D4F83C9B2D63DB10009C4646 /* Resources */,
				D4F83CC52D63DB43009C4646 /* Embed Foundation Extensions */,
			);
			buildRules = (
			);
			dependencies = (
				D4F83CBF2D63DB43009C4646 /* PBXTargetDependency */,
			);
			name = "Rift Valley Timer WatchApp";
			packageProductDependencies = (
				D4F357302D6F6271005A815A /* RVS_Persistent_Prefs */,
				D4E6ECB02D6FBF1E00178A37 /* RVS_Generic_Swift_Toolbox */,
			);
			productName = "Rift Valley Timer Watch Watch App";
			productReference = D4F83C9D2D63DB10009C4646 /* Rift Valley Timer WatchApp.app */;
			productType = "com.apple.product-type.application";
		};
		D4F83CB22D63DB43009C4646 /* Rift Valley Timer ComplicationsExtension */ = {
			isa = PBXNativeTarget;
			buildConfigurationList = D4F83CC22D63DB43009C4646 /* Build configuration list for PBXNativeTarget "Rift Valley Timer ComplicationsExtension" */;
			buildPhases = (
				D4A932322D64EC520028556E /* SwiftLint */,
				D4F83CAF2D63DB43009C4646 /* Sources */,
				D4F83CB02D63DB43009C4646 /* Frameworks */,
				D4F83CB12D63DB43009C4646 /* Resources */,
			);
			buildRules = (
			);
			dependencies = (
			);
			name = "Rift Valley Timer ComplicationsExtension";
			packageProductDependencies = (
				D4F357322D6F6278005A815A /* RVS_Persistent_Prefs */,
				D4E6ECB22D6FBF2500178A37 /* RVS_Generic_Swift_Toolbox */,
			);
			productName = "Rift Valley Timer ComplicationsExtension";
			productReference = D4F83CB32D63DB43009C4646 /* Rift Valley Timer ComplicationsExtension.appex */;
			productType = "com.apple.product-type.app-extension";
		};
/* End PBXNativeTarget section */

/* Begin PBXProject section */
		D47C02932819CA6500D359F5 /* Project object */ = {
			isa = PBXProject;
			attributes = {
				BuildIndependentTargetsInParallel = 1;
				LastSwiftUpdateCheck = 1620;
				LastUpgradeCheck = 1620;
				TargetAttributes = {
					D47C029A2819CA6500D359F5 = {
						CreatedOnToolsVersion = 13.3.1;
					};
					D4F83C9C2D63DB10009C4646 = {
						CreatedOnToolsVersion = 16.2;
					};
					D4F83CB22D63DB43009C4646 = {
						CreatedOnToolsVersion = 16.2;
					};
				};
			};
			buildConfigurationList = D47C02962819CA6500D359F5 /* Build configuration list for PBXProject "AmbiaMara" */;
			compatibilityVersion = "Xcode 13.0";
			developmentRegion = en;
			hasScannedForEncodings = 0;
			knownRegions = (
				en,
				Base,
				fr,
				de,
				"es-419",
			);
			mainGroup = D47C02922819CA6500D359F5;
			packageReferences = (
				D4C4B70F2819D36800E22ECA /* XCRemoteSwiftPackageReference "RVS_Generic_Swift_Toolbox" */,
				D4C4B7122819D39B00E22ECA /* XCRemoteSwiftPackageReference "RVS_PersistentPrefs" */,
				D4C4B7152819D3D300E22ECA /* XCRemoteSwiftPackageReference "RVS_RetroLEDDisplay" */,
				D4C4B7182819D40500E22ECA /* XCRemoteSwiftPackageReference "RVS_BasicGCDTimer" */,
				D4079932287731860058EAF4 /* XCRemoteSwiftPackageReference "RVS_UIKit_Toolbox" */,
			);
			productRefGroup = D47C029C2819CA6500D359F5 /* Products */;
			projectDirPath = "";
			projectRoot = "";
			targets = (
				D47C029A2819CA6500D359F5 /* Rift Valley Timer */,
				D4F83C9C2D63DB10009C4646 /* Rift Valley Timer WatchApp */,
				D4F83CB22D63DB43009C4646 /* Rift Valley Timer ComplicationsExtension */,
			);
		};
/* End PBXProject section */

/* Begin PBXResourcesBuildPhase section */
		D47C02992819CA6500D359F5 /* Resources */ = {
			isa = PBXResourcesBuildPhase;
			buildActionMask = 2147483647;
			files = (
				D47C02AB2819CA6800D359F5 /* RVS_AmbiaMara_LaunchScreen.storyboard in Resources */,
				D4C4B70C2819CEDB00E22ECA /* Localizable.strings in Resources */,
				D47C02A82819CA6800D359F5 /* Assets.xcassets in Resources */,
				D47C02A62819CA6500D359F5 /* RVS_AmbiaMara_Main.storyboard in Resources */,
				D474E5DE282B26E900102B9B /* Instructions.txt in Resources */,
				D404247F282BEAA3004FD65A /* Accessibility.strings in Resources */,
			);
			runOnlyForDeploymentPostprocessing = 0;
		};
		D4F83C9B2D63DB10009C4646 /* Resources */ = {
			isa = PBXResourcesBuildPhase;
			buildActionMask = 2147483647;
			files = (
				D46850BB2D7F840300065D8C /* Localizable.xcstrings in Resources */,
				D4A932252D64E9CB0028556E /* Assets.xcassets in Resources */,
				D4C1B6212D806D6E00CEA6BF /* Let's go Digital Regular.ttf in Resources */,
			);
			runOnlyForDeploymentPostprocessing = 0;
		};
		D4F83CB12D63DB43009C4646 /* Resources */ = {
			isa = PBXResourcesBuildPhase;
			buildActionMask = 2147483647;
			files = (
				D46850BC2D7F840300065D8C /* Localizable.xcstrings in Resources */,
				D4A9322A2D64E9CB0028556E /* Assets.xcassets in Resources */,
			);
			runOnlyForDeploymentPostprocessing = 0;
		};
/* End PBXResourcesBuildPhase section */

/* Begin PBXShellScriptBuildPhase section */
		D4A932302D64EC280028556E /* SwiftLint */ = {
			isa = PBXShellScriptBuildPhase;
			alwaysOutOfDate = 1;
			buildActionMask = 2147483647;
			files = (
			);
			inputFileListPaths = (
			);
			inputPaths = (
			);
			name = SwiftLint;
			outputFileListPaths = (
			);
			outputPaths = (
			);
			runOnlyForDeploymentPostprocessing = 0;
			shellPath = /bin/sh;
			shellScript = "if command -v swiftlint 2>&1 >/dev/null\nthen\n    cd ${PROJECT_DIR}\n    swiftlint\nfi\n";
		};
		D4A932312D64EC3D0028556E /* SwiftLint */ = {
			isa = PBXShellScriptBuildPhase;
			alwaysOutOfDate = 1;
			buildActionMask = 2147483647;
			files = (
			);
			inputFileListPaths = (
			);
			inputPaths = (
			);
			name = SwiftLint;
			outputFileListPaths = (
			);
			outputPaths = (
			);
			runOnlyForDeploymentPostprocessing = 0;
			shellPath = /bin/sh;
			shellScript = "if command -v swiftlint 2>&1 >/dev/null\nthen\n    cd ${PROJECT_DIR}\n    swiftlint\nfi\n";
		};
		D4A932322D64EC520028556E /* SwiftLint */ = {
			isa = PBXShellScriptBuildPhase;
			alwaysOutOfDate = 1;
			buildActionMask = 2147483647;
			files = (
			);
			inputFileListPaths = (
			);
			inputPaths = (
			);
			name = SwiftLint;
			outputFileListPaths = (
			);
			outputPaths = (
			);
			runOnlyForDeploymentPostprocessing = 0;
			shellPath = /bin/sh;
			shellScript = "if command -v swiftlint 2>&1 >/dev/null\nthen\n    cd ${PROJECT_DIR}\n    swiftlint\nfi\n";
		};
/* End PBXShellScriptBuildPhase section */

/* Begin PBXSourcesBuildPhase section */
		D47C02972819CA6500D359F5 /* Sources */ = {
			isa = PBXSourcesBuildPhase;
			buildActionMask = 2147483647;
			files = (
				D4CE51BB281DD48700DA6B85 /* RVS_SettingsAmbiaMara_PopoverViewController.swift in Sources */,
				D47C02A32819CA6500D359F5 /* RVS_SetTimerAmbiaMara_ViewController.swift in Sources */,
				D4010AF62D6514C300DBDC0B /* RVS_SetTimerPageViewController.swift in Sources */,
				D47C029F2819CA6500D359F5 /* RVS_AmbiaMara_AppSceneDelegate.swift in Sources */,
				D4F3572B2D6F61C0005A815A /* RVS_WatchDelegate.swift in Sources */,
				D4CE51B9281DCFA300DA6B85 /* RVS_SetAlarmAmbiaMara_PopoverViewController.swift in Sources */,
				D486C829281B1754005C0A69 /* RVS_AmbiaMara_Settings.swift in Sources */,
				D4CE51B8281DCFA300DA6B85 /* RVS_RunningTimerAmbiaMara_ViewController.swift in Sources */,
				D4291733282013B70054C9EA /* RVS_AboutAmbiaMara_ViewController.swift in Sources */,
				D4C4B71C2819D57100E22ECA /* RVS_AmbiaMara_BaseViewController.swift in Sources */,
			);
			runOnlyForDeploymentPostprocessing = 0;
		};
		D4F83C992D63DB10009C4646 /* Sources */ = {
			isa = PBXSourcesBuildPhase;
			buildActionMask = 2147483647;
			files = (
				D4F3572E2D6F6253005A815A /* RVS_AmbiaMara_Settings.swift in Sources */,
				D4F3572A2D6F61C0005A815A /* RVS_WatchDelegate.swift in Sources */,
				D4A932222D64E9CB0028556E /* Rift_Valley_Timer_Watch_App_MainContentView.swift in Sources */,
				D4BC25122D809D1B0071C75C /* Rift_Valley_Timer_Watch_App_TimerContentView.swift in Sources */,
				D4A932232D64E9CB0028556E /* Rift_Valley_Timer_Watch_App.swift in Sources */,
			);
			runOnlyForDeploymentPostprocessing = 0;
		};
		D4F83CAF2D63DB43009C4646 /* Sources */ = {
			isa = PBXSourcesBuildPhase;
			buildActionMask = 2147483647;
			files = (
				D4F3572F2D6F6253005A815A /* RVS_AmbiaMara_Settings.swift in Sources */,
				D4A9322C2D64E9CB0028556E /* Rift_Valley_Timer_Complications.swift in Sources */,
			);
			runOnlyForDeploymentPostprocessing = 0;
		};
/* End PBXSourcesBuildPhase section */

/* Begin PBXTargetDependency section */
		D4C6DD4A2D7649EB00AA0FAD /* PBXTargetDependency */ = {
			isa = PBXTargetDependency;
			platformFilter = ios;
			target = D4F83C9C2D63DB10009C4646 /* Rift Valley Timer WatchApp */;
			targetProxy = D4C6DD492D7649EB00AA0FAD /* PBXContainerItemProxy */;
		};
		D4F83CBF2D63DB43009C4646 /* PBXTargetDependency */ = {
			isa = PBXTargetDependency;
			target = D4F83CB22D63DB43009C4646 /* Rift Valley Timer ComplicationsExtension */;
			targetProxy = D4F83CBE2D63DB43009C4646 /* PBXContainerItemProxy */;
		};
/* End PBXTargetDependency section */

/* Begin PBXVariantGroup section */
		D404247D282BEAA3004FD65A /* Accessibility.strings */ = {
			isa = PBXVariantGroup;
			children = (
				D404247E282BEAA3004FD65A /* Base */,
				D4D02B58283430D50024DF06 /* fr */,
				D4D02B5B283430E80024DF06 /* de */,
				D4D02B5E283430F90024DF06 /* es-419 */,
			);
			name = Accessibility.strings;
			sourceTree = "<group>";
		};
		D474E5DC282B26E900102B9B /* Instructions.txt */ = {
			isa = PBXVariantGroup;
			children = (
				D474E5DD282B26E900102B9B /* Base */,
				D4D02B56283430D50024DF06 /* fr */,
				D4D02B59283430E80024DF06 /* de */,
				D4D02B5C283430F90024DF06 /* es-419 */,
			);
			name = Instructions.txt;
			sourceTree = "<group>";
		};
		D47C02A42819CA6500D359F5 /* RVS_AmbiaMara_Main.storyboard */ = {
			isa = PBXVariantGroup;
			children = (
				D47C02A52819CA6500D359F5 /* Base */,
			);
			name = RVS_AmbiaMara_Main.storyboard;
			sourceTree = "<group>";
		};
		D47C02A92819CA6800D359F5 /* RVS_AmbiaMara_LaunchScreen.storyboard */ = {
			isa = PBXVariantGroup;
			children = (
				D47C02AA2819CA6800D359F5 /* Base */,
			);
			name = RVS_AmbiaMara_LaunchScreen.storyboard;
			sourceTree = "<group>";
		};
		D4B01F68281F58D200B07C56 /* 15-shut-up-2.mp3 */ = {
			isa = PBXVariantGroup;
			children = (
				D4B01F69281F58D200B07C56 /* en */,
			);
			name = "15-shut-up-2.mp3";
			sourceTree = "<group>";
		};
		D4B01F6A281F58D200B07C56 /* 22-thanks-for-sharing.mp3 */ = {
			isa = PBXVariantGroup;
			children = (
				D4B01F6B281F58D200B07C56 /* en */,
			);
			name = "22-thanks-for-sharing.mp3";
			sourceTree = "<group>";
		};
		D4B01F6C281F58D200B07C56 /* 14-shut-up-1.mp3 */ = {
			isa = PBXVariantGroup;
			children = (
				D4B01F6D281F58D200B07C56 /* en */,
			);
			name = "14-shut-up-1.mp3";
			sourceTree = "<group>";
		};
		D4C4B70A2819CEDB00E22ECA /* Localizable.strings */ = {
			isa = PBXVariantGroup;
			children = (
				D4C4B70B2819CEDB00E22ECA /* Base */,
				D4D02B57283430D50024DF06 /* fr */,
				D4D02B5A283430E80024DF06 /* de */,
				D4D02B5D283430F90024DF06 /* es-419 */,
			);
			name = Localizable.strings;
			sourceTree = "<group>";
		};
/* End PBXVariantGroup section */

/* Begin XCBuildConfiguration section */
		D47C02AD2819CA6800D359F5 /* Debug */ = {
			isa = XCBuildConfiguration;
			baseConfigurationReference = D488F2EE281D6D960045E999 /* Warnings.xcconfig */;
			buildSettings = {
				ALWAYS_SEARCH_USER_PATHS = NO;
				ASSETCATALOG_COMPILER_GENERATE_SWIFT_ASSET_SYMBOL_EXTENSIONS = YES;
				CLANG_ANALYZER_LOCALIZABILITY_NONLOCALIZED = YES;
				CLANG_ANALYZER_NONNULL = YES;
				CLANG_ANALYZER_NUMBER_OBJECT_CONVERSION = YES_AGGRESSIVE;
				CLANG_CXX_LANGUAGE_STANDARD = "gnu++17";
				CLANG_ENABLE_MODULES = YES;
				CLANG_ENABLE_OBJC_ARC = YES;
				CLANG_ENABLE_OBJC_WEAK = YES;
				CLANG_WARN_BLOCK_CAPTURE_AUTORELEASING = YES;
				CLANG_WARN_BOOL_CONVERSION = YES;
				CLANG_WARN_COMMA = YES;
				CLANG_WARN_CONSTANT_CONVERSION = YES;
				CLANG_WARN_DEPRECATED_OBJC_IMPLEMENTATIONS = YES;
				CLANG_WARN_DIRECT_OBJC_ISA_USAGE = YES_ERROR;
				CLANG_WARN_DOCUMENTATION_COMMENTS = YES;
				CLANG_WARN_EMPTY_BODY = YES;
				CLANG_WARN_ENUM_CONVERSION = YES;
				CLANG_WARN_INFINITE_RECURSION = YES;
				CLANG_WARN_INT_CONVERSION = YES;
				CLANG_WARN_NON_LITERAL_NULL_CONVERSION = YES;
				CLANG_WARN_OBJC_IMPLICIT_RETAIN_SELF = YES;
				CLANG_WARN_OBJC_LITERAL_CONVERSION = YES;
				CLANG_WARN_OBJC_ROOT_CLASS = YES_ERROR;
				CLANG_WARN_QUOTED_INCLUDE_IN_FRAMEWORK_HEADER = YES;
				CLANG_WARN_RANGE_LOOP_ANALYSIS = YES;
				CLANG_WARN_STRICT_PROTOTYPES = YES;
				CLANG_WARN_SUSPICIOUS_MOVE = YES;
				CLANG_WARN_UNGUARDED_AVAILABILITY = YES_AGGRESSIVE;
				CLANG_WARN_UNREACHABLE_CODE = YES;
				CLANG_WARN__DUPLICATE_METHOD_MATCH = YES;
				COPY_PHASE_STRIP = NO;
				DEBUG_INFORMATION_FORMAT = dwarf;
				ENABLE_STRICT_OBJC_MSGSEND = YES;
				ENABLE_TESTABILITY = YES;
				ENABLE_USER_SCRIPT_SANDBOXING = YES;
				GCC_C_LANGUAGE_STANDARD = gnu11;
				GCC_DYNAMIC_NO_PIC = NO;
				GCC_NO_COMMON_BLOCKS = YES;
				GCC_OPTIMIZATION_LEVEL = 0;
				GCC_PREPROCESSOR_DEFINITIONS = (
					"DEBUG=1",
					"$(inherited)",
				);
				GCC_WARN_64_TO_32_BIT_CONVERSION = YES;
				GCC_WARN_ABOUT_RETURN_TYPE = YES_ERROR;
				GCC_WARN_UNDECLARED_SELECTOR = YES;
				GCC_WARN_UNINITIALIZED_AUTOS = YES_AGGRESSIVE;
				GCC_WARN_UNUSED_FUNCTION = YES;
				GCC_WARN_UNUSED_VARIABLE = YES;
				IPHONEOS_DEPLOYMENT_TARGET = 14.0;
				MTL_ENABLE_DEBUG_INFO = INCLUDE_SOURCE;
				MTL_FAST_MATH = YES;
				ONLY_ACTIVE_ARCH = YES;
				SDKROOT = iphoneos;
				SWIFT_ACTIVE_COMPILATION_CONDITIONS = DEBUG;
				SWIFT_EMIT_LOC_STRINGS = YES;
				SWIFT_OPTIMIZATION_LEVEL = "-Onone";
			};
			name = Debug;
		};
		D47C02AE2819CA6800D359F5 /* Release */ = {
			isa = XCBuildConfiguration;
			baseConfigurationReference = D488F2EE281D6D960045E999 /* Warnings.xcconfig */;
			buildSettings = {
				ALWAYS_SEARCH_USER_PATHS = NO;
				ASSETCATALOG_COMPILER_GENERATE_SWIFT_ASSET_SYMBOL_EXTENSIONS = YES;
				CLANG_ANALYZER_LOCALIZABILITY_NONLOCALIZED = YES;
				CLANG_ANALYZER_NONNULL = YES;
				CLANG_ANALYZER_NUMBER_OBJECT_CONVERSION = YES_AGGRESSIVE;
				CLANG_CXX_LANGUAGE_STANDARD = "gnu++17";
				CLANG_ENABLE_MODULES = YES;
				CLANG_ENABLE_OBJC_ARC = YES;
				CLANG_ENABLE_OBJC_WEAK = YES;
				CLANG_WARN_BLOCK_CAPTURE_AUTORELEASING = YES;
				CLANG_WARN_BOOL_CONVERSION = YES;
				CLANG_WARN_COMMA = YES;
				CLANG_WARN_CONSTANT_CONVERSION = YES;
				CLANG_WARN_DEPRECATED_OBJC_IMPLEMENTATIONS = YES;
				CLANG_WARN_DIRECT_OBJC_ISA_USAGE = YES_ERROR;
				CLANG_WARN_DOCUMENTATION_COMMENTS = YES;
				CLANG_WARN_EMPTY_BODY = YES;
				CLANG_WARN_ENUM_CONVERSION = YES;
				CLANG_WARN_INFINITE_RECURSION = YES;
				CLANG_WARN_INT_CONVERSION = YES;
				CLANG_WARN_NON_LITERAL_NULL_CONVERSION = YES;
				CLANG_WARN_OBJC_IMPLICIT_RETAIN_SELF = YES;
				CLANG_WARN_OBJC_LITERAL_CONVERSION = YES;
				CLANG_WARN_OBJC_ROOT_CLASS = YES_ERROR;
				CLANG_WARN_QUOTED_INCLUDE_IN_FRAMEWORK_HEADER = YES;
				CLANG_WARN_RANGE_LOOP_ANALYSIS = YES;
				CLANG_WARN_STRICT_PROTOTYPES = YES;
				CLANG_WARN_SUSPICIOUS_MOVE = YES;
				CLANG_WARN_UNGUARDED_AVAILABILITY = YES_AGGRESSIVE;
				CLANG_WARN_UNREACHABLE_CODE = YES;
				CLANG_WARN__DUPLICATE_METHOD_MATCH = YES;
				COPY_PHASE_STRIP = NO;
				DEBUG_INFORMATION_FORMAT = "dwarf-with-dsym";
				ENABLE_NS_ASSERTIONS = NO;
				ENABLE_STRICT_OBJC_MSGSEND = YES;
				ENABLE_USER_SCRIPT_SANDBOXING = YES;
				GCC_C_LANGUAGE_STANDARD = gnu11;
				GCC_NO_COMMON_BLOCKS = YES;
				GCC_WARN_64_TO_32_BIT_CONVERSION = YES;
				GCC_WARN_ABOUT_RETURN_TYPE = YES_ERROR;
				GCC_WARN_UNDECLARED_SELECTOR = YES;
				GCC_WARN_UNINITIALIZED_AUTOS = YES_AGGRESSIVE;
				GCC_WARN_UNUSED_FUNCTION = YES;
				GCC_WARN_UNUSED_VARIABLE = YES;
				IPHONEOS_DEPLOYMENT_TARGET = 14.0;
				MTL_ENABLE_DEBUG_INFO = NO;
				MTL_FAST_MATH = YES;
				SDKROOT = iphoneos;
				SWIFT_COMPILATION_MODE = wholemodule;
				SWIFT_EMIT_LOC_STRINGS = YES;
				SWIFT_OPTIMIZATION_LEVEL = "-O";
				VALIDATE_PRODUCT = YES;
			};
			name = Release;
		};
		D47C02B02819CA6800D359F5 /* Debug */ = {
			isa = XCBuildConfiguration;
			buildSettings = {
				ASSETCATALOG_COMPILER_APPICON_NAME = AppIcon;
				ASSETCATALOG_COMPILER_GLOBAL_ACCENT_COLOR_NAME = AccentColor;
				CODE_SIGN_ENTITLEMENTS = ProjectMeta/AmbiaMara.entitlements;
				CODE_SIGN_STYLE = Automatic;
				CURRENT_PROJECT_VERSION = 3040;
				DEVELOPMENT_TEAM = KSAUGZFWP2;
				ENABLE_USER_SCRIPT_SANDBOXING = NO;
				GENERATE_INFOPLIST_FILE = YES;
				INFOPLIST_FILE = Sources/Meta/Info.plist;
				INFOPLIST_KEY_CFBundleDisplayName = "Rift Valley Timer";
				INFOPLIST_KEY_LSApplicationCategoryType = "public.app-category.utilities";
				INFOPLIST_KEY_UIApplicationSupportsIndirectInputEvents = YES;
				INFOPLIST_KEY_UILaunchStoryboardName = RVS_AmbiaMara_LaunchScreen;
				INFOPLIST_KEY_UIMainStoryboardFile = RVS_AmbiaMara_Main;
				INFOPLIST_KEY_UIStatusBarHidden = NO;
				INFOPLIST_KEY_UISupportedInterfaceOrientations = "UIInterfaceOrientationPortrait UIInterfaceOrientationLandscapeLeft UIInterfaceOrientationLandscapeRight";
				INFOPLIST_KEY_UISupportedInterfaceOrientations_iPad = "UIInterfaceOrientationPortrait UIInterfaceOrientationPortraitUpsideDown UIInterfaceOrientationLandscapeLeft UIInterfaceOrientationLandscapeRight";
				INFOPLIST_KEY_UISupportedInterfaceOrientations_iPhone = "UIInterfaceOrientationPortrait UIInterfaceOrientationLandscapeLeft UIInterfaceOrientationLandscapeRight";
				IPHONEOS_DEPLOYMENT_TARGET = 16.0;
				LD_RUNPATH_SEARCH_PATHS = (
					"$(inherited)",
					"@executable_path/Frameworks",
				);
				MARKETING_VERSION = 3.0.0;
				PRODUCT_BUNDLE_IDENTIFIER = com.riftvalleysoftware.ambiamara;
				PRODUCT_NAME = "$(TARGET_NAME)";
				SUPPORTED_PLATFORMS = "iphoneos iphonesimulator";
				SUPPORTS_MACCATALYST = YES;
				SUPPORTS_MAC_DESIGNED_FOR_IPHONE_IPAD = NO;
				SWIFT_EMIT_LOC_STRINGS = YES;
				SWIFT_VERSION = 5.0;
				TARGETED_DEVICE_FAMILY = "1,2";
			};
			name = Debug;
		};
		D47C02B12819CA6800D359F5 /* Release */ = {
			isa = XCBuildConfiguration;
			buildSettings = {
				ASSETCATALOG_COMPILER_APPICON_NAME = AppIcon;
				ASSETCATALOG_COMPILER_GLOBAL_ACCENT_COLOR_NAME = AccentColor;
				CODE_SIGN_ENTITLEMENTS = ProjectMeta/AmbiaMara.entitlements;
				CODE_SIGN_STYLE = Automatic;
				CURRENT_PROJECT_VERSION = 3040;
				DEVELOPMENT_TEAM = KSAUGZFWP2;
				ENABLE_USER_SCRIPT_SANDBOXING = NO;
				GENERATE_INFOPLIST_FILE = YES;
				INFOPLIST_FILE = Sources/Meta/Info.plist;
				INFOPLIST_KEY_CFBundleDisplayName = "Rift Valley Timer";
				INFOPLIST_KEY_LSApplicationCategoryType = "public.app-category.utilities";
				INFOPLIST_KEY_UIApplicationSupportsIndirectInputEvents = YES;
				INFOPLIST_KEY_UILaunchStoryboardName = RVS_AmbiaMara_LaunchScreen;
				INFOPLIST_KEY_UIMainStoryboardFile = RVS_AmbiaMara_Main;
				INFOPLIST_KEY_UIStatusBarHidden = NO;
				INFOPLIST_KEY_UISupportedInterfaceOrientations = "UIInterfaceOrientationPortrait UIInterfaceOrientationLandscapeLeft UIInterfaceOrientationLandscapeRight";
				INFOPLIST_KEY_UISupportedInterfaceOrientations_iPad = "UIInterfaceOrientationPortrait UIInterfaceOrientationPortraitUpsideDown UIInterfaceOrientationLandscapeLeft UIInterfaceOrientationLandscapeRight";
				INFOPLIST_KEY_UISupportedInterfaceOrientations_iPhone = "UIInterfaceOrientationPortrait UIInterfaceOrientationLandscapeLeft UIInterfaceOrientationLandscapeRight";
				IPHONEOS_DEPLOYMENT_TARGET = 16.0;
				LD_RUNPATH_SEARCH_PATHS = (
					"$(inherited)",
					"@executable_path/Frameworks",
				);
				MARKETING_VERSION = 3.0.0;
				PRODUCT_BUNDLE_IDENTIFIER = com.riftvalleysoftware.ambiamara;
				PRODUCT_NAME = "$(TARGET_NAME)";
				SUPPORTED_PLATFORMS = "iphoneos iphonesimulator";
				SUPPORTS_MACCATALYST = YES;
				SUPPORTS_MAC_DESIGNED_FOR_IPHONE_IPAD = NO;
				SWIFT_EMIT_LOC_STRINGS = YES;
				SWIFT_VERSION = 5.0;
				TARGETED_DEVICE_FAMILY = "1,2";
			};
			name = Release;
		};
		D4F83CAC2D63DB10009C4646 /* Debug */ = {
			isa = XCBuildConfiguration;
			buildSettings = {
				ASSETCATALOG_COMPILER_APPICON_NAME = AppIcon;
				ASSETCATALOG_COMPILER_GENERATE_SWIFT_ASSET_SYMBOL_EXTENSIONS = YES;
				ASSETCATALOG_COMPILER_GLOBAL_ACCENT_COLOR_NAME = AccentColor;
				CLANG_CXX_LANGUAGE_STANDARD = "gnu++20";
				CODE_SIGN_ENTITLEMENTS = Sources/WatchApp/WatchApp.entitlements;
				CODE_SIGN_STYLE = Automatic;
				CURRENT_PROJECT_VERSION = 3040;
				DEVELOPMENT_ASSET_PATHS = "";
				DEVELOPMENT_TEAM = KSAUGZFWP2;
				ENABLE_PREVIEWS = YES;
				ENABLE_USER_SCRIPT_SANDBOXING = NO;
				GCC_C_LANGUAGE_STANDARD = gnu17;
				GENERATE_INFOPLIST_FILE = YES;
				INFOPLIST_FILE = Sources/WatchApp/Info.plist;
				INFOPLIST_KEY_CFBundleDisplayName = "Rift Valley Timer";
				INFOPLIST_KEY_UISupportedInterfaceOrientations = "UIInterfaceOrientationPortrait UIInterfaceOrientationPortraitUpsideDown";
				INFOPLIST_KEY_WKCompanionAppBundleIdentifier = com.riftvalleysoftware.ambiamara;
				INFOPLIST_KEY_WKRunsIndependentlyOfCompanionApp = YES;
				LD_RUNPATH_SEARCH_PATHS = (
					"$(inherited)",
					"@executable_path/Frameworks",
				);
				LOCALIZATION_PREFERS_STRING_CATALOGS = YES;
				MARKETING_VERSION = 3.0.0;
				PRODUCT_BUNDLE_IDENTIFIER = com.riftvalleysoftware.ambiamara.watchkitapp;
				PRODUCT_NAME = "$(TARGET_NAME)";
				SDKROOT = watchos;
				SKIP_INSTALL = YES;
				SWIFT_ACTIVE_COMPILATION_CONDITIONS = "DEBUG $(inherited)";
				SWIFT_EMIT_LOC_STRINGS = YES;
				SWIFT_VERSION = 5.0;
				TARGETED_DEVICE_FAMILY = 4;
				WATCHOS_DEPLOYMENT_TARGET = 10.0;
			};
			name = Debug;
		};
		D4F83CAD2D63DB10009C4646 /* Release */ = {
			isa = XCBuildConfiguration;
			buildSettings = {
				ASSETCATALOG_COMPILER_APPICON_NAME = AppIcon;
				ASSETCATALOG_COMPILER_GENERATE_SWIFT_ASSET_SYMBOL_EXTENSIONS = YES;
				ASSETCATALOG_COMPILER_GLOBAL_ACCENT_COLOR_NAME = AccentColor;
				CLANG_CXX_LANGUAGE_STANDARD = "gnu++20";
				CODE_SIGN_ENTITLEMENTS = Sources/WatchApp/WatchApp.entitlements;
				CODE_SIGN_STYLE = Automatic;
				CURRENT_PROJECT_VERSION = 3040;
				DEVELOPMENT_ASSET_PATHS = "";
				DEVELOPMENT_TEAM = KSAUGZFWP2;
				ENABLE_PREVIEWS = YES;
				ENABLE_USER_SCRIPT_SANDBOXING = NO;
				GCC_C_LANGUAGE_STANDARD = gnu17;
				GENERATE_INFOPLIST_FILE = YES;
				INFOPLIST_FILE = Sources/WatchApp/Info.plist;
				INFOPLIST_KEY_CFBundleDisplayName = "Rift Valley Timer";
				INFOPLIST_KEY_UISupportedInterfaceOrientations = "UIInterfaceOrientationPortrait UIInterfaceOrientationPortraitUpsideDown";
				INFOPLIST_KEY_WKCompanionAppBundleIdentifier = com.riftvalleysoftware.ambiamara;
				INFOPLIST_KEY_WKRunsIndependentlyOfCompanionApp = YES;
				LD_RUNPATH_SEARCH_PATHS = (
					"$(inherited)",
					"@executable_path/Frameworks",
				);
				LOCALIZATION_PREFERS_STRING_CATALOGS = YES;
				MARKETING_VERSION = 3.0.0;
				PRODUCT_BUNDLE_IDENTIFIER = com.riftvalleysoftware.ambiamara.watchkitapp;
				PRODUCT_NAME = "$(TARGET_NAME)";
				SDKROOT = watchos;
				SKIP_INSTALL = YES;
				SWIFT_EMIT_LOC_STRINGS = YES;
				SWIFT_VERSION = 5.0;
				TARGETED_DEVICE_FAMILY = 4;
				WATCHOS_DEPLOYMENT_TARGET = 10.0;
			};
			name = Release;
		};
		D4F83CC32D63DB43009C4646 /* Debug */ = {
			isa = XCBuildConfiguration;
			buildSettings = {
				ASSETCATALOG_COMPILER_GENERATE_SWIFT_ASSET_SYMBOL_EXTENSIONS = YES;
				ASSETCATALOG_COMPILER_GLOBAL_ACCENT_COLOR_NAME = AccentColor;
				ASSETCATALOG_COMPILER_WIDGET_BACKGROUND_COLOR_NAME = WidgetBackground;
				CLANG_CXX_LANGUAGE_STANDARD = "gnu++20";
				CODE_SIGN_ENTITLEMENTS = Sources/WatchComplications/WatchComplications.entitlements;
				CODE_SIGN_STYLE = Automatic;
				CURRENT_PROJECT_VERSION = 3040;
				DEVELOPMENT_TEAM = KSAUGZFWP2;
				ENABLE_USER_SCRIPT_SANDBOXING = NO;
				GCC_C_LANGUAGE_STANDARD = gnu17;
				GENERATE_INFOPLIST_FILE = YES;
				INFOPLIST_FILE = Sources/WatchComplications/Info.plist;
				INFOPLIST_KEY_CFBundleDisplayName = "Rift Valley Timer Complications";
				INFOPLIST_KEY_NSHumanReadableCopyright = "";
				LD_RUNPATH_SEARCH_PATHS = (
					"$(inherited)",
					"@executable_path/Frameworks",
					"@executable_path/../../Frameworks",
					"@executable_path/../../../../Frameworks",
				);
				LOCALIZATION_PREFERS_STRING_CATALOGS = YES;
				MARKETING_VERSION = 3.0.0;
				PRODUCT_BUNDLE_IDENTIFIER = "com.riftvalleysoftware.ambiamara.watchkitapp.Rift-Valley-Timer-Complications";
				PRODUCT_NAME = "$(TARGET_NAME)";
				SDKROOT = watchos;
				SKIP_INSTALL = YES;
				SWIFT_ACTIVE_COMPILATION_CONDITIONS = "DEBUG $(inherited)";
				SWIFT_EMIT_LOC_STRINGS = YES;
				SWIFT_VERSION = 5.0;
				TARGETED_DEVICE_FAMILY = 4;
				WATCHOS_DEPLOYMENT_TARGET = 10.0;
			};
			name = Debug;
		};
		D4F83CC42D63DB43009C4646 /* Release */ = {
			isa = XCBuildConfiguration;
			buildSettings = {
				ASSETCATALOG_COMPILER_GENERATE_SWIFT_ASSET_SYMBOL_EXTENSIONS = YES;
				ASSETCATALOG_COMPILER_GLOBAL_ACCENT_COLOR_NAME = AccentColor;
				ASSETCATALOG_COMPILER_WIDGET_BACKGROUND_COLOR_NAME = WidgetBackground;
				CLANG_CXX_LANGUAGE_STANDARD = "gnu++20";
				CODE_SIGN_ENTITLEMENTS = Sources/WatchComplications/WatchComplications.entitlements;
				CODE_SIGN_STYLE = Automatic;
				CURRENT_PROJECT_VERSION = 3040;
				DEVELOPMENT_TEAM = KSAUGZFWP2;
				ENABLE_USER_SCRIPT_SANDBOXING = NO;
				GCC_C_LANGUAGE_STANDARD = gnu17;
				GENERATE_INFOPLIST_FILE = YES;
				INFOPLIST_FILE = Sources/WatchComplications/Info.plist;
				INFOPLIST_KEY_CFBundleDisplayName = "Rift Valley Timer Complications";
				INFOPLIST_KEY_NSHumanReadableCopyright = "";
				LD_RUNPATH_SEARCH_PATHS = (
					"$(inherited)",
					"@executable_path/Frameworks",
					"@executable_path/../../Frameworks",
					"@executable_path/../../../../Frameworks",
				);
				LOCALIZATION_PREFERS_STRING_CATALOGS = YES;
				MARKETING_VERSION = 3.0.0;
				PRODUCT_BUNDLE_IDENTIFIER = "com.riftvalleysoftware.ambiamara.watchkitapp.Rift-Valley-Timer-Complications";
				PRODUCT_NAME = "$(TARGET_NAME)";
				SDKROOT = watchos;
				SKIP_INSTALL = YES;
				SWIFT_EMIT_LOC_STRINGS = YES;
				SWIFT_VERSION = 5.0;
				TARGETED_DEVICE_FAMILY = 4;
				WATCHOS_DEPLOYMENT_TARGET = 10.0;
			};
			name = Release;
		};
/* End XCBuildConfiguration section */

/* Begin XCConfigurationList section */
		D47C02962819CA6500D359F5 /* Build configuration list for PBXProject "AmbiaMara" */ = {
			isa = XCConfigurationList;
			buildConfigurations = (
				D47C02AD2819CA6800D359F5 /* Debug */,
				D47C02AE2819CA6800D359F5 /* Release */,
			);
			defaultConfigurationIsVisible = 0;
			defaultConfigurationName = Release;
		};
		D47C02AF2819CA6800D359F5 /* Build configuration list for PBXNativeTarget "Rift Valley Timer" */ = {
			isa = XCConfigurationList;
			buildConfigurations = (
				D47C02B02819CA6800D359F5 /* Debug */,
				D47C02B12819CA6800D359F5 /* Release */,
			);
			defaultConfigurationIsVisible = 0;
			defaultConfigurationName = Release;
		};
		D4F83CAB2D63DB10009C4646 /* Build configuration list for PBXNativeTarget "Rift Valley Timer WatchApp" */ = {
			isa = XCConfigurationList;
			buildConfigurations = (
				D4F83CAC2D63DB10009C4646 /* Debug */,
				D4F83CAD2D63DB10009C4646 /* Release */,
			);
			defaultConfigurationIsVisible = 0;
			defaultConfigurationName = Release;
		};
		D4F83CC22D63DB43009C4646 /* Build configuration list for PBXNativeTarget "Rift Valley Timer ComplicationsExtension" */ = {
			isa = XCConfigurationList;
			buildConfigurations = (
				D4F83CC32D63DB43009C4646 /* Debug */,
				D4F83CC42D63DB43009C4646 /* Release */,
			);
			defaultConfigurationIsVisible = 0;
			defaultConfigurationName = Release;
		};
/* End XCConfigurationList section */

/* Begin XCRemoteSwiftPackageReference section */
		D4079932287731860058EAF4 /* XCRemoteSwiftPackageReference "RVS_UIKit_Toolbox" */ = {
			isa = XCRemoteSwiftPackageReference;
			repositoryURL = "git@github.com:RiftValleySoftware/RVS_UIKit_Toolbox.git";
			requirement = {
				kind = upToNextMajorVersion;
				minimumVersion = 1.7.1;
			};
		};
		D4C4B70F2819D36800E22ECA /* XCRemoteSwiftPackageReference "RVS_Generic_Swift_Toolbox" */ = {
			isa = XCRemoteSwiftPackageReference;
			repositoryURL = "https://github.com/RiftValleySoftware/RVS_Generic_Swift_Toolbox";
			requirement = {
				kind = upToNextMajorVersion;
				minimumVersion = 1.15.6;
			};
		};
		D4C4B7122819D39B00E22ECA /* XCRemoteSwiftPackageReference "RVS_PersistentPrefs" */ = {
			isa = XCRemoteSwiftPackageReference;
			repositoryURL = "https://github.com/RiftValleySoftware/RVS_PersistentPrefs";
			requirement = {
				kind = upToNextMajorVersion;
				minimumVersion = 1.4.4;
			};
		};
		D4C4B7152819D3D300E22ECA /* XCRemoteSwiftPackageReference "RVS_RetroLEDDisplay" */ = {
			isa = XCRemoteSwiftPackageReference;
			repositoryURL = "git@github.com:RiftValleySoftware/RVS_RetroLEDDisplay.git";
			requirement = {
				kind = upToNextMajorVersion;
				minimumVersion = 1.4.5;
			};
		};
		D4C4B7182819D40500E22ECA /* XCRemoteSwiftPackageReference "RVS_BasicGCDTimer" */ = {
			isa = XCRemoteSwiftPackageReference;
			repositoryURL = "https://github.com/RiftValleySoftware/RVS_BasicGCDTimer.git";
			requirement = {
				kind = upToNextMajorVersion;
				minimumVersion = 1.7.1;
			};
		};
/* End XCRemoteSwiftPackageReference section */

/* Begin XCSwiftPackageProductDependency section */
		D4079933287731860058EAF4 /* RVS_UIKit_Toolbox */ = {
			isa = XCSwiftPackageProductDependency;
			package = D4079932287731860058EAF4 /* XCRemoteSwiftPackageReference "RVS_UIKit_Toolbox" */;
			productName = RVS_UIKit_Toolbox;
		};
		D40A69382846A05D0010A58E /* RVS_Persistent_Prefs */ = {
			isa = XCSwiftPackageProductDependency;
			package = D4C4B7122819D39B00E22ECA /* XCRemoteSwiftPackageReference "RVS_PersistentPrefs" */;
			productName = RVS_Persistent_Prefs;
		};
		D491F1352846A42A00759031 /* RVS_BasicGCDTimer */ = {
			isa = XCSwiftPackageProductDependency;
			package = D4C4B7182819D40500E22ECA /* XCRemoteSwiftPackageReference "RVS_BasicGCDTimer" */;
			productName = RVS_BasicGCDTimer;
		};
		D4CD2E7E284697E100400AB0 /* RVS_Generic_Swift_Toolbox */ = {
			isa = XCSwiftPackageProductDependency;
			package = D4C4B70F2819D36800E22ECA /* XCRemoteSwiftPackageReference "RVS_Generic_Swift_Toolbox" */;
			productName = RVS_Generic_Swift_Toolbox;
		};
		D4E6ECB02D6FBF1E00178A37 /* RVS_Generic_Swift_Toolbox */ = {
			isa = XCSwiftPackageProductDependency;
			package = D4C4B70F2819D36800E22ECA /* XCRemoteSwiftPackageReference "RVS_Generic_Swift_Toolbox" */;
			productName = RVS_Generic_Swift_Toolbox;
		};
		D4E6ECB22D6FBF2500178A37 /* RVS_Generic_Swift_Toolbox */ = {
			isa = XCSwiftPackageProductDependency;
			package = D4C4B70F2819D36800E22ECA /* XCRemoteSwiftPackageReference "RVS_Generic_Swift_Toolbox" */;
			productName = RVS_Generic_Swift_Toolbox;
		};
		D4F357302D6F6271005A815A /* RVS_Persistent_Prefs */ = {
			isa = XCSwiftPackageProductDependency;
			package = D4C4B7122819D39B00E22ECA /* XCRemoteSwiftPackageReference "RVS_PersistentPrefs" */;
			productName = RVS_Persistent_Prefs;
		};
		D4F357322D6F6278005A815A /* RVS_Persistent_Prefs */ = {
			isa = XCSwiftPackageProductDependency;
			package = D4C4B7122819D39B00E22ECA /* XCRemoteSwiftPackageReference "RVS_PersistentPrefs" */;
			productName = RVS_Persistent_Prefs;
		};
		D4FEE5BB2846B30700EBED74 /* RVS_RetroLEDDisplay */ = {
			isa = XCSwiftPackageProductDependency;
			package = D4C4B7152819D3D300E22ECA /* XCRemoteSwiftPackageReference "RVS_RetroLEDDisplay" */;
			productName = RVS_RetroLEDDisplay;
		};
/* End XCSwiftPackageProductDependency section */
	};
	rootObject = D47C02932819CA6500D359F5 /* Project object */;
}
