// !$*UTF8*$!
{
	archiveVersion = 1;
	classes = {
	};
	objectVersion = 54;
	objects = {

/* Begin PBXBuildFile section */
		D4291733282013B70054C9EA /* RVS_AboutAmbiaMara_ViewController.swift in Sources */ = {isa = PBXBuildFile; fileRef = D4291732282013B70054C9EA /* RVS_AboutAmbiaMara_ViewController.swift */; };
		D44E770D281ACAEE00B491EF /* RVS-MaskButton in Frameworks */ = {isa = PBXBuildFile; productRef = D44E770C281ACAEE00B491EF /* RVS-MaskButton */; };
		D47C029F2819CA6500D359F5 /* RVS_AmbiaMara_AppSceneDelegate.swift in Sources */ = {isa = PBXBuildFile; fileRef = D47C029E2819CA6500D359F5 /* RVS_AmbiaMara_AppSceneDelegate.swift */; };
		D47C02A32819CA6500D359F5 /* RVS_SetTimerAmbiaMara_ViewController.swift in Sources */ = {isa = PBXBuildFile; fileRef = D47C02A22819CA6500D359F5 /* RVS_SetTimerAmbiaMara_ViewController.swift */; };
		D47C02A62819CA6500D359F5 /* RVS_AmbiaMara_Main.storyboard in Resources */ = {isa = PBXBuildFile; fileRef = D47C02A42819CA6500D359F5 /* RVS_AmbiaMara_Main.storyboard */; };
		D47C02A82819CA6800D359F5 /* Assets.xcassets in Resources */ = {isa = PBXBuildFile; fileRef = D47C02A72819CA6800D359F5 /* Assets.xcassets */; };
		D47C02AB2819CA6800D359F5 /* RVS_AmbiaMara_LaunchScreen.storyboard in Resources */ = {isa = PBXBuildFile; fileRef = D47C02A92819CA6800D359F5 /* RVS_AmbiaMara_LaunchScreen.storyboard */; };
		D486C829281B1754005C0A69 /* RVS_AmbiaMara_Settings.swift in Sources */ = {isa = PBXBuildFile; fileRef = D486C828281B1754005C0A69 /* RVS_AmbiaMara_Settings.swift */; };
		D4B01F81281F58D200B07C56 /* 11-bells.mp3 in Copy Sounds */ = {isa = PBXBuildFile; fileRef = D4B01F66281F58D200B07C56 /* 11-bells.mp3 */; };
		D4B01F82281F58D200B07C56 /* 13-rooster.mp3 in Copy Sounds */ = {isa = PBXBuildFile; fileRef = D4B01F67281F58D200B07C56 /* 13-rooster.mp3 */; };
		D4B01F83281F58D200B07C56 /* 15-shut-up-2.mp3 in Copy Sounds */ = {isa = PBXBuildFile; fileRef = D4B01F68281F58D200B07C56 /* 15-shut-up-2.mp3 */; };
		D4B01F84281F58D200B07C56 /* 22-thanks-for-sharing.mp3 in Copy Sounds */ = {isa = PBXBuildFile; fileRef = D4B01F6A281F58D200B07C56 /* 22-thanks-for-sharing.mp3 */; };
		D4B01F85281F58D200B07C56 /* 14-shut-up-1.mp3 in Copy Sounds */ = {isa = PBXBuildFile; fileRef = D4B01F6C281F58D200B07C56 /* 14-shut-up-1.mp3 */; };
		D4B01F86281F58D200B07C56 /* 00-low-beep.mp3 in Copy Sounds */ = {isa = PBXBuildFile; fileRef = D4B01F6E281F58D200B07C56 /* 00-low-beep.mp3 */; };
		D4B01F87281F58D200B07C56 /* 04-fast-beep.mp3 in Copy Sounds */ = {isa = PBXBuildFile; fileRef = D4B01F6F281F58D200B07C56 /* 04-fast-beep.mp3 */; };
		D4B01F88281F58D200B07C56 /* 17-car-horn.mp3 in Copy Sounds */ = {isa = PBXBuildFile; fileRef = D4B01F70281F58D200B07C56 /* 17-car-horn.mp3 */; };
		D4B01F89281F58D200B07C56 /* 06-escalation.mp3 in Copy Sounds */ = {isa = PBXBuildFile; fileRef = D4B01F71281F58D200B07C56 /* 06-escalation.mp3 */; };
		D4B01F8A281F58D200B07C56 /* 20-antique-car-horn.mp3 in Copy Sounds */ = {isa = PBXBuildFile; fileRef = D4B01F72281F58D200B07C56 /* 20-antique-car-horn.mp3 */; };
		D4B01F8B281F58D200B07C56 /* 16-snoring-1.mp3 in Copy Sounds */ = {isa = PBXBuildFile; fileRef = D4B01F73281F58D200B07C56 /* 16-snoring-1.mp3 */; };
		D4B01F8C281F58D200B07C56 /* 12-crazy-bird.mp3 in Copy Sounds */ = {isa = PBXBuildFile; fileRef = D4B01F74281F58D200B07C56 /* 12-crazy-bird.mp3 */; };
		D4B01F8D281F58D200B07C56 /* 18-antique-phone.mp3 in Copy Sounds */ = {isa = PBXBuildFile; fileRef = D4B01F75281F58D200B07C56 /* 18-antique-phone.mp3 */; };
		D4B01F8E281F58D200B07C56 /* 01-medium-beep.mp3 in Copy Sounds */ = {isa = PBXBuildFile; fileRef = D4B01F76281F58D200B07C56 /* 01-medium-beep.mp3 */; };
		D4B01F90281F58D200B07C56 /* 05-high-fast-beeps.mp3 in Copy Sounds */ = {isa = PBXBuildFile; fileRef = D4B01F78281F58D200B07C56 /* 05-high-fast-beeps.mp3 */; };
		D4B01F91281F58D200B07C56 /* 07-videogame-beeps-lower-frequency.mp3 in Copy Sounds */ = {isa = PBXBuildFile; fileRef = D4B01F79281F58D200B07C56 /* 07-videogame-beeps-lower-frequency.mp3 */; };
		D4B01F92281F58D200B07C56 /* 03-electronic-buzz.mp3 in Copy Sounds */ = {isa = PBXBuildFile; fileRef = D4B01F7A281F58D200B07C56 /* 03-electronic-buzz.mp3 */; };
		D4B01F93281F58D200B07C56 /* 19-classic-phone.mp3 in Copy Sounds */ = {isa = PBXBuildFile; fileRef = D4B01F7B281F58D200B07C56 /* 19-classic-phone.mp3 */; };
		D4B01F94281F58D200B07C56 /* 21-alarm-klaxon.mp3 in Copy Sounds */ = {isa = PBXBuildFile; fileRef = D4B01F7C281F58D200B07C56 /* 21-alarm-klaxon.mp3 */; };
		D4B01F95281F58D200B07C56 /* 08-videogame-beeps-high-frequency.mp3 in Copy Sounds */ = {isa = PBXBuildFile; fileRef = D4B01F7D281F58D200B07C56 /* 08-videogame-beeps-high-frequency.mp3 */; };
		D4B01F96281F58D200B07C56 /* 10-annoying-alarm.mp3 in Copy Sounds */ = {isa = PBXBuildFile; fileRef = D4B01F7E281F58D200B07C56 /* 10-annoying-alarm.mp3 */; };
		D4B01F97281F58D200B07C56 /* 02-high-beep.mp3 in Copy Sounds */ = {isa = PBXBuildFile; fileRef = D4B01F7F281F58D200B07C56 /* 02-high-beep.mp3 */; };
		D4B01F98281F58D200B07C56 /* 09-single-beep.mp3 in Copy Sounds */ = {isa = PBXBuildFile; fileRef = D4B01F80281F58D200B07C56 /* 09-single-beep.mp3 */; };
		D4C4B70C2819CEDB00E22ECA /* Localizable.strings in Resources */ = {isa = PBXBuildFile; fileRef = D4C4B70A2819CEDB00E22ECA /* Localizable.strings */; };
		D4C4B7112819D36800E22ECA /* RVS-Generic-Swift-Toolbox in Frameworks */ = {isa = PBXBuildFile; productRef = D4C4B7102819D36800E22ECA /* RVS-Generic-Swift-Toolbox */; };
		D4C4B7142819D39B00E22ECA /* RVS-Persistent-Prefs in Frameworks */ = {isa = PBXBuildFile; productRef = D4C4B7132819D39B00E22ECA /* RVS-Persistent-Prefs */; };
		D4C4B7172819D3D300E22ECA /* RVS-RetroLEDDisplay in Frameworks */ = {isa = PBXBuildFile; productRef = D4C4B7162819D3D300E22ECA /* RVS-RetroLEDDisplay */; };
		D4C4B71A2819D40500E22ECA /* RVS-BasicGCDTimer in Frameworks */ = {isa = PBXBuildFile; productRef = D4C4B7192819D40500E22ECA /* RVS-BasicGCDTimer */; };
		D4C4B71C2819D57100E22ECA /* RVS_AmbiaMara_BaseViewController.swift in Sources */ = {isa = PBXBuildFile; fileRef = D4C4B71B2819D57100E22ECA /* RVS_AmbiaMara_BaseViewController.swift */; };
		D4C4B7212819DD4900E22ECA /* RVS_AmbiaMara_Extensions.swift in Sources */ = {isa = PBXBuildFile; fileRef = D4C4B71F2819DD4900E22ECA /* RVS_AmbiaMara_Extensions.swift */; };
		D4CE51B8281DCFA300DA6B85 /* RVS_TimerAmbiaMara_ViewController.swift in Sources */ = {isa = PBXBuildFile; fileRef = D4CE51B6281DCFA300DA6B85 /* RVS_TimerAmbiaMara_ViewController.swift */; };
		D4CE51B9281DCFA300DA6B85 /* RVS_SetAlarmAmbiaMara_PopoverViewController.swift in Sources */ = {isa = PBXBuildFile; fileRef = D4CE51B7281DCFA300DA6B85 /* RVS_SetAlarmAmbiaMara_PopoverViewController.swift */; };
		D4CE51BB281DD48700DA6B85 /* RVS_SettingsAmbiaMara_PopoverViewController.swift in Sources */ = {isa = PBXBuildFile; fileRef = D4CE51BA281DD48700DA6B85 /* RVS_SettingsAmbiaMara_PopoverViewController.swift */; };
/* End PBXBuildFile section */

/* Begin PBXCopyFilesBuildPhase section */
		D4B01F99281F59E200B07C56 /* Copy Sounds */ = {
			isa = PBXCopyFilesBuildPhase;
			buildActionMask = 2147483647;
			dstPath = "";
			dstSubfolderSpec = 7;
			files = (
				D4B01F86281F58D200B07C56 /* 00-low-beep.mp3 in Copy Sounds */,
				D4B01F8E281F58D200B07C56 /* 01-medium-beep.mp3 in Copy Sounds */,
				D4B01F97281F58D200B07C56 /* 02-high-beep.mp3 in Copy Sounds */,
				D4B01F92281F58D200B07C56 /* 03-electronic-buzz.mp3 in Copy Sounds */,
				D4B01F87281F58D200B07C56 /* 04-fast-beep.mp3 in Copy Sounds */,
				D4B01F90281F58D200B07C56 /* 05-high-fast-beeps.mp3 in Copy Sounds */,
				D4B01F89281F58D200B07C56 /* 06-escalation.mp3 in Copy Sounds */,
				D4B01F91281F58D200B07C56 /* 07-videogame-beeps-lower-frequency.mp3 in Copy Sounds */,
				D4B01F95281F58D200B07C56 /* 08-videogame-beeps-high-frequency.mp3 in Copy Sounds */,
				D4B01F98281F58D200B07C56 /* 09-single-beep.mp3 in Copy Sounds */,
				D4B01F96281F58D200B07C56 /* 10-annoying-alarm.mp3 in Copy Sounds */,
				D4B01F81281F58D200B07C56 /* 11-bells.mp3 in Copy Sounds */,
				D4B01F8C281F58D200B07C56 /* 12-crazy-bird.mp3 in Copy Sounds */,
				D4B01F82281F58D200B07C56 /* 13-rooster.mp3 in Copy Sounds */,
				D4B01F85281F58D200B07C56 /* 14-shut-up-1.mp3 in Copy Sounds */,
				D4B01F83281F58D200B07C56 /* 15-shut-up-2.mp3 in Copy Sounds */,
				D4B01F8B281F58D200B07C56 /* 16-snoring-1.mp3 in Copy Sounds */,
				D4B01F88281F58D200B07C56 /* 17-car-horn.mp3 in Copy Sounds */,
				D4B01F8D281F58D200B07C56 /* 18-antique-phone.mp3 in Copy Sounds */,
				D4B01F93281F58D200B07C56 /* 19-classic-phone.mp3 in Copy Sounds */,
				D4B01F8A281F58D200B07C56 /* 20-antique-car-horn.mp3 in Copy Sounds */,
				D4B01F94281F58D200B07C56 /* 21-alarm-klaxon.mp3 in Copy Sounds */,
				D4B01F84281F58D200B07C56 /* 22-thanks-for-sharing.mp3 in Copy Sounds */,
			);
			name = "Copy Sounds";
			runOnlyForDeploymentPostprocessing = 0;
		};
/* End PBXCopyFilesBuildPhase section */

/* Begin PBXFileReference section */
		D4291732282013B70054C9EA /* RVS_AboutAmbiaMara_ViewController.swift */ = {isa = PBXFileReference; fileEncoding = 4; lastKnownFileType = sourcecode.swift; path = RVS_AboutAmbiaMara_ViewController.swift; sourceTree = "<group>"; };
		D44E7712281AD1B000B491EF /* AmbiaMara.entitlements */ = {isa = PBXFileReference; lastKnownFileType = text.plist.entitlements; path = AmbiaMara.entitlements; sourceTree = "<group>"; };
		D47C029B2819CA6500D359F5 /* AmbiaMara.app */ = {isa = PBXFileReference; explicitFileType = wrapper.application; includeInIndex = 0; path = AmbiaMara.app; sourceTree = BUILT_PRODUCTS_DIR; };
		D47C029E2819CA6500D359F5 /* RVS_AmbiaMara_AppSceneDelegate.swift */ = {isa = PBXFileReference; lastKnownFileType = sourcecode.swift; path = RVS_AmbiaMara_AppSceneDelegate.swift; sourceTree = "<group>"; };
		D47C02A22819CA6500D359F5 /* RVS_SetTimerAmbiaMara_ViewController.swift */ = {isa = PBXFileReference; lastKnownFileType = sourcecode.swift; path = RVS_SetTimerAmbiaMara_ViewController.swift; sourceTree = "<group>"; };
		D47C02A52819CA6500D359F5 /* Base */ = {isa = PBXFileReference; lastKnownFileType = file.storyboard; name = Base; path = Base.lproj/RVS_AmbiaMara_Main.storyboard; sourceTree = "<group>"; };
		D47C02A72819CA6800D359F5 /* Assets.xcassets */ = {isa = PBXFileReference; lastKnownFileType = folder.assetcatalog; path = Assets.xcassets; sourceTree = "<group>"; };
		D47C02AA2819CA6800D359F5 /* Base */ = {isa = PBXFileReference; lastKnownFileType = file.storyboard; name = Base; path = Base.lproj/RVS_AmbiaMara_LaunchScreen.storyboard; sourceTree = "<group>"; };
		D486C828281B1754005C0A69 /* RVS_AmbiaMara_Settings.swift */ = {isa = PBXFileReference; fileEncoding = 4; lastKnownFileType = sourcecode.swift; path = RVS_AmbiaMara_Settings.swift; sourceTree = "<group>"; };
		D488F2EE281D6D960045E999 /* Warnings.xcconfig */ = {isa = PBXFileReference; lastKnownFileType = text.xcconfig; name = Warnings.xcconfig; path = Sources/Meta/Warnings.xcconfig; sourceTree = SOURCE_ROOT; };
		D4B01F66281F58D200B07C56 /* 11-bells.mp3 */ = {isa = PBXFileReference; lastKnownFileType = audio.mp3; path = "11-bells.mp3"; sourceTree = "<group>"; };
		D4B01F67281F58D200B07C56 /* 13-rooster.mp3 */ = {isa = PBXFileReference; lastKnownFileType = audio.mp3; path = "13-rooster.mp3"; sourceTree = "<group>"; };
		D4B01F69281F58D200B07C56 /* en */ = {isa = PBXFileReference; lastKnownFileType = audio.mp3; name = en; path = "en.lproj/15-shut-up-2.mp3"; sourceTree = "<group>"; };
		D4B01F6B281F58D200B07C56 /* en */ = {isa = PBXFileReference; lastKnownFileType = audio.mp3; name = en; path = "en.lproj/22-thanks-for-sharing.mp3"; sourceTree = "<group>"; };
		D4B01F6D281F58D200B07C56 /* en */ = {isa = PBXFileReference; lastKnownFileType = audio.mp3; name = en; path = "en.lproj/14-shut-up-1.mp3"; sourceTree = "<group>"; };
		D4B01F6E281F58D200B07C56 /* 00-low-beep.mp3 */ = {isa = PBXFileReference; lastKnownFileType = audio.mp3; path = "00-low-beep.mp3"; sourceTree = "<group>"; };
		D4B01F6F281F58D200B07C56 /* 04-fast-beep.mp3 */ = {isa = PBXFileReference; lastKnownFileType = audio.mp3; path = "04-fast-beep.mp3"; sourceTree = "<group>"; };
		D4B01F70281F58D200B07C56 /* 17-car-horn.mp3 */ = {isa = PBXFileReference; lastKnownFileType = audio.mp3; path = "17-car-horn.mp3"; sourceTree = "<group>"; };
		D4B01F71281F58D200B07C56 /* 06-escalation.mp3 */ = {isa = PBXFileReference; lastKnownFileType = audio.mp3; path = "06-escalation.mp3"; sourceTree = "<group>"; };
		D4B01F72281F58D200B07C56 /* 20-antique-car-horn.mp3 */ = {isa = PBXFileReference; lastKnownFileType = audio.mp3; path = "20-antique-car-horn.mp3"; sourceTree = "<group>"; };
		D4B01F73281F58D200B07C56 /* 16-snoring-1.mp3 */ = {isa = PBXFileReference; lastKnownFileType = audio.mp3; path = "16-snoring-1.mp3"; sourceTree = "<group>"; };
		D4B01F74281F58D200B07C56 /* 12-crazy-bird.mp3 */ = {isa = PBXFileReference; lastKnownFileType = audio.mp3; path = "12-crazy-bird.mp3"; sourceTree = "<group>"; };
		D4B01F75281F58D200B07C56 /* 18-antique-phone.mp3 */ = {isa = PBXFileReference; lastKnownFileType = audio.mp3; path = "18-antique-phone.mp3"; sourceTree = "<group>"; };
		D4B01F76281F58D200B07C56 /* 01-medium-beep.mp3 */ = {isa = PBXFileReference; lastKnownFileType = audio.mp3; path = "01-medium-beep.mp3"; sourceTree = "<group>"; };
		D4B01F78281F58D200B07C56 /* 05-high-fast-beeps.mp3 */ = {isa = PBXFileReference; lastKnownFileType = audio.mp3; path = "05-high-fast-beeps.mp3"; sourceTree = "<group>"; };
		D4B01F79281F58D200B07C56 /* 07-videogame-beeps-lower-frequency.mp3 */ = {isa = PBXFileReference; lastKnownFileType = audio.mp3; path = "07-videogame-beeps-lower-frequency.mp3"; sourceTree = "<group>"; };
		D4B01F7A281F58D200B07C56 /* 03-electronic-buzz.mp3 */ = {isa = PBXFileReference; lastKnownFileType = audio.mp3; path = "03-electronic-buzz.mp3"; sourceTree = "<group>"; };
		D4B01F7B281F58D200B07C56 /* 19-classic-phone.mp3 */ = {isa = PBXFileReference; lastKnownFileType = audio.mp3; path = "19-classic-phone.mp3"; sourceTree = "<group>"; };
		D4B01F7C281F58D200B07C56 /* 21-alarm-klaxon.mp3 */ = {isa = PBXFileReference; lastKnownFileType = audio.mp3; path = "21-alarm-klaxon.mp3"; sourceTree = "<group>"; };
		D4B01F7D281F58D200B07C56 /* 08-videogame-beeps-high-frequency.mp3 */ = {isa = PBXFileReference; lastKnownFileType = audio.mp3; path = "08-videogame-beeps-high-frequency.mp3"; sourceTree = "<group>"; };
		D4B01F7E281F58D200B07C56 /* 10-annoying-alarm.mp3 */ = {isa = PBXFileReference; lastKnownFileType = audio.mp3; path = "10-annoying-alarm.mp3"; sourceTree = "<group>"; };
		D4B01F7F281F58D200B07C56 /* 02-high-beep.mp3 */ = {isa = PBXFileReference; lastKnownFileType = audio.mp3; path = "02-high-beep.mp3"; sourceTree = "<group>"; };
		D4B01F80281F58D200B07C56 /* 09-single-beep.mp3 */ = {isa = PBXFileReference; lastKnownFileType = audio.mp3; path = "09-single-beep.mp3"; sourceTree = "<group>"; };
		D4C4B70B2819CEDB00E22ECA /* Base */ = {isa = PBXFileReference; lastKnownFileType = text.plist.strings; name = Base; path = Base.lproj/Localizable.strings; sourceTree = "<group>"; };
		D4C4B70E2819CF8F00E22ECA /* AmbiaMara.docc */ = {isa = PBXFileReference; lastKnownFileType = folder.documentationcatalog; path = AmbiaMara.docc; sourceTree = "<group>"; };
		D4C4B71B2819D57100E22ECA /* RVS_AmbiaMara_BaseViewController.swift */ = {isa = PBXFileReference; fileEncoding = 4; lastKnownFileType = sourcecode.swift; path = RVS_AmbiaMara_BaseViewController.swift; sourceTree = "<group>"; };
		D4C4B71F2819DD4900E22ECA /* RVS_AmbiaMara_Extensions.swift */ = {isa = PBXFileReference; fileEncoding = 4; lastKnownFileType = sourcecode.swift; path = RVS_AmbiaMara_Extensions.swift; sourceTree = "<group>"; };
		D4CE51B6281DCFA300DA6B85 /* RVS_TimerAmbiaMara_ViewController.swift */ = {isa = PBXFileReference; fileEncoding = 4; lastKnownFileType = sourcecode.swift; path = RVS_TimerAmbiaMara_ViewController.swift; sourceTree = "<group>"; };
		D4CE51B7281DCFA300DA6B85 /* RVS_SetAlarmAmbiaMara_PopoverViewController.swift */ = {isa = PBXFileReference; fileEncoding = 4; lastKnownFileType = sourcecode.swift; path = RVS_SetAlarmAmbiaMara_PopoverViewController.swift; sourceTree = "<group>"; };
		D4CE51BA281DD48700DA6B85 /* RVS_SettingsAmbiaMara_PopoverViewController.swift */ = {isa = PBXFileReference; fileEncoding = 4; lastKnownFileType = sourcecode.swift; path = RVS_SettingsAmbiaMara_PopoverViewController.swift; sourceTree = "<group>"; };
/* End PBXFileReference section */

/* Begin PBXFrameworksBuildPhase section */
		D47C02982819CA6500D359F5 /* Frameworks */ = {
			isa = PBXFrameworksBuildPhase;
			buildActionMask = 2147483647;
			files = (
				D4C4B7142819D39B00E22ECA /* RVS-Persistent-Prefs in Frameworks */,
				D4C4B7172819D3D300E22ECA /* RVS-RetroLEDDisplay in Frameworks */,
				D44E770D281ACAEE00B491EF /* RVS-MaskButton in Frameworks */,
				D4C4B71A2819D40500E22ECA /* RVS-BasicGCDTimer in Frameworks */,
				D4C4B7112819D36800E22ECA /* RVS-Generic-Swift-Toolbox in Frameworks */,
			);
			runOnlyForDeploymentPostprocessing = 0;
		};
/* End PBXFrameworksBuildPhase section */

/* Begin PBXGroup section */
		D4233CA02820384D00ED62EC /* Baseline */ = {
			isa = PBXGroup;
			children = (
				D4C4B71B2819D57100E22ECA /* RVS_AmbiaMara_BaseViewController.swift */,
			);
			path = Baseline;
			sourceTree = "<group>";
		};
		D4233CA12820386000ED62EC /* SetTimerScreen */ = {
			isa = PBXGroup;
			children = (
				D47C02A22819CA6500D359F5 /* RVS_SetTimerAmbiaMara_ViewController.swift */,
				D4352A65281FF11200BEC5A4 /* Popovers */,
			);
			path = SetTimerScreen;
			sourceTree = "<group>";
		};
		D4233CA22820386E00ED62EC /* AboutScreen */ = {
			isa = PBXGroup;
			children = (
				D4291732282013B70054C9EA /* RVS_AboutAmbiaMara_ViewController.swift */,
			);
			path = AboutScreen;
			sourceTree = "<group>";
		};
		D4233CA32820387800ED62EC /* RunningTimerScreen */ = {
			isa = PBXGroup;
			children = (
				D4CE51B6281DCFA300DA6B85 /* RVS_TimerAmbiaMara_ViewController.swift */,
			);
			path = RunningTimerScreen;
			sourceTree = "<group>";
		};
		D4352A65281FF11200BEC5A4 /* Popovers */ = {
			isa = PBXGroup;
			children = (
				D4CE51B7281DCFA300DA6B85 /* RVS_SetAlarmAmbiaMara_PopoverViewController.swift */,
				D4CE51BA281DD48700DA6B85 /* RVS_SettingsAmbiaMara_PopoverViewController.swift */,
			);
			path = Popovers;
			sourceTree = "<group>";
		};
		D44E7714281AD24F00B491EF /* ProjectMeta */ = {
			isa = PBXGroup;
			children = (
				D488F2EE281D6D960045E999 /* Warnings.xcconfig */,
				D44E7712281AD1B000B491EF /* AmbiaMara.entitlements */,
			);
			path = ProjectMeta;
			sourceTree = "<group>";
		};
		D47C02922819CA6500D359F5 = {
			isa = PBXGroup;
			children = (
				D4C4B6FE2819CCDB00E22ECA /* Sources */,
				D44E7714281AD24F00B491EF /* ProjectMeta */,
				D47C029C2819CA6500D359F5 /* Products */,
			);
			sourceTree = "<group>";
		};
		D47C029C2819CA6500D359F5 /* Products */ = {
			isa = PBXGroup;
			children = (
				D47C029B2819CA6500D359F5 /* AmbiaMara.app */,
			);
			name = Products;
			sourceTree = "<group>";
		};
		D47C029D2819CA6500D359F5 /* AmbiaMara */ = {
			isa = PBXGroup;
			children = (
				D4C4B7222819DD5100E22ECA /* Utility */,
				D4F90F492819E53A00E4C664 /* MainApplication */,
				D4C4B71D2819D70300E22ECA /* ViewControllers */,
				D4C4B6FF2819CCF300E22ECA /* Resources */,
				D4C4B70E2819CF8F00E22ECA /* AmbiaMara.docc */,
			);
			path = AmbiaMara;
			sourceTree = "<group>";
		};
		D4B01F65281F58D200B07C56 /* Sounds */ = {
			isa = PBXGroup;
			children = (
				D4B01F6E281F58D200B07C56 /* 00-low-beep.mp3 */,
				D4B01F76281F58D200B07C56 /* 01-medium-beep.mp3 */,
				D4B01F7F281F58D200B07C56 /* 02-high-beep.mp3 */,
				D4B01F7A281F58D200B07C56 /* 03-electronic-buzz.mp3 */,
				D4B01F6F281F58D200B07C56 /* 04-fast-beep.mp3 */,
				D4B01F78281F58D200B07C56 /* 05-high-fast-beeps.mp3 */,
				D4B01F71281F58D200B07C56 /* 06-escalation.mp3 */,
				D4B01F79281F58D200B07C56 /* 07-videogame-beeps-lower-frequency.mp3 */,
				D4B01F7D281F58D200B07C56 /* 08-videogame-beeps-high-frequency.mp3 */,
				D4B01F80281F58D200B07C56 /* 09-single-beep.mp3 */,
				D4B01F7E281F58D200B07C56 /* 10-annoying-alarm.mp3 */,
				D4B01F66281F58D200B07C56 /* 11-bells.mp3 */,
				D4B01F74281F58D200B07C56 /* 12-crazy-bird.mp3 */,
				D4B01F67281F58D200B07C56 /* 13-rooster.mp3 */,
				D4B01F6C281F58D200B07C56 /* 14-shut-up-1.mp3 */,
				D4B01F68281F58D200B07C56 /* 15-shut-up-2.mp3 */,
				D4B01F73281F58D200B07C56 /* 16-snoring-1.mp3 */,
				D4B01F70281F58D200B07C56 /* 17-car-horn.mp3 */,
				D4B01F75281F58D200B07C56 /* 18-antique-phone.mp3 */,
				D4B01F7B281F58D200B07C56 /* 19-classic-phone.mp3 */,
				D4B01F72281F58D200B07C56 /* 20-antique-car-horn.mp3 */,
				D4B01F7C281F58D200B07C56 /* 21-alarm-klaxon.mp3 */,
				D4B01F6A281F58D200B07C56 /* 22-thanks-for-sharing.mp3 */,
			);
			path = Sounds;
			sourceTree = "<group>";
		};
		D4C4B6FE2819CCDB00E22ECA /* Sources */ = {
			isa = PBXGroup;
			children = (
				D47C029D2819CA6500D359F5 /* AmbiaMara */,
			);
			path = Sources;
			sourceTree = "<group>";
		};
		D4C4B6FF2819CCF300E22ECA /* Resources */ = {
			isa = PBXGroup;
			children = (
				D47C02A42819CA6500D359F5 /* RVS_AmbiaMara_Main.storyboard */,
				D4C4B70A2819CEDB00E22ECA /* Localizable.strings */,
				D47C02A72819CA6800D359F5 /* Assets.xcassets */,
				D47C02A92819CA6800D359F5 /* RVS_AmbiaMara_LaunchScreen.storyboard */,
				D4B01F65281F58D200B07C56 /* Sounds */,
			);
			path = Resources;
			sourceTree = "<group>";
		};
		D4C4B71D2819D70300E22ECA /* ViewControllers */ = {
			isa = PBXGroup;
			children = (
				D4233CA02820384D00ED62EC /* Baseline */,
				D4233CA12820386000ED62EC /* SetTimerScreen */,
				D4233CA22820386E00ED62EC /* AboutScreen */,
				D4233CA32820387800ED62EC /* RunningTimerScreen */,
			);
			path = ViewControllers;
			sourceTree = "<group>";
		};
		D4C4B7222819DD5100E22ECA /* Utility */ = {
			isa = PBXGroup;
			children = (
				D4C4B71F2819DD4900E22ECA /* RVS_AmbiaMara_Extensions.swift */,
				D486C828281B1754005C0A69 /* RVS_AmbiaMara_Settings.swift */,
			);
			path = Utility;
			sourceTree = "<group>";
		};
		D4F90F492819E53A00E4C664 /* MainApplication */ = {
			isa = PBXGroup;
			children = (
				D47C029E2819CA6500D359F5 /* RVS_AmbiaMara_AppSceneDelegate.swift */,
			);
			path = MainApplication;
			sourceTree = "<group>";
		};
/* End PBXGroup section */

/* Begin PBXNativeTarget section */
		D47C029A2819CA6500D359F5 /* AmbiaMara */ = {
			isa = PBXNativeTarget;
			buildConfigurationList = D47C02AF2819CA6800D359F5 /* Build configuration list for PBXNativeTarget "AmbiaMara" */;
			buildPhases = (
				D4C4B7022819CD7300E22ECA /* SwiftLint */,
				D47C02972819CA6500D359F5 /* Sources */,
				D47C02982819CA6500D359F5 /* Frameworks */,
				D47C02992819CA6500D359F5 /* Resources */,
				D4B01F99281F59E200B07C56 /* Copy Sounds */,
			);
			buildRules = (
			);
			dependencies = (
			);
			name = AmbiaMara;
			packageProductDependencies = (
				D4C4B7102819D36800E22ECA /* RVS-Generic-Swift-Toolbox */,
				D4C4B7132819D39B00E22ECA /* RVS-Persistent-Prefs */,
				D4C4B7162819D3D300E22ECA /* RVS-RetroLEDDisplay */,
				D4C4B7192819D40500E22ECA /* RVS-BasicGCDTimer */,
				D44E770C281ACAEE00B491EF /* RVS-MaskButton */,
			);
			productName = AmbiaMara;
			productReference = D47C029B2819CA6500D359F5 /* AmbiaMara.app */;
			productType = "com.apple.product-type.application";
		};
/* End PBXNativeTarget section */

/* Begin PBXProject section */
		D47C02932819CA6500D359F5 /* Project object */ = {
			isa = PBXProject;
			attributes = {
				BuildIndependentTargetsInParallel = 1;
				LastSwiftUpdateCheck = 1330;
				LastUpgradeCheck = 1330;
				TargetAttributes = {
					D47C029A2819CA6500D359F5 = {
						CreatedOnToolsVersion = 13.3.1;
					};
				};
			};
			buildConfigurationList = D47C02962819CA6500D359F5 /* Build configuration list for PBXProject "AmbiaMara" */;
			compatibilityVersion = "Xcode 12.0";
			developmentRegion = en;
			hasScannedForEncodings = 0;
			knownRegions = (
				en,
				Base,
			);
			mainGroup = D47C02922819CA6500D359F5;
			packageReferences = (
				D4C4B70F2819D36800E22ECA /* XCRemoteSwiftPackageReference "RVS_Generic_Swift_Toolbox" */,
				D4C4B7122819D39B00E22ECA /* XCRemoteSwiftPackageReference "RVS_PersistentPrefs" */,
				D4C4B7152819D3D300E22ECA /* XCRemoteSwiftPackageReference "RVS_RetroLEDDisplay" */,
				D4C4B7182819D40500E22ECA /* XCRemoteSwiftPackageReference "RVS_BasicGCDTimer" */,
				D44E770A281ACA9C00B491EF /* XCRemoteSwiftPackageReference "RVS_MaskButton" */,
				D44E770B281ACAEE00B491EF /* XCRemoteSwiftPackageReference "RVS_MaskButton" */,
			);
			productRefGroup = D47C029C2819CA6500D359F5 /* Products */;
			projectDirPath = "";
			projectRoot = "";
			targets = (
				D47C029A2819CA6500D359F5 /* AmbiaMara */,
			);
		};
/* End PBXProject section */

/* Begin PBXResourcesBuildPhase section */
		D47C02992819CA6500D359F5 /* Resources */ = {
			isa = PBXResourcesBuildPhase;
			buildActionMask = 2147483647;
			files = (
				D47C02AB2819CA6800D359F5 /* RVS_AmbiaMara_LaunchScreen.storyboard in Resources */,
				D4C4B70C2819CEDB00E22ECA /* Localizable.strings in Resources */,
				D47C02A82819CA6800D359F5 /* Assets.xcassets in Resources */,
				D47C02A62819CA6500D359F5 /* RVS_AmbiaMara_Main.storyboard in Resources */,
			);
			runOnlyForDeploymentPostprocessing = 0;
		};
/* End PBXResourcesBuildPhase section */

/* Begin PBXShellScriptBuildPhase section */
		D4C4B7022819CD7300E22ECA /* SwiftLint */ = {
			isa = PBXShellScriptBuildPhase;
			buildActionMask = 2147483647;
			files = (
			);
			inputFileListPaths = (
			);
			inputPaths = (
			);
			name = SwiftLint;
			outputFileListPaths = (
			);
			outputPaths = (
			);
			runOnlyForDeploymentPostprocessing = 0;
			shellPath = /bin/sh;
			shellScript = "if command -v swiftlint\nthen\n    swiftlint\nfi\n";
		};
/* End PBXShellScriptBuildPhase section */

/* Begin PBXSourcesBuildPhase section */
		D47C02972819CA6500D359F5 /* Sources */ = {
			isa = PBXSourcesBuildPhase;
			buildActionMask = 2147483647;
			files = (
				D4CE51BB281DD48700DA6B85 /* RVS_SettingsAmbiaMara_PopoverViewController.swift in Sources */,
				D47C02A32819CA6500D359F5 /* RVS_SetTimerAmbiaMara_ViewController.swift in Sources */,
				D47C029F2819CA6500D359F5 /* RVS_AmbiaMara_AppSceneDelegate.swift in Sources */,
				D4CE51B9281DCFA300DA6B85 /* RVS_SetAlarmAmbiaMara_PopoverViewController.swift in Sources */,
				D4C4B7212819DD4900E22ECA /* RVS_AmbiaMara_Extensions.swift in Sources */,
				D486C829281B1754005C0A69 /* RVS_AmbiaMara_Settings.swift in Sources */,
				D4CE51B8281DCFA300DA6B85 /* RVS_TimerAmbiaMara_ViewController.swift in Sources */,
				D4291733282013B70054C9EA /* RVS_AboutAmbiaMara_ViewController.swift in Sources */,
				D4C4B71C2819D57100E22ECA /* RVS_AmbiaMara_BaseViewController.swift in Sources */,
			);
			runOnlyForDeploymentPostprocessing = 0;
		};
/* End PBXSourcesBuildPhase section */

/* Begin PBXVariantGroup section */
		D47C02A42819CA6500D359F5 /* RVS_AmbiaMara_Main.storyboard */ = {
			isa = PBXVariantGroup;
			children = (
				D47C02A52819CA6500D359F5 /* Base */,
			);
			name = RVS_AmbiaMara_Main.storyboard;
			sourceTree = "<group>";
		};
		D47C02A92819CA6800D359F5 /* RVS_AmbiaMara_LaunchScreen.storyboard */ = {
			isa = PBXVariantGroup;
			children = (
				D47C02AA2819CA6800D359F5 /* Base */,
			);
			name = RVS_AmbiaMara_LaunchScreen.storyboard;
			sourceTree = "<group>";
		};
		D4B01F68281F58D200B07C56 /* 15-shut-up-2.mp3 */ = {
			isa = PBXVariantGroup;
			children = (
				D4B01F69281F58D200B07C56 /* en */,
			);
			name = "15-shut-up-2.mp3";
			sourceTree = "<group>";
		};
		D4B01F6A281F58D200B07C56 /* 22-thanks-for-sharing.mp3 */ = {
			isa = PBXVariantGroup;
			children = (
				D4B01F6B281F58D200B07C56 /* en */,
			);
			name = "22-thanks-for-sharing.mp3";
			sourceTree = "<group>";
		};
		D4B01F6C281F58D200B07C56 /* 14-shut-up-1.mp3 */ = {
			isa = PBXVariantGroup;
			children = (
				D4B01F6D281F58D200B07C56 /* en */,
			);
			name = "14-shut-up-1.mp3";
			sourceTree = "<group>";
		};
		D4C4B70A2819CEDB00E22ECA /* Localizable.strings */ = {
			isa = PBXVariantGroup;
			children = (
				D4C4B70B2819CEDB00E22ECA /* Base */,
			);
			name = Localizable.strings;
			sourceTree = "<group>";
		};
/* End PBXVariantGroup section */

/* Begin XCBuildConfiguration section */
		D47C02AD2819CA6800D359F5 /* Debug */ = {
			isa = XCBuildConfiguration;
			baseConfigurationReference = D488F2EE281D6D960045E999 /* Warnings.xcconfig */;
			buildSettings = {
				ALWAYS_SEARCH_USER_PATHS = NO;
				CLANG_ANALYZER_NONNULL = YES;
				CLANG_ANALYZER_NUMBER_OBJECT_CONVERSION = YES_AGGRESSIVE;
				CLANG_CXX_LANGUAGE_STANDARD = "gnu++17";
				CLANG_ENABLE_MODULES = YES;
				CLANG_ENABLE_OBJC_ARC = YES;
				CLANG_ENABLE_OBJC_WEAK = YES;
				CLANG_WARN_BLOCK_CAPTURE_AUTORELEASING = YES;
				CLANG_WARN_BOOL_CONVERSION = YES;
				CLANG_WARN_COMMA = YES;
				CLANG_WARN_CONSTANT_CONVERSION = YES;
				CLANG_WARN_DEPRECATED_OBJC_IMPLEMENTATIONS = YES;
				CLANG_WARN_DIRECT_OBJC_ISA_USAGE = YES_ERROR;
				CLANG_WARN_DOCUMENTATION_COMMENTS = YES;
				CLANG_WARN_EMPTY_BODY = YES;
				CLANG_WARN_ENUM_CONVERSION = YES;
				CLANG_WARN_INFINITE_RECURSION = YES;
				CLANG_WARN_INT_CONVERSION = YES;
				CLANG_WARN_NON_LITERAL_NULL_CONVERSION = YES;
				CLANG_WARN_OBJC_IMPLICIT_RETAIN_SELF = YES;
				CLANG_WARN_OBJC_LITERAL_CONVERSION = YES;
				CLANG_WARN_OBJC_ROOT_CLASS = YES_ERROR;
				CLANG_WARN_QUOTED_INCLUDE_IN_FRAMEWORK_HEADER = YES;
				CLANG_WARN_RANGE_LOOP_ANALYSIS = YES;
				CLANG_WARN_STRICT_PROTOTYPES = YES;
				CLANG_WARN_SUSPICIOUS_MOVE = YES;
				CLANG_WARN_UNGUARDED_AVAILABILITY = YES_AGGRESSIVE;
				CLANG_WARN_UNREACHABLE_CODE = YES;
				CLANG_WARN__DUPLICATE_METHOD_MATCH = YES;
				COPY_PHASE_STRIP = NO;
				DEBUG_INFORMATION_FORMAT = dwarf;
				ENABLE_STRICT_OBJC_MSGSEND = YES;
				ENABLE_TESTABILITY = YES;
				GCC_C_LANGUAGE_STANDARD = gnu11;
				GCC_DYNAMIC_NO_PIC = NO;
				GCC_NO_COMMON_BLOCKS = YES;
				GCC_OPTIMIZATION_LEVEL = 0;
				GCC_PREPROCESSOR_DEFINITIONS = (
					"DEBUG=1",
					"$(inherited)",
				);
				GCC_WARN_64_TO_32_BIT_CONVERSION = YES;
				GCC_WARN_ABOUT_RETURN_TYPE = YES_ERROR;
				GCC_WARN_UNDECLARED_SELECTOR = YES;
				GCC_WARN_UNINITIALIZED_AUTOS = YES_AGGRESSIVE;
				GCC_WARN_UNUSED_FUNCTION = YES;
				GCC_WARN_UNUSED_VARIABLE = YES;
				IPHONEOS_DEPLOYMENT_TARGET = 15.0;
				MTL_ENABLE_DEBUG_INFO = INCLUDE_SOURCE;
				MTL_FAST_MATH = YES;
				ONLY_ACTIVE_ARCH = YES;
				SDKROOT = iphoneos;
				SWIFT_ACTIVE_COMPILATION_CONDITIONS = DEBUG;
				SWIFT_OPTIMIZATION_LEVEL = "-Onone";
			};
			name = Debug;
		};
		D47C02AE2819CA6800D359F5 /* Release */ = {
			isa = XCBuildConfiguration;
			baseConfigurationReference = D488F2EE281D6D960045E999 /* Warnings.xcconfig */;
			buildSettings = {
				ALWAYS_SEARCH_USER_PATHS = NO;
				CLANG_ANALYZER_NONNULL = YES;
				CLANG_ANALYZER_NUMBER_OBJECT_CONVERSION = YES_AGGRESSIVE;
				CLANG_CXX_LANGUAGE_STANDARD = "gnu++17";
				CLANG_ENABLE_MODULES = YES;
				CLANG_ENABLE_OBJC_ARC = YES;
				CLANG_ENABLE_OBJC_WEAK = YES;
				CLANG_WARN_BLOCK_CAPTURE_AUTORELEASING = YES;
				CLANG_WARN_BOOL_CONVERSION = YES;
				CLANG_WARN_COMMA = YES;
				CLANG_WARN_CONSTANT_CONVERSION = YES;
				CLANG_WARN_DEPRECATED_OBJC_IMPLEMENTATIONS = YES;
				CLANG_WARN_DIRECT_OBJC_ISA_USAGE = YES_ERROR;
				CLANG_WARN_DOCUMENTATION_COMMENTS = YES;
				CLANG_WARN_EMPTY_BODY = YES;
				CLANG_WARN_ENUM_CONVERSION = YES;
				CLANG_WARN_INFINITE_RECURSION = YES;
				CLANG_WARN_INT_CONVERSION = YES;
				CLANG_WARN_NON_LITERAL_NULL_CONVERSION = YES;
				CLANG_WARN_OBJC_IMPLICIT_RETAIN_SELF = YES;
				CLANG_WARN_OBJC_LITERAL_CONVERSION = YES;
				CLANG_WARN_OBJC_ROOT_CLASS = YES_ERROR;
				CLANG_WARN_QUOTED_INCLUDE_IN_FRAMEWORK_HEADER = YES;
				CLANG_WARN_RANGE_LOOP_ANALYSIS = YES;
				CLANG_WARN_STRICT_PROTOTYPES = YES;
				CLANG_WARN_SUSPICIOUS_MOVE = YES;
				CLANG_WARN_UNGUARDED_AVAILABILITY = YES_AGGRESSIVE;
				CLANG_WARN_UNREACHABLE_CODE = YES;
				CLANG_WARN__DUPLICATE_METHOD_MATCH = YES;
				COPY_PHASE_STRIP = NO;
				DEBUG_INFORMATION_FORMAT = "dwarf-with-dsym";
				ENABLE_NS_ASSERTIONS = NO;
				ENABLE_STRICT_OBJC_MSGSEND = YES;
				GCC_C_LANGUAGE_STANDARD = gnu11;
				GCC_NO_COMMON_BLOCKS = YES;
				GCC_WARN_64_TO_32_BIT_CONVERSION = YES;
				GCC_WARN_ABOUT_RETURN_TYPE = YES_ERROR;
				GCC_WARN_UNDECLARED_SELECTOR = YES;
				GCC_WARN_UNINITIALIZED_AUTOS = YES_AGGRESSIVE;
				GCC_WARN_UNUSED_FUNCTION = YES;
				GCC_WARN_UNUSED_VARIABLE = YES;
				IPHONEOS_DEPLOYMENT_TARGET = 15.0;
				MTL_ENABLE_DEBUG_INFO = NO;
				MTL_FAST_MATH = YES;
				SDKROOT = iphoneos;
				SWIFT_COMPILATION_MODE = wholemodule;
				SWIFT_OPTIMIZATION_LEVEL = "-O";
				VALIDATE_PRODUCT = YES;
			};
			name = Release;
		};
		D47C02B02819CA6800D359F5 /* Debug */ = {
			isa = XCBuildConfiguration;
			buildSettings = {
				ASSETCATALOG_COMPILER_APPICON_NAME = AppIcon;
				ASSETCATALOG_COMPILER_GLOBAL_ACCENT_COLOR_NAME = AccentColor;
				CODE_SIGN_ENTITLEMENTS = ProjectMeta/AmbiaMara.entitlements;
				CODE_SIGN_STYLE = Automatic;
				CURRENT_PROJECT_VERSION = 0002;
				DEVELOPMENT_TEAM = KSAUGZFWP2;
				GENERATE_INFOPLIST_FILE = YES;
				INFOPLIST_FILE = Sources/Meta/Info.plist;
				INFOPLIST_KEY_UIApplicationSupportsIndirectInputEvents = YES;
				INFOPLIST_KEY_UILaunchStoryboardName = RVS_AmbiaMara_LaunchScreen;
				INFOPLIST_KEY_UIMainStoryboardFile = RVS_AmbiaMara_Main;
				INFOPLIST_KEY_UISupportedInterfaceOrientations = "UIInterfaceOrientationPortrait UIInterfaceOrientationLandscapeLeft UIInterfaceOrientationLandscapeRight";
				INFOPLIST_KEY_UISupportedInterfaceOrientations_iPad = "UIInterfaceOrientationPortrait UIInterfaceOrientationPortraitUpsideDown UIInterfaceOrientationLandscapeLeft UIInterfaceOrientationLandscapeRight";
				INFOPLIST_KEY_UISupportedInterfaceOrientations_iPhone = "UIInterfaceOrientationPortrait UIInterfaceOrientationLandscapeLeft UIInterfaceOrientationLandscapeRight";
				IPHONEOS_DEPLOYMENT_TARGET = 14.0;
				LD_RUNPATH_SEARCH_PATHS = (
					"$(inherited)",
					"@executable_path/Frameworks",
				);
				MARKETING_VERSION = 2.0.0;
				PRODUCT_BUNDLE_IDENTIFIER = com.riftvalleysoftware.ambiamara;
				PRODUCT_NAME = "$(TARGET_NAME)";
				SUPPORTS_MACCATALYST = YES;
				SWIFT_EMIT_LOC_STRINGS = YES;
				SWIFT_VERSION = 5.0;
				TARGETED_DEVICE_FAMILY = "1,2";
			};
			name = Debug;
		};
		D47C02B12819CA6800D359F5 /* Release */ = {
			isa = XCBuildConfiguration;
			buildSettings = {
				ASSETCATALOG_COMPILER_APPICON_NAME = AppIcon;
				ASSETCATALOG_COMPILER_GLOBAL_ACCENT_COLOR_NAME = AccentColor;
				CODE_SIGN_ENTITLEMENTS = ProjectMeta/AmbiaMara.entitlements;
				CODE_SIGN_STYLE = Automatic;
				CURRENT_PROJECT_VERSION = 0002;
				DEVELOPMENT_TEAM = KSAUGZFWP2;
				GENERATE_INFOPLIST_FILE = YES;
				INFOPLIST_FILE = Sources/Meta/Info.plist;
				INFOPLIST_KEY_UIApplicationSupportsIndirectInputEvents = YES;
				INFOPLIST_KEY_UILaunchStoryboardName = RVS_AmbiaMara_LaunchScreen;
				INFOPLIST_KEY_UIMainStoryboardFile = RVS_AmbiaMara_Main;
				INFOPLIST_KEY_UISupportedInterfaceOrientations = "UIInterfaceOrientationPortrait UIInterfaceOrientationLandscapeLeft UIInterfaceOrientationLandscapeRight";
				INFOPLIST_KEY_UISupportedInterfaceOrientations_iPad = "UIInterfaceOrientationPortrait UIInterfaceOrientationPortraitUpsideDown UIInterfaceOrientationLandscapeLeft UIInterfaceOrientationLandscapeRight";
				INFOPLIST_KEY_UISupportedInterfaceOrientations_iPhone = "UIInterfaceOrientationPortrait UIInterfaceOrientationLandscapeLeft UIInterfaceOrientationLandscapeRight";
				IPHONEOS_DEPLOYMENT_TARGET = 14.0;
				LD_RUNPATH_SEARCH_PATHS = (
					"$(inherited)",
					"@executable_path/Frameworks",
				);
				MARKETING_VERSION = 2.0.0;
				PRODUCT_BUNDLE_IDENTIFIER = com.riftvalleysoftware.ambiamara;
				PRODUCT_NAME = "$(TARGET_NAME)";
				SUPPORTS_MACCATALYST = YES;
				SWIFT_EMIT_LOC_STRINGS = YES;
				SWIFT_VERSION = 5.0;
				TARGETED_DEVICE_FAMILY = "1,2";
			};
			name = Release;
		};
/* End XCBuildConfiguration section */

/* Begin XCConfigurationList section */
		D47C02962819CA6500D359F5 /* Build configuration list for PBXProject "AmbiaMara" */ = {
			isa = XCConfigurationList;
			buildConfigurations = (
				D47C02AD2819CA6800D359F5 /* Debug */,
				D47C02AE2819CA6800D359F5 /* Release */,
			);
			defaultConfigurationIsVisible = 0;
			defaultConfigurationName = Release;
		};
		D47C02AF2819CA6800D359F5 /* Build configuration list for PBXNativeTarget "AmbiaMara" */ = {
			isa = XCConfigurationList;
			buildConfigurations = (
				D47C02B02819CA6800D359F5 /* Debug */,
				D47C02B12819CA6800D359F5 /* Release */,
			);
			defaultConfigurationIsVisible = 0;
			defaultConfigurationName = Release;
		};
/* End XCConfigurationList section */

/* Begin XCRemoteSwiftPackageReference section */
		D44E770A281ACA9C00B491EF /* XCRemoteSwiftPackageReference "RVS_MaskButton" */ = {
			isa = XCRemoteSwiftPackageReference;
			repositoryURL = "git@github.com:RiftValleySoftware/RVS_MaskButton.git";
			requirement = {
				kind = upToNextMajorVersion;
				minimumVersion = 1.1.1;
			};
		};
		D44E770B281ACAEE00B491EF /* XCRemoteSwiftPackageReference "RVS_MaskButton" */ = {
			isa = XCRemoteSwiftPackageReference;
			repositoryURL = "git@github.com:RiftValleySoftware/RVS_MaskButton.git";
			requirement = {
				kind = upToNextMajorVersion;
				minimumVersion = 1.1.1;
			};
		};
		D4C4B70F2819D36800E22ECA /* XCRemoteSwiftPackageReference "RVS_Generic_Swift_Toolbox" */ = {
			isa = XCRemoteSwiftPackageReference;
			repositoryURL = "https://github.com/RiftValleySoftware/RVS_Generic_Swift_Toolbox";
			requirement = {
				kind = upToNextMajorVersion;
				minimumVersion = 1.6.7;
			};
		};
		D4C4B7122819D39B00E22ECA /* XCRemoteSwiftPackageReference "RVS_PersistentPrefs" */ = {
			isa = XCRemoteSwiftPackageReference;
			repositoryURL = "https://github.com/RiftValleySoftware/RVS_PersistentPrefs";
			requirement = {
				kind = upToNextMajorVersion;
				minimumVersion = 1.2.7;
			};
		};
		D4C4B7152819D3D300E22ECA /* XCRemoteSwiftPackageReference "RVS_RetroLEDDisplay" */ = {
			isa = XCRemoteSwiftPackageReference;
			repositoryURL = "git@github.com:RiftValleySoftware/RVS_RetroLEDDisplay.git";
			requirement = {
				kind = upToNextMajorVersion;
				minimumVersion = 1.1.0;
			};
		};
		D4C4B7182819D40500E22ECA /* XCRemoteSwiftPackageReference "RVS_BasicGCDTimer" */ = {
			isa = XCRemoteSwiftPackageReference;
			repositoryURL = "https://github.com/RiftValleySoftware/RVS_BasicGCDTimer.git";
			requirement = {
				kind = upToNextMajorVersion;
				minimumVersion = 1.3.6;
			};
		};
/* End XCRemoteSwiftPackageReference section */

/* Begin XCSwiftPackageProductDependency section */
		D44E770C281ACAEE00B491EF /* RVS-MaskButton */ = {
			isa = XCSwiftPackageProductDependency;
			package = D44E770A281ACA9C00B491EF /* XCRemoteSwiftPackageReference "RVS_MaskButton" */;
			productName = "RVS-MaskButton";
		};
		D4C4B7102819D36800E22ECA /* RVS-Generic-Swift-Toolbox */ = {
			isa = XCSwiftPackageProductDependency;
			package = D4C4B70F2819D36800E22ECA /* XCRemoteSwiftPackageReference "RVS_Generic_Swift_Toolbox" */;
			productName = "RVS-Generic-Swift-Toolbox";
		};
		D4C4B7132819D39B00E22ECA /* RVS-Persistent-Prefs */ = {
			isa = XCSwiftPackageProductDependency;
			package = D4C4B7122819D39B00E22ECA /* XCRemoteSwiftPackageReference "RVS_PersistentPrefs" */;
			productName = "RVS-Persistent-Prefs";
		};
		D4C4B7162819D3D300E22ECA /* RVS-RetroLEDDisplay */ = {
			isa = XCSwiftPackageProductDependency;
			package = D4C4B7152819D3D300E22ECA /* XCRemoteSwiftPackageReference "RVS_RetroLEDDisplay" */;
			productName = "RVS-RetroLEDDisplay";
		};
		D4C4B7192819D40500E22ECA /* RVS-BasicGCDTimer */ = {
			isa = XCSwiftPackageProductDependency;
			package = D4C4B7182819D40500E22ECA /* XCRemoteSwiftPackageReference "RVS_BasicGCDTimer" */;
			productName = "RVS-BasicGCDTimer";
		};
/* End XCSwiftPackageProductDependency section */
	};
	rootObject = D47C02932819CA6500D359F5 /* Project object */;
}
