// !$*UTF8*$!
{
	archiveVersion = 1;
	classes = {
	};
	objectVersion = 48;
	objects = {

/* Begin PBXBuildFile section */
		77052CD71EE0DAAD00DA2E8C /* LGV_Timer_TimerRuntimeViewController.swift in Sources */ = {isa = PBXBuildFile; fileRef = 77052CD61EE0DAAD00DA2E8C /* LGV_Timer_TimerRuntimeViewController.swift */; };
		770FB9B01EE4359300E3120D /* LGV_Timer_InfoViewController.swift in Sources */ = {isa = PBXBuildFile; fileRef = 770FB9AF1EE4359300E3120D /* LGV_Timer_InfoViewController.swift */; };
		771974DE1EF02FD2002C8F62 /* LGV_Timer_SharedDeclarations.swift in Sources */ = {isa = PBXBuildFile; fileRef = 771974DD1EF02FD2002C8F62 /* LGV_Timer_SharedDeclarations.swift */; };
		772A13C61ED5E50C0043C58B /* LGV_Timer_SettingsViewController.swift in Sources */ = {isa = PBXBuildFile; fileRef = 772A13C51ED5E50C0043C58B /* LGV_Timer_SettingsViewController.swift */; };
		772A13CC1ED5E8270043C58B /* LGV_Timer_MainTabController.swift in Sources */ = {isa = PBXBuildFile; fileRef = 772A13CB1ED5E8270043C58B /* LGV_Timer_MainTabController.swift */; };
		772A13D81ED5E8840043C58B /* LGV_Timer_AppDelegate.swift in Sources */ = {isa = PBXBuildFile; fileRef = 772A13D41ED5E8840043C58B /* LGV_Timer_AppDelegate.swift */; };
		772A13E21ED5E8BA0043C58B /* LGV_Timer_LaunchScreen.storyboard in Resources */ = {isa = PBXBuildFile; fileRef = 772A13DC1ED5E8BA0043C58B /* LGV_Timer_LaunchScreen.storyboard */; };
		772A13E31ED5E8BA0043C58B /* LGV_Timer_Main.storyboard in Resources */ = {isa = PBXBuildFile; fileRef = 772A13DE1ED5E8BA0043C58B /* LGV_Timer_Main.storyboard */; };
		772A13E41ED5E8BA0043C58B /* Localizable.strings in Resources */ = {isa = PBXBuildFile; fileRef = 772A13E01ED5E8BA0043C58B /* Localizable.strings */; };
		772A13E61ED5E8F80043C58B /* LGV_Timer_Assets.xcassets in Resources */ = {isa = PBXBuildFile; fileRef = 772A13E51ED5E8F80043C58B /* LGV_Timer_Assets.xcassets */; };
		772BF85D1F0299FD0094AE56 /* LGV_Timer_Complication.swift in Sources */ = {isa = PBXBuildFile; fileRef = 772BF85C1F0299FD0094AE56 /* LGV_Timer_Complication.swift */; };
		772BF9C41ED600B3002D1782 /* LGV_Timer_TimerNavController.swift in Sources */ = {isa = PBXBuildFile; fileRef = 772BF9C31ED600B3002D1782 /* LGV_Timer_TimerNavController.swift */; };
		773E06511EDAFACD003FF9DD /* AppDelegate.swift in Sources */ = {isa = PBXBuildFile; fileRef = 773E06501EDAFACD003FF9DD /* AppDelegate.swift */; };
		773E06531EDAFACD003FF9DD /* ViewController.swift in Sources */ = {isa = PBXBuildFile; fileRef = 773E06521EDAFACD003FF9DD /* ViewController.swift */; };
		773E06561EDAFACD003FF9DD /* Main.storyboard in Resources */ = {isa = PBXBuildFile; fileRef = 773E06541EDAFACD003FF9DD /* Main.storyboard */; };
		773E06581EDAFACD003FF9DD /* Assets.xcassets in Resources */ = {isa = PBXBuildFile; fileRef = 773E06571EDAFACD003FF9DD /* Assets.xcassets */; };
		773E065B1EDAFACD003FF9DD /* LaunchScreen.storyboard in Resources */ = {isa = PBXBuildFile; fileRef = 773E06591EDAFACD003FF9DD /* LaunchScreen.storyboard */; };
		773E06611EDAFB35003FF9DD /* LED_Element.swift in Sources */ = {isa = PBXBuildFile; fileRef = 772A13E81ED5E99B0043C58B /* LED_Element.swift */; };
		773E06621EDAFB35003FF9DD /* LGV_Lib_LEDDisplay.swift in Sources */ = {isa = PBXBuildFile; fileRef = 772A13E91ED5E99B0043C58B /* LGV_Lib_LEDDisplay.swift */; };
		775AE1771EDDDF1D00B168A7 /* LGV_Timer_TimerSetPickerController.swift in Sources */ = {isa = PBXBuildFile; fileRef = 775AE1761EDDDF1D00B168A7 /* LGV_Timer_TimerSetPickerController.swift */; };
		776B24CB1EF7F7B400CBA571 /* LGV_Timer_SharedDeclarations.swift in Sources */ = {isa = PBXBuildFile; fileRef = 771974DD1EF02FD2002C8F62 /* LGV_Timer_SharedDeclarations.swift */; };
		776B24CC1EF7F7B900CBA571 /* Localizable.strings in Resources */ = {isa = PBXBuildFile; fileRef = 772A13E01ED5E8BA0043C58B /* Localizable.strings */; };
		776B24CD1EF7F7BD00CBA571 /* Let's go Digital Regular.ttf in Resources */ = {isa = PBXBuildFile; fileRef = 77AF8C591ED84EC100C88759 /* Let's go Digital Regular.ttf */; };
		7770CB2E1ED6153500ED1F9A /* LGV_Timer_TimerSetController.swift in Sources */ = {isa = PBXBuildFile; fileRef = 7770CB2D1ED6153500ED1F9A /* LGV_Timer_TimerSetController.swift */; };
		7770CB301ED6156300ED1F9A /* LGV_Timer_TimerSetupController.swift in Sources */ = {isa = PBXBuildFile; fileRef = 7770CB2F1ED6156300ED1F9A /* LGV_Timer_TimerSetupController.swift */; };
		777DE4EA1EDF224400B1805A /* LGV_Timer_ColorThemes.xib in Resources */ = {isa = PBXBuildFile; fileRef = 777DE4E81EDF224400B1805A /* LGV_Timer_ColorThemes.xib */; };
		7789C3241ED61CEF009EAB3D /* LGV_Timer_TimerBaseViewController.swift in Sources */ = {isa = PBXBuildFile; fileRef = 7789C3231ED61CEF009EAB3D /* LGV_Timer_TimerBaseViewController.swift */; };
		779692741EFD23B20090D92D /* LGV_Timer_Watch_MainAppInterfaceController.swift in Sources */ = {isa = PBXBuildFile; fileRef = 779692731EFD23B20090D92D /* LGV_Timer_Watch_MainAppInterfaceController.swift */; };
		779ADD001ED89B600050F5E7 /* LGV_Timer_StaticPrefs.swift in Sources */ = {isa = PBXBuildFile; fileRef = 779ADCFF1ED89B600050F5E7 /* LGV_Timer_StaticPrefs.swift */; };
		77A882C51EFD81F900FEBEF6 /* LGV_Timer_Watch_MainTimerHandlerInterfaceController.swift in Sources */ = {isa = PBXBuildFile; fileRef = 777628201EF840590060C085 /* LGV_Timer_Watch_MainTimerHandlerInterfaceController.swift */; };
		77A882C61EFD824900FEBEF6 /* LGV_Timer_Watch_RunningTimerInterfaceController.swift in Sources */ = {isa = PBXBuildFile; fileRef = 77B0F3A91EF93317007A671B /* LGV_Timer_Watch_RunningTimerInterfaceController.swift */; };
		77AF8C5A1ED84EC100C88759 /* Let's go Digital Regular.ttf in Resources */ = {isa = PBXBuildFile; fileRef = 77AF8C591ED84EC100C88759 /* Let's go Digital Regular.ttf */; };
		77BB98E11F12838F0062B14A /* LGV_Timer_TimerEngine.swift in Sources */ = {isa = PBXBuildFile; fileRef = 77BB98E01F12838F0062B14A /* LGV_Timer_TimerEngine.swift */; };
		77CBF4061EF7F6F000B4D4C6 /* Interface.storyboard in Resources */ = {isa = PBXBuildFile; fileRef = 77CBF4041EF7F6F000B4D4C6 /* Interface.storyboard */; };
		77CBF4081EF7F6F000B4D4C6 /* Assets.xcassets in Resources */ = {isa = PBXBuildFile; fileRef = 77CBF4071EF7F6F000B4D4C6 /* Assets.xcassets */; };
		77CBF40F1EF7F6F000B4D4C6 /* X-Timer Companion Extension.appex in Embed App Extensions */ = {isa = PBXBuildFile; fileRef = 77CBF40E1EF7F6F000B4D4C6 /* X-Timer Companion Extension.appex */; settings = {ATTRIBUTES = (RemoveHeadersOnCopy, ); }; };
		77CBF4161EF7F6F000B4D4C6 /* LGV_Timer_Watch_ExtensionDelegate.swift in Sources */ = {isa = PBXBuildFile; fileRef = 77CBF4151EF7F6F000B4D4C6 /* LGV_Timer_Watch_ExtensionDelegate.swift */; };
		77CBF4181EF7F6F000B4D4C6 /* Assets.xcassets in Resources */ = {isa = PBXBuildFile; fileRef = 77CBF4171EF7F6F000B4D4C6 /* Assets.xcassets */; };
		77CBF41C1EF7F6F000B4D4C6 /* X-Timer Companion.app in Embed Watch Content */ = {isa = PBXBuildFile; fileRef = 77CBF4021EF7F6F000B4D4C6 /* X-Timer Companion.app */; };
		77D2BB251EE5A531004B8098 /* Sound-00.aiff in Resources */ = {isa = PBXBuildFile; fileRef = 77D2BB201EE5A531004B8098 /* Sound-00.aiff */; };
		77D2BB261EE5A531004B8098 /* Sound-01.aiff in Resources */ = {isa = PBXBuildFile; fileRef = 77D2BB211EE5A531004B8098 /* Sound-01.aiff */; };
		77D2BB271EE5A531004B8098 /* Sound-02.aiff in Resources */ = {isa = PBXBuildFile; fileRef = 77D2BB221EE5A531004B8098 /* Sound-02.aiff */; };
		77D2BB281EE5A531004B8098 /* Sound-03.aiff in Resources */ = {isa = PBXBuildFile; fileRef = 77D2BB231EE5A531004B8098 /* Sound-03.aiff */; };
		77D2BB291EE5A531004B8098 /* Sound-04.aiff in Resources */ = {isa = PBXBuildFile; fileRef = 77D2BB241EE5A531004B8098 /* Sound-04.aiff */; };
		77F8C37F1EDB20F8000C4B3A /* LED_Element.swift in Sources */ = {isa = PBXBuildFile; fileRef = 772A13E81ED5E99B0043C58B /* LED_Element.swift */; };
		77F8C3801EDB20F8000C4B3A /* LGV_Lib_LEDDisplay.swift in Sources */ = {isa = PBXBuildFile; fileRef = 772A13E91ED5E99B0043C58B /* LGV_Lib_LEDDisplay.swift */; };
/* End PBXBuildFile section */

/* Begin PBXContainerItemProxy section */
		77CBF4101EF7F6F000B4D4C6 /* PBXContainerItemProxy */ = {
			isa = PBXContainerItemProxy;
			containerPortal = 77EFB3D41ED5C1A800BDDEFF /* Project object */;
			proxyType = 1;
			remoteGlobalIDString = 77CBF40D1EF7F6F000B4D4C6;
			remoteInfo = "X-Timer Companion Extension";
		};
		77CBF41A1EF7F6F000B4D4C6 /* PBXContainerItemProxy */ = {
			isa = PBXContainerItemProxy;
			containerPortal = 77EFB3D41ED5C1A800BDDEFF /* Project object */;
			proxyType = 1;
			remoteGlobalIDString = 77CBF4011EF7F6F000B4D4C6;
			remoteInfo = "X-Timer Companion";
		};
/* End PBXContainerItemProxy section */

/* Begin PBXCopyFilesBuildPhase section */
		77CBF4201EF7F6F000B4D4C6 /* Embed App Extensions */ = {
			isa = PBXCopyFilesBuildPhase;
			buildActionMask = 2147483647;
			dstPath = "";
			dstSubfolderSpec = 13;
			files = (
				77CBF40F1EF7F6F000B4D4C6 /* X-Timer Companion Extension.appex in Embed App Extensions */,
			);
			name = "Embed App Extensions";
			runOnlyForDeploymentPostprocessing = 0;
		};
		77D72A811EEC95A5002AD950 /* Embed Watch Content */ = {
			isa = PBXCopyFilesBuildPhase;
			buildActionMask = 2147483647;
			dstPath = "$(CONTENTS_FOLDER_PATH)/Watch";
			dstSubfolderSpec = 16;
			files = (
				77CBF41C1EF7F6F000B4D4C6 /* X-Timer Companion.app in Embed Watch Content */,
			);
			name = "Embed Watch Content";
			runOnlyForDeploymentPostprocessing = 0;
		};
/* End PBXCopyFilesBuildPhase section */

/* Begin PBXFileReference section */
		77052CD61EE0DAAD00DA2E8C /* LGV_Timer_TimerRuntimeViewController.swift */ = {isa = PBXFileReference; fileEncoding = 4; lastKnownFileType = sourcecode.swift; name = LGV_Timer_TimerRuntimeViewController.swift; path = ViewControllers/LGV_Timer_TimerRuntimeViewController.swift; sourceTree = "<group>"; };
		770FB9AF1EE4359300E3120D /* LGV_Timer_InfoViewController.swift */ = {isa = PBXFileReference; fileEncoding = 4; lastKnownFileType = sourcecode.swift; name = LGV_Timer_InfoViewController.swift; path = ViewControllers/LGV_Timer_InfoViewController.swift; sourceTree = "<group>"; };
		771974DD1EF02FD2002C8F62 /* LGV_Timer_SharedDeclarations.swift */ = {isa = PBXFileReference; fileEncoding = 4; lastKnownFileType = sourcecode.swift; name = LGV_Timer_SharedDeclarations.swift; path = Shared/LGV_Timer_SharedDeclarations.swift; sourceTree = "<group>"; };
		772A13C51ED5E50C0043C58B /* LGV_Timer_SettingsViewController.swift */ = {isa = PBXFileReference; fileEncoding = 4; lastKnownFileType = sourcecode.swift; name = LGV_Timer_SettingsViewController.swift; path = ViewControllers/LGV_Timer_SettingsViewController.swift; sourceTree = "<group>"; };
		772A13CB1ED5E8270043C58B /* LGV_Timer_MainTabController.swift */ = {isa = PBXFileReference; fileEncoding = 4; lastKnownFileType = sourcecode.swift; name = LGV_Timer_MainTabController.swift; path = ViewControllers/LGV_Timer_MainTabController.swift; sourceTree = "<group>"; };
		772A13D41ED5E8840043C58B /* LGV_Timer_AppDelegate.swift */ = {isa = PBXFileReference; fileEncoding = 4; lastKnownFileType = sourcecode.swift; name = LGV_Timer_AppDelegate.swift; path = "App Files/LGV_Timer_AppDelegate.swift"; sourceTree = "<group>"; };
		772A13D91ED5E8950043C58B /* Info.plist */ = {isa = PBXFileReference; lastKnownFileType = text.plist.xml; name = Info.plist; path = "App Files/Info.plist"; sourceTree = "<group>"; };
		772A13DD1ED5E8BA0043C58B /* Base */ = {isa = PBXFileReference; lastKnownFileType = file.storyboard; name = Base; path = "App Files/Base.lproj/LGV_Timer_LaunchScreen.storyboard"; sourceTree = "<group>"; };
		772A13DF1ED5E8BA0043C58B /* Base */ = {isa = PBXFileReference; lastKnownFileType = file.storyboard; name = Base; path = "App Files/Base.lproj/LGV_Timer_Main.storyboard"; sourceTree = "<group>"; };
		772A13E11ED5E8BA0043C58B /* Base */ = {isa = PBXFileReference; lastKnownFileType = text.plist.strings; name = Base; path = "App Files/Base.lproj/Localizable.strings"; sourceTree = "<group>"; };
		772A13E51ED5E8F80043C58B /* LGV_Timer_Assets.xcassets */ = {isa = PBXFileReference; lastKnownFileType = folder.assetcatalog; name = LGV_Timer_Assets.xcassets; path = "App Files/LGV_Timer_Assets.xcassets"; sourceTree = "<group>"; };
		772A13E81ED5E99B0043C58B /* LED_Element.swift */ = {isa = PBXFileReference; fileEncoding = 4; lastKnownFileType = sourcecode.swift; path = LED_Element.swift; sourceTree = SOURCE_ROOT; };
		772A13E91ED5E99B0043C58B /* LGV_Lib_LEDDisplay.swift */ = {isa = PBXFileReference; fileEncoding = 4; lastKnownFileType = sourcecode.swift; path = LGV_Lib_LEDDisplay.swift; sourceTree = SOURCE_ROOT; };
		772BF85C1F0299FD0094AE56 /* LGV_Timer_Complication.swift */ = {isa = PBXFileReference; fileEncoding = 4; lastKnownFileType = sourcecode.swift; path = LGV_Timer_Complication.swift; sourceTree = "<group>"; };
		772BF9C31ED600B3002D1782 /* LGV_Timer_TimerNavController.swift */ = {isa = PBXFileReference; fileEncoding = 4; lastKnownFileType = sourcecode.swift; name = LGV_Timer_TimerNavController.swift; path = ViewControllers/LGV_Timer_TimerNavController.swift; sourceTree = "<group>"; };
		773E064E1EDAFACD003FF9DD /* LGV_Lib_LEDDisplay_UI_Test.app */ = {isa = PBXFileReference; explicitFileType = wrapper.application; includeInIndex = 0; path = LGV_Lib_LEDDisplay_UI_Test.app; sourceTree = BUILT_PRODUCTS_DIR; };
		773E06501EDAFACD003FF9DD /* AppDelegate.swift */ = {isa = PBXFileReference; lastKnownFileType = sourcecode.swift; path = AppDelegate.swift; sourceTree = "<group>"; };
		773E06521EDAFACD003FF9DD /* ViewController.swift */ = {isa = PBXFileReference; lastKnownFileType = sourcecode.swift; path = ViewController.swift; sourceTree = "<group>"; };
		773E06551EDAFACD003FF9DD /* Base */ = {isa = PBXFileReference; lastKnownFileType = file.storyboard; name = Base; path = Base.lproj/Main.storyboard; sourceTree = "<group>"; };
		773E06571EDAFACD003FF9DD /* Assets.xcassets */ = {isa = PBXFileReference; lastKnownFileType = folder.assetcatalog; path = Assets.xcassets; sourceTree = "<group>"; };
		773E065A1EDAFACD003FF9DD /* Base */ = {isa = PBXFileReference; lastKnownFileType = file.storyboard; name = Base; path = Base.lproj/LaunchScreen.storyboard; sourceTree = "<group>"; };
		773E065C1EDAFACD003FF9DD /* Info.plist */ = {isa = PBXFileReference; lastKnownFileType = text.plist.xml; path = Info.plist; sourceTree = "<group>"; };
		773E06601EDAFAEB003FF9DD /* TestDisplay.playground */ = {isa = PBXFileReference; lastKnownFileType = file.playground; name = TestDisplay.playground; path = ../TestDisplay.playground; sourceTree = "<group>"; };
		775AE1761EDDDF1D00B168A7 /* LGV_Timer_TimerSetPickerController.swift */ = {isa = PBXFileReference; fileEncoding = 4; lastKnownFileType = sourcecode.swift; name = LGV_Timer_TimerSetPickerController.swift; path = ViewControllers/LGV_Timer_TimerSetPickerController.swift; sourceTree = "<group>"; };
		7770CB2D1ED6153500ED1F9A /* LGV_Timer_TimerSetController.swift */ = {isa = PBXFileReference; fileEncoding = 4; lastKnownFileType = sourcecode.swift; name = LGV_Timer_TimerSetController.swift; path = ViewControllers/LGV_Timer_TimerSetController.swift; sourceTree = "<group>"; };
		7770CB2F1ED6156300ED1F9A /* LGV_Timer_TimerSetupController.swift */ = {isa = PBXFileReference; fileEncoding = 4; lastKnownFileType = sourcecode.swift; name = LGV_Timer_TimerSetupController.swift; path = ViewControllers/LGV_Timer_TimerSetupController.swift; sourceTree = "<group>"; };
		777628201EF840590060C085 /* LGV_Timer_Watch_MainTimerHandlerInterfaceController.swift */ = {isa = PBXFileReference; fileEncoding = 4; lastKnownFileType = sourcecode.swift; path = LGV_Timer_Watch_MainTimerHandlerInterfaceController.swift; sourceTree = "<group>"; };
		777DE4E91EDF224400B1805A /* Base */ = {isa = PBXFileReference; lastKnownFileType = file.xib; name = Base; path = "App Files/Base.lproj/LGV_Timer_ColorThemes.xib"; sourceTree = "<group>"; };
		7789C3231ED61CEF009EAB3D /* LGV_Timer_TimerBaseViewController.swift */ = {isa = PBXFileReference; fileEncoding = 4; lastKnownFileType = sourcecode.swift; name = LGV_Timer_TimerBaseViewController.swift; path = ViewControllers/LGV_Timer_TimerBaseViewController.swift; sourceTree = "<group>"; };
		779692731EFD23B20090D92D /* LGV_Timer_Watch_MainAppInterfaceController.swift */ = {isa = PBXFileReference; fileEncoding = 4; lastKnownFileType = sourcecode.swift; path = LGV_Timer_Watch_MainAppInterfaceController.swift; sourceTree = "<group>"; };
		779ADCFF1ED89B600050F5E7 /* LGV_Timer_StaticPrefs.swift */ = {isa = PBXFileReference; fileEncoding = 4; lastKnownFileType = sourcecode.swift; name = LGV_Timer_StaticPrefs.swift; path = "App Files/LGV_Timer_StaticPrefs.swift"; sourceTree = "<group>"; };
		77AF8C591ED84EC100C88759 /* Let's go Digital Regular.ttf */ = {isa = PBXFileReference; lastKnownFileType = file; name = "Let's go Digital Regular.ttf"; path = "LGV_Timer/App Files/Let's go Digital Regular.ttf"; sourceTree = "<group>"; };
		77B0F3A91EF93317007A671B /* LGV_Timer_Watch_RunningTimerInterfaceController.swift */ = {isa = PBXFileReference; fileEncoding = 4; lastKnownFileType = sourcecode.swift; path = LGV_Timer_Watch_RunningTimerInterfaceController.swift; sourceTree = "<group>"; };
		77B291131ED5C37C00AD3720 /* README.md */ = {isa = PBXFileReference; lastKnownFileType = net.daringfireball.markdown; path = README.md; sourceTree = "<group>"; };
		77BB98E01F12838F0062B14A /* LGV_Timer_TimerEngine.swift */ = {isa = PBXFileReference; lastKnownFileType = sourcecode.swift; name = LGV_Timer_TimerEngine.swift; path = "App Files/LGV_Timer_TimerEngine.swift"; sourceTree = "<group>"; };
		77CBF4021EF7F6F000B4D4C6 /* X-Timer Companion.app */ = {isa = PBXFileReference; explicitFileType = wrapper.application; includeInIndex = 0; path = "X-Timer Companion.app"; sourceTree = BUILT_PRODUCTS_DIR; };
		77CBF4051EF7F6F000B4D4C6 /* Base */ = {isa = PBXFileReference; lastKnownFileType = file.storyboard; name = Base; path = Base.lproj/Interface.storyboard; sourceTree = "<group>"; };
		77CBF4071EF7F6F000B4D4C6 /* Assets.xcassets */ = {isa = PBXFileReference; lastKnownFileType = folder.assetcatalog; path = Assets.xcassets; sourceTree = "<group>"; };
		77CBF4091EF7F6F000B4D4C6 /* Info.plist */ = {isa = PBXFileReference; lastKnownFileType = text.plist.xml; path = Info.plist; sourceTree = "<group>"; };
		77CBF40E1EF7F6F000B4D4C6 /* X-Timer Companion Extension.appex */ = {isa = PBXFileReference; explicitFileType = "wrapper.app-extension"; includeInIndex = 0; path = "X-Timer Companion Extension.appex"; sourceTree = BUILT_PRODUCTS_DIR; };
		77CBF4151EF7F6F000B4D4C6 /* LGV_Timer_Watch_ExtensionDelegate.swift */ = {isa = PBXFileReference; lastKnownFileType = sourcecode.swift; path = LGV_Timer_Watch_ExtensionDelegate.swift; sourceTree = "<group>"; };
		77CBF4171EF7F6F000B4D4C6 /* Assets.xcassets */ = {isa = PBXFileReference; lastKnownFileType = folder.assetcatalog; path = Assets.xcassets; sourceTree = "<group>"; };
		77CBF4191EF7F6F000B4D4C6 /* Info.plist */ = {isa = PBXFileReference; lastKnownFileType = text.plist.xml; path = Info.plist; sourceTree = "<group>"; };
		77D2BB201EE5A531004B8098 /* Sound-00.aiff */ = {isa = PBXFileReference; lastKnownFileType = audio.aiff; path = "Sound-00.aiff"; sourceTree = "<group>"; };
		77D2BB211EE5A531004B8098 /* Sound-01.aiff */ = {isa = PBXFileReference; lastKnownFileType = audio.aiff; path = "Sound-01.aiff"; sourceTree = "<group>"; };
		77D2BB221EE5A531004B8098 /* Sound-02.aiff */ = {isa = PBXFileReference; lastKnownFileType = audio.aiff; path = "Sound-02.aiff"; sourceTree = "<group>"; };
		77D2BB231EE5A531004B8098 /* Sound-03.aiff */ = {isa = PBXFileReference; lastKnownFileType = audio.aiff; path = "Sound-03.aiff"; sourceTree = "<group>"; };
		77D2BB241EE5A531004B8098 /* Sound-04.aiff */ = {isa = PBXFileReference; lastKnownFileType = audio.aiff; path = "Sound-04.aiff"; sourceTree = "<group>"; };
		77EFB3DC1ED5C1A800BDDEFF /* X-Timer.app */ = {isa = PBXFileReference; explicitFileType = wrapper.application; includeInIndex = 0; path = "X-Timer.app"; sourceTree = BUILT_PRODUCTS_DIR; };
/* End PBXFileReference section */

/* Begin PBXFrameworksBuildPhase section */
		773E064B1EDAFACD003FF9DD /* Frameworks */ = {
			isa = PBXFrameworksBuildPhase;
			buildActionMask = 2147483647;
			files = (
			);
			runOnlyForDeploymentPostprocessing = 0;
		};
		77CBF40B1EF7F6F000B4D4C6 /* Frameworks */ = {
			isa = PBXFrameworksBuildPhase;
			buildActionMask = 2147483647;
			files = (
			);
			runOnlyForDeploymentPostprocessing = 0;
		};
		77EFB3D91ED5C1A800BDDEFF /* Frameworks */ = {
			isa = PBXFrameworksBuildPhase;
			buildActionMask = 2147483647;
			files = (
			);
			runOnlyForDeploymentPostprocessing = 0;
		};
/* End PBXFrameworksBuildPhase section */

/* Begin PBXGroup section */
		772A13E71ED5E95A0043C58B /* App Files */ = {
			isa = PBXGroup;
			children = (
				772A13D91ED5E8950043C58B /* Info.plist */,
				772A13D41ED5E8840043C58B /* LGV_Timer_AppDelegate.swift */,
				779ADCFF1ED89B600050F5E7 /* LGV_Timer_StaticPrefs.swift */,
				77BB98E01F12838F0062B14A /* LGV_Timer_TimerEngine.swift */,
			);
			name = "App Files";
			sourceTree = "<group>";
		};
		773E064F1EDAFACD003FF9DD /* LGV_Lib_LEDDisplay_UI_Test */ = {
			isa = PBXGroup;
			children = (
				773E06601EDAFAEB003FF9DD /* TestDisplay.playground */,
				773E06501EDAFACD003FF9DD /* AppDelegate.swift */,
				773E06521EDAFACD003FF9DD /* ViewController.swift */,
				773E06541EDAFACD003FF9DD /* Main.storyboard */,
				773E06571EDAFACD003FF9DD /* Assets.xcassets */,
				773E06591EDAFACD003FF9DD /* LaunchScreen.storyboard */,
				773E065C1EDAFACD003FF9DD /* Info.plist */,
			);
			path = LGV_Lib_LEDDisplay_UI_Test;
			sourceTree = "<group>";
		};
		775ACED81ED5C25A0097FF5C /* Resources */ = {
			isa = PBXGroup;
			children = (
				772A13DE1ED5E8BA0043C58B /* LGV_Timer_Main.storyboard */,
				772A13DC1ED5E8BA0043C58B /* LGV_Timer_LaunchScreen.storyboard */,
				777DE4E81EDF224400B1805A /* LGV_Timer_ColorThemes.xib */,
				772A13E51ED5E8F80043C58B /* LGV_Timer_Assets.xcassets */,
				77D2BB1F1EE5A531004B8098 /* Beeps */,
			);
			name = Resources;
			sourceTree = "<group>";
		};
		775ACED91ED5C26C0097FF5C /* ViewControllers */ = {
			isa = PBXGroup;
			children = (
				772A13CB1ED5E8270043C58B /* LGV_Timer_MainTabController.swift */,
				7789C3231ED61CEF009EAB3D /* LGV_Timer_TimerBaseViewController.swift */,
				772A13C51ED5E50C0043C58B /* LGV_Timer_SettingsViewController.swift */,
				770FB9AF1EE4359300E3120D /* LGV_Timer_InfoViewController.swift */,
				772BF9C31ED600B3002D1782 /* LGV_Timer_TimerNavController.swift */,
				775AE1761EDDDF1D00B168A7 /* LGV_Timer_TimerSetPickerController.swift */,
				7770CB2D1ED6153500ED1F9A /* LGV_Timer_TimerSetController.swift */,
				7770CB2F1ED6156300ED1F9A /* LGV_Timer_TimerSetupController.swift */,
				77052CD61EE0DAAD00DA2E8C /* LGV_Timer_TimerRuntimeViewController.swift */,
			);
			name = ViewControllers;
			sourceTree = "<group>";
		};
		775ACEDA1ED5C2BA0097FF5C /* LGV_Timer */ = {
			isa = PBXGroup;
			children = (
				772A13E71ED5E95A0043C58B /* App Files */,
				775ACED91ED5C26C0097FF5C /* ViewControllers */,
				775ACED81ED5C25A0097FF5C /* Resources */,
			);
			path = LGV_Timer;
			sourceTree = "<group>";
		};
		778D87281EF405D6004D848D /* Shared Between Watch and Phone */ = {
			isa = PBXGroup;
			children = (
				771974DD1EF02FD2002C8F62 /* LGV_Timer_SharedDeclarations.swift */,
				772A13E01ED5E8BA0043C58B /* Localizable.strings */,
				77AF8C591ED84EC100C88759 /* Let's go Digital Regular.ttf */,
			);
			name = "Shared Between Watch and Phone";
			sourceTree = "<group>";
		};
		77CBF4031EF7F6F000B4D4C6 /* X-Timer Companion */ = {
			isa = PBXGroup;
			children = (
				77CBF4041EF7F6F000B4D4C6 /* Interface.storyboard */,
				77CBF4071EF7F6F000B4D4C6 /* Assets.xcassets */,
				77CBF4091EF7F6F000B4D4C6 /* Info.plist */,
			);
			path = "X-Timer Companion";
			sourceTree = "<group>";
		};
		77CBF4121EF7F6F000B4D4C6 /* X-Timer Companion Extension */ = {
			isa = PBXGroup;
			children = (
				77CBF4151EF7F6F000B4D4C6 /* LGV_Timer_Watch_ExtensionDelegate.swift */,
				779692731EFD23B20090D92D /* LGV_Timer_Watch_MainAppInterfaceController.swift */,
				777628201EF840590060C085 /* LGV_Timer_Watch_MainTimerHandlerInterfaceController.swift */,
				77B0F3A91EF93317007A671B /* LGV_Timer_Watch_RunningTimerInterfaceController.swift */,
				772BF85C1F0299FD0094AE56 /* LGV_Timer_Complication.swift */,
				77CBF4171EF7F6F000B4D4C6 /* Assets.xcassets */,
				77CBF4191EF7F6F000B4D4C6 /* Info.plist */,
			);
			path = "X-Timer Companion Extension";
			sourceTree = "<group>";
		};
		77CD9AA81F0FCD8100EB4134 /* LED Display Classes */ = {
			isa = PBXGroup;
			children = (
				772A13E81ED5E99B0043C58B /* LED_Element.swift */,
				772A13E91ED5E99B0043C58B /* LGV_Lib_LEDDisplay.swift */,
			);
			name = "LED Display Classes";
			sourceTree = "<group>";
		};
		77D2BB1F1EE5A531004B8098 /* Beeps */ = {
			isa = PBXGroup;
			children = (
				77D2BB201EE5A531004B8098 /* Sound-00.aiff */,
				77D2BB211EE5A531004B8098 /* Sound-01.aiff */,
				77D2BB221EE5A531004B8098 /* Sound-02.aiff */,
				77D2BB231EE5A531004B8098 /* Sound-03.aiff */,
				77D2BB241EE5A531004B8098 /* Sound-04.aiff */,
			);
			name = Beeps;
			path = "App Files/Beeps";
			sourceTree = "<group>";
		};
		77EFB3D31ED5C1A800BDDEFF = {
			isa = PBXGroup;
			children = (
				77B291131ED5C37C00AD3720 /* README.md */,
				773E064F1EDAFACD003FF9DD /* LGV_Lib_LEDDisplay_UI_Test */,
				77CD9AA81F0FCD8100EB4134 /* LED Display Classes */,
				778D87281EF405D6004D848D /* Shared Between Watch and Phone */,
				775ACEDA1ED5C2BA0097FF5C /* LGV_Timer */,
				77CBF4031EF7F6F000B4D4C6 /* X-Timer Companion */,
				77CBF4121EF7F6F000B4D4C6 /* X-Timer Companion Extension */,
				77EFB3DD1ED5C1A800BDDEFF /* Products */,
			);
			sourceTree = "<group>";
		};
		77EFB3DD1ED5C1A800BDDEFF /* Products */ = {
			isa = PBXGroup;
			children = (
				77EFB3DC1ED5C1A800BDDEFF /* X-Timer.app */,
				773E064E1EDAFACD003FF9DD /* LGV_Lib_LEDDisplay_UI_Test.app */,
				77CBF4021EF7F6F000B4D4C6 /* X-Timer Companion.app */,
				77CBF40E1EF7F6F000B4D4C6 /* X-Timer Companion Extension.appex */,
			);
			name = Products;
			sourceTree = "<group>";
		};
/* End PBXGroup section */

/* Begin PBXNativeTarget section */
		773E064D1EDAFACD003FF9DD /* LGV_Lib_LEDDisplay_UI_Test */ = {
			isa = PBXNativeTarget;
			buildConfigurationList = 773E065F1EDAFACD003FF9DD /* Build configuration list for PBXNativeTarget "LGV_Lib_LEDDisplay_UI_Test" */;
			buildPhases = (
				773E064A1EDAFACD003FF9DD /* Sources */,
				773E064B1EDAFACD003FF9DD /* Frameworks */,
				773E064C1EDAFACD003FF9DD /* Resources */,
			);
			buildRules = (
			);
			dependencies = (
			);
			name = LGV_Lib_LEDDisplay_UI_Test;
			productName = LGV_Lib_LEDDisplay_UI_Test;
			productReference = 773E064E1EDAFACD003FF9DD /* LGV_Lib_LEDDisplay_UI_Test.app */;
			productType = "com.apple.product-type.application";
		};
		77CBF4011EF7F6F000B4D4C6 /* X-Timer Companion */ = {
			isa = PBXNativeTarget;
			buildConfigurationList = 77CBF4211EF7F6F000B4D4C6 /* Build configuration list for PBXNativeTarget "X-Timer Companion" */;
			buildPhases = (
				77CBF4001EF7F6F000B4D4C6 /* Resources */,
				77CBF4201EF7F6F000B4D4C6 /* Embed App Extensions */,
			);
			buildRules = (
			);
			dependencies = (
				77CBF4111EF7F6F000B4D4C6 /* PBXTargetDependency */,
			);
			name = "X-Timer Companion";
			productName = "X-Timer Companion";
			productReference = 77CBF4021EF7F6F000B4D4C6 /* X-Timer Companion.app */;
			productType = "com.apple.product-type.application.watchapp2";
		};
		77CBF40D1EF7F6F000B4D4C6 /* X-Timer Companion Extension */ = {
			isa = PBXNativeTarget;
			buildConfigurationList = 77CBF41D1EF7F6F000B4D4C6 /* Build configuration list for PBXNativeTarget "X-Timer Companion Extension" */;
			buildPhases = (
				77CBF40A1EF7F6F000B4D4C6 /* Sources */,
				77CBF40B1EF7F6F000B4D4C6 /* Frameworks */,
				77CBF40C1EF7F6F000B4D4C6 /* Resources */,
			);
			buildRules = (
			);
			dependencies = (
			);
			name = "X-Timer Companion Extension";
			productName = "X-Timer Companion Extension";
			productReference = 77CBF40E1EF7F6F000B4D4C6 /* X-Timer Companion Extension.appex */;
			productType = "com.apple.product-type.watchkit2-extension";
		};
		77EFB3DB1ED5C1A800BDDEFF /* X-Timer */ = {
			isa = PBXNativeTarget;
			buildConfigurationList = 77EFB3EE1ED5C1A800BDDEFF /* Build configuration list for PBXNativeTarget "X-Timer" */;
			buildPhases = (
				77EFB3D81ED5C1A800BDDEFF /* Sources */,
				77EFB3D91ED5C1A800BDDEFF /* Frameworks */,
				77EFB3DA1ED5C1A800BDDEFF /* Resources */,
				77D72A811EEC95A5002AD950 /* Embed Watch Content */,
			);
			buildRules = (
			);
			dependencies = (
				77CBF41B1EF7F6F000B4D4C6 /* PBXTargetDependency */,
			);
			name = "X-Timer";
			productName = LGV_Timer;
			productReference = 77EFB3DC1ED5C1A800BDDEFF /* X-Timer.app */;
			productType = "com.apple.product-type.application";
		};
/* End PBXNativeTarget section */

/* Begin PBXProject section */
		77EFB3D41ED5C1A800BDDEFF /* Project object */ = {
			isa = PBXProject;
			attributes = {
				LastSwiftUpdateCheck = 0830;
				LastUpgradeCheck = 0900;
				ORGANIZATIONNAME = "Little Green Viper Software Development LLC";
				TargetAttributes = {
					773E064D1EDAFACD003FF9DD = {
						CreatedOnToolsVersion = 8.3.2;
						ProvisioningStyle = Automatic;
					};
					77CBF4011EF7F6F000B4D4C6 = {
						CreatedOnToolsVersion = 8.3.3;
						ProvisioningStyle = Automatic;
					};
					77CBF40D1EF7F6F000B4D4C6 = {
						CreatedOnToolsVersion = 8.3.3;
						LastSwiftMigration = 0900;
						ProvisioningStyle = Automatic;
					};
					77EFB3DB1ED5C1A800BDDEFF = {
						CreatedOnToolsVersion = 8.3.2;
						LastSwiftMigration = 0900;
						ProvisioningStyle = Automatic;
						SystemCapabilities = {
							com.apple.BackgroundModes = {
								enabled = 0;
							};
						};
					};
				};
			};
			buildConfigurationList = 77EFB3D71ED5C1A800BDDEFF /* Build configuration list for PBXProject "LGV_Timer" */;
			compatibilityVersion = "Xcode 8.0";
			developmentRegion = English;
			hasScannedForEncodings = 0;
			knownRegions = (
				en,
				Base,
			);
			mainGroup = 77EFB3D31ED5C1A800BDDEFF;
			productRefGroup = 77EFB3DD1ED5C1A800BDDEFF /* Products */;
			projectDirPath = "";
			projectRoot = "";
			targets = (
				773E064D1EDAFACD003FF9DD /* LGV_Lib_LEDDisplay_UI_Test */,
				77EFB3DB1ED5C1A800BDDEFF /* X-Timer */,
				77CBF4011EF7F6F000B4D4C6 /* X-Timer Companion */,
				77CBF40D1EF7F6F000B4D4C6 /* X-Timer Companion Extension */,
			);
		};
/* End PBXProject section */

/* Begin PBXResourcesBuildPhase section */
		773E064C1EDAFACD003FF9DD /* Resources */ = {
			isa = PBXResourcesBuildPhase;
			buildActionMask = 2147483647;
			files = (
				773E065B1EDAFACD003FF9DD /* LaunchScreen.storyboard in Resources */,
				773E06581EDAFACD003FF9DD /* Assets.xcassets in Resources */,
				773E06561EDAFACD003FF9DD /* Main.storyboard in Resources */,
			);
			runOnlyForDeploymentPostprocessing = 0;
		};
		77CBF4001EF7F6F000B4D4C6 /* Resources */ = {
			isa = PBXResourcesBuildPhase;
			buildActionMask = 2147483647;
			files = (
				77CBF4081EF7F6F000B4D4C6 /* Assets.xcassets in Resources */,
				776B24CD1EF7F7BD00CBA571 /* Let's go Digital Regular.ttf in Resources */,
				776B24CC1EF7F7B900CBA571 /* Localizable.strings in Resources */,
				77CBF4061EF7F6F000B4D4C6 /* Interface.storyboard in Resources */,
			);
			runOnlyForDeploymentPostprocessing = 0;
		};
		77CBF40C1EF7F6F000B4D4C6 /* Resources */ = {
			isa = PBXResourcesBuildPhase;
			buildActionMask = 2147483647;
			files = (
				77CBF4181EF7F6F000B4D4C6 /* Assets.xcassets in Resources */,
			);
			runOnlyForDeploymentPostprocessing = 0;
		};
		77EFB3DA1ED5C1A800BDDEFF /* Resources */ = {
			isa = PBXResourcesBuildPhase;
			buildActionMask = 2147483647;
			files = (
				77D2BB251EE5A531004B8098 /* Sound-00.aiff in Resources */,
				77D2BB261EE5A531004B8098 /* Sound-01.aiff in Resources */,
				77D2BB271EE5A531004B8098 /* Sound-02.aiff in Resources */,
				77D2BB281EE5A531004B8098 /* Sound-03.aiff in Resources */,
				77D2BB291EE5A531004B8098 /* Sound-04.aiff in Resources */,
				77AF8C5A1ED84EC100C88759 /* Let's go Digital Regular.ttf in Resources */,
				772A13E21ED5E8BA0043C58B /* LGV_Timer_LaunchScreen.storyboard in Resources */,
				772A13E31ED5E8BA0043C58B /* LGV_Timer_Main.storyboard in Resources */,
				777DE4EA1EDF224400B1805A /* LGV_Timer_ColorThemes.xib in Resources */,
				772A13E41ED5E8BA0043C58B /* Localizable.strings in Resources */,
				772A13E61ED5E8F80043C58B /* LGV_Timer_Assets.xcassets in Resources */,
			);
			runOnlyForDeploymentPostprocessing = 0;
		};
/* End PBXResourcesBuildPhase section */

/* Begin PBXSourcesBuildPhase section */
		773E064A1EDAFACD003FF9DD /* Sources */ = {
			isa = PBXSourcesBuildPhase;
			buildActionMask = 2147483647;
			files = (
				773E06621EDAFB35003FF9DD /* LGV_Lib_LEDDisplay.swift in Sources */,
				773E06531EDAFACD003FF9DD /* ViewController.swift in Sources */,
				773E06511EDAFACD003FF9DD /* AppDelegate.swift in Sources */,
				773E06611EDAFB35003FF9DD /* LED_Element.swift in Sources */,
			);
			runOnlyForDeploymentPostprocessing = 0;
		};
		77CBF40A1EF7F6F000B4D4C6 /* Sources */ = {
			isa = PBXSourcesBuildPhase;
			buildActionMask = 2147483647;
			files = (
				77A882C61EFD824900FEBEF6 /* LGV_Timer_Watch_RunningTimerInterfaceController.swift in Sources */,
				77CBF4161EF7F6F000B4D4C6 /* LGV_Timer_Watch_ExtensionDelegate.swift in Sources */,
				776B24CB1EF7F7B400CBA571 /* LGV_Timer_SharedDeclarations.swift in Sources */,
				779692741EFD23B20090D92D /* LGV_Timer_Watch_MainAppInterfaceController.swift in Sources */,
				77A882C51EFD81F900FEBEF6 /* LGV_Timer_Watch_MainTimerHandlerInterfaceController.swift in Sources */,
				772BF85D1F0299FD0094AE56 /* LGV_Timer_Complication.swift in Sources */,
			);
			runOnlyForDeploymentPostprocessing = 0;
		};
		77EFB3D81ED5C1A800BDDEFF /* Sources */ = {
			isa = PBXSourcesBuildPhase;
			buildActionMask = 2147483647;
			files = (
				77F8C3801EDB20F8000C4B3A /* LGV_Lib_LEDDisplay.swift in Sources */,
				7770CB301ED6156300ED1F9A /* LGV_Timer_TimerSetupController.swift in Sources */,
				77BB98E11F12838F0062B14A /* LGV_Timer_TimerEngine.swift in Sources */,
				772A13D81ED5E8840043C58B /* LGV_Timer_AppDelegate.swift in Sources */,
				772A13CC1ED5E8270043C58B /* LGV_Timer_MainTabController.swift in Sources */,
				77F8C37F1EDB20F8000C4B3A /* LED_Element.swift in Sources */,
				77052CD71EE0DAAD00DA2E8C /* LGV_Timer_TimerRuntimeViewController.swift in Sources */,
				772A13C61ED5E50C0043C58B /* LGV_Timer_SettingsViewController.swift in Sources */,
				7789C3241ED61CEF009EAB3D /* LGV_Timer_TimerBaseViewController.swift in Sources */,
				7770CB2E1ED6153500ED1F9A /* LGV_Timer_TimerSetController.swift in Sources */,
				775AE1771EDDDF1D00B168A7 /* LGV_Timer_TimerSetPickerController.swift in Sources */,
				770FB9B01EE4359300E3120D /* LGV_Timer_InfoViewController.swift in Sources */,
				779ADD001ED89B600050F5E7 /* LGV_Timer_StaticPrefs.swift in Sources */,
				772BF9C41ED600B3002D1782 /* LGV_Timer_TimerNavController.swift in Sources */,
				771974DE1EF02FD2002C8F62 /* LGV_Timer_SharedDeclarations.swift in Sources */,
			);
			runOnlyForDeploymentPostprocessing = 0;
		};
/* End PBXSourcesBuildPhase section */

/* Begin PBXTargetDependency section */
		77CBF4111EF7F6F000B4D4C6 /* PBXTargetDependency */ = {
			isa = PBXTargetDependency;
			target = 77CBF40D1EF7F6F000B4D4C6 /* X-Timer Companion Extension */;
			targetProxy = 77CBF4101EF7F6F000B4D4C6 /* PBXContainerItemProxy */;
		};
		77CBF41B1EF7F6F000B4D4C6 /* PBXTargetDependency */ = {
			isa = PBXTargetDependency;
			target = 77CBF4011EF7F6F000B4D4C6 /* X-Timer Companion */;
			targetProxy = 77CBF41A1EF7F6F000B4D4C6 /* PBXContainerItemProxy */;
		};
/* End PBXTargetDependency section */

/* Begin PBXVariantGroup section */
		772A13DC1ED5E8BA0043C58B /* LGV_Timer_LaunchScreen.storyboard */ = {
			isa = PBXVariantGroup;
			children = (
				772A13DD1ED5E8BA0043C58B /* Base */,
			);
			name = LGV_Timer_LaunchScreen.storyboard;
			sourceTree = "<group>";
		};
		772A13DE1ED5E8BA0043C58B /* LGV_Timer_Main.storyboard */ = {
			isa = PBXVariantGroup;
			children = (
				772A13DF1ED5E8BA0043C58B /* Base */,
			);
			name = LGV_Timer_Main.storyboard;
			sourceTree = "<group>";
		};
		772A13E01ED5E8BA0043C58B /* Localizable.strings */ = {
			isa = PBXVariantGroup;
			children = (
				772A13E11ED5E8BA0043C58B /* Base */,
			);
			name = Localizable.strings;
			path = LGV_Timer;
			sourceTree = "<group>";
		};
		773E06541EDAFACD003FF9DD /* Main.storyboard */ = {
			isa = PBXVariantGroup;
			children = (
				773E06551EDAFACD003FF9DD /* Base */,
			);
			name = Main.storyboard;
			sourceTree = "<group>";
		};
		773E06591EDAFACD003FF9DD /* LaunchScreen.storyboard */ = {
			isa = PBXVariantGroup;
			children = (
				773E065A1EDAFACD003FF9DD /* Base */,
			);
			name = LaunchScreen.storyboard;
			sourceTree = "<group>";
		};
		777DE4E81EDF224400B1805A /* LGV_Timer_ColorThemes.xib */ = {
			isa = PBXVariantGroup;
			children = (
				777DE4E91EDF224400B1805A /* Base */,
			);
			name = LGV_Timer_ColorThemes.xib;
			sourceTree = "<group>";
		};
		77CBF4041EF7F6F000B4D4C6 /* Interface.storyboard */ = {
			isa = PBXVariantGroup;
			children = (
				77CBF4051EF7F6F000B4D4C6 /* Base */,
			);
			name = Interface.storyboard;
			sourceTree = "<group>";
		};
/* End PBXVariantGroup section */

/* Begin XCBuildConfiguration section */
		773E065D1EDAFACD003FF9DD /* Debug */ = {
			isa = XCBuildConfiguration;
			buildSettings = {
				ASSETCATALOG_COMPILER_APPICON_NAME = AppIcon;
				DEVELOPMENT_TEAM = P53V4JS928;
				INFOPLIST_FILE = LGV_Lib_LEDDisplay_UI_Test/Info.plist;
				IPHONEOS_DEPLOYMENT_TARGET = 10.3;
				LD_RUNPATH_SEARCH_PATHS = "$(inherited) @executable_path/Frameworks";
				PRODUCT_BUNDLE_IDENTIFIER = "com.littlegreenviper.LGV-Lib-LEDDisplay-UI-Test";
				PRODUCT_NAME = "$(TARGET_NAME)";
				SWIFT_VERSION = 3.0;
			};
			name = Debug;
		};
		773E065E1EDAFACD003FF9DD /* Release */ = {
			isa = XCBuildConfiguration;
			buildSettings = {
				ASSETCATALOG_COMPILER_APPICON_NAME = AppIcon;
				DEVELOPMENT_TEAM = P53V4JS928;
				INFOPLIST_FILE = LGV_Lib_LEDDisplay_UI_Test/Info.plist;
				IPHONEOS_DEPLOYMENT_TARGET = 10.3;
				LD_RUNPATH_SEARCH_PATHS = "$(inherited) @executable_path/Frameworks";
				PRODUCT_BUNDLE_IDENTIFIER = "com.littlegreenviper.LGV-Lib-LEDDisplay-UI-Test";
				PRODUCT_NAME = "$(TARGET_NAME)";
				SWIFT_VERSION = 3.0;
			};
			name = Release;
		};
		77CBF41E1EF7F6F000B4D4C6 /* Debug */ = {
			isa = XCBuildConfiguration;
			buildSettings = {
				ASSETCATALOG_COMPILER_COMPLICATION_NAME = Complication;
				DEVELOPMENT_TEAM = P53V4JS928;
				INFOPLIST_FILE = "X-Timer Companion Extension/Info.plist";
				LD_RUNPATH_SEARCH_PATHS = "$(inherited) @executable_path/Frameworks @executable_path/../../Frameworks";
				PRODUCT_BUNDLE_IDENTIFIER = "com.littlegreenviper.X-Timer.watchkitapp.watchkitextension";
				PRODUCT_NAME = "${TARGET_NAME}";
				SDKROOT = watchos;
				SKIP_INSTALL = YES;
				SWIFT_SWIFT3_OBJC_INFERENCE = Off;
				SWIFT_VERSION = 4.0;
				TARGETED_DEVICE_FAMILY = 4;
				WATCHOS_DEPLOYMENT_TARGET = 3.0;
			};
			name = Debug;
		};
		77CBF41F1EF7F6F000B4D4C6 /* Release */ = {
			isa = XCBuildConfiguration;
			buildSettings = {
				ASSETCATALOG_COMPILER_COMPLICATION_NAME = Complication;
				DEVELOPMENT_TEAM = P53V4JS928;
				INFOPLIST_FILE = "X-Timer Companion Extension/Info.plist";
				LD_RUNPATH_SEARCH_PATHS = "$(inherited) @executable_path/Frameworks @executable_path/../../Frameworks";
				PRODUCT_BUNDLE_IDENTIFIER = "com.littlegreenviper.X-Timer.watchkitapp.watchkitextension";
				PRODUCT_NAME = "${TARGET_NAME}";
				SDKROOT = watchos;
				SKIP_INSTALL = YES;
				SWIFT_SWIFT3_OBJC_INFERENCE = Off;
				SWIFT_VERSION = 4.0;
				TARGETED_DEVICE_FAMILY = 4;
				WATCHOS_DEPLOYMENT_TARGET = 3.0;
			};
			name = Release;
		};
		77CBF4221EF7F6F000B4D4C6 /* Debug */ = {
			isa = XCBuildConfiguration;
			buildSettings = {
				ALWAYS_EMBED_SWIFT_STANDARD_LIBRARIES = YES;
				ASSETCATALOG_COMPILER_APPICON_NAME = WatchAppIcon;
				DEVELOPMENT_TEAM = P53V4JS928;
				IBSC_MODULE = X_Timer_Companion_Extension;
				INFOPLIST_FILE = "X-Timer Companion/Info.plist";
				PRODUCT_BUNDLE_IDENTIFIER = "com.littlegreenviper.X-Timer.watchkitapp";
				PRODUCT_NAME = "$(TARGET_NAME)";
				SDKROOT = watchos;
				SKIP_INSTALL = YES;
				SWIFT_VERSION = 3.0;
				TARGETED_DEVICE_FAMILY = 4;
				WATCHOS_DEPLOYMENT_TARGET = 3.0;
			};
			name = Debug;
		};
		77CBF4231EF7F6F000B4D4C6 /* Release */ = {
			isa = XCBuildConfiguration;
			buildSettings = {
				ALWAYS_EMBED_SWIFT_STANDARD_LIBRARIES = YES;
				ASSETCATALOG_COMPILER_APPICON_NAME = WatchAppIcon;
				DEVELOPMENT_TEAM = P53V4JS928;
				IBSC_MODULE = X_Timer_Companion_Extension;
				INFOPLIST_FILE = "X-Timer Companion/Info.plist";
				PRODUCT_BUNDLE_IDENTIFIER = "com.littlegreenviper.X-Timer.watchkitapp";
				PRODUCT_NAME = "$(TARGET_NAME)";
				SDKROOT = watchos;
				SKIP_INSTALL = YES;
				SWIFT_VERSION = 3.0;
				TARGETED_DEVICE_FAMILY = 4;
				WATCHOS_DEPLOYMENT_TARGET = 3.0;
			};
			name = Release;
		};
		77EFB3EC1ED5C1A800BDDEFF /* Debug */ = {
			isa = XCBuildConfiguration;
			buildSettings = {
				ALWAYS_SEARCH_USER_PATHS = NO;
				CLANG_ANALYZER_NONNULL = YES;
				CLANG_ANALYZER_NUMBER_OBJECT_CONVERSION = YES_AGGRESSIVE;
				CLANG_CXX_LANGUAGE_STANDARD = "gnu++0x";
				CLANG_CXX_LIBRARY = "libc++";
				CLANG_ENABLE_MODULES = YES;
				CLANG_ENABLE_OBJC_ARC = YES;
				CLANG_WARN_BLOCK_CAPTURE_AUTORELEASING = YES;
				CLANG_WARN_BOOL_CONVERSION = YES;
				CLANG_WARN_COMMA = YES;
				CLANG_WARN_CONSTANT_CONVERSION = YES;
				CLANG_WARN_DIRECT_OBJC_ISA_USAGE = YES_ERROR;
				CLANG_WARN_DOCUMENTATION_COMMENTS = YES;
				CLANG_WARN_EMPTY_BODY = YES;
				CLANG_WARN_ENUM_CONVERSION = YES;
				CLANG_WARN_INFINITE_RECURSION = YES;
				CLANG_WARN_INT_CONVERSION = YES;
				CLANG_WARN_NON_LITERAL_NULL_CONVERSION = YES;
				CLANG_WARN_OBJC_LITERAL_CONVERSION = YES;
				CLANG_WARN_OBJC_ROOT_CLASS = YES_ERROR;
				CLANG_WARN_RANGE_LOOP_ANALYSIS = YES;
				CLANG_WARN_STRICT_PROTOTYPES = YES;
				CLANG_WARN_SUSPICIOUS_MOVE = YES;
				CLANG_WARN_UNREACHABLE_CODE = YES;
				CLANG_WARN__DUPLICATE_METHOD_MATCH = YES;
				"CODE_SIGN_IDENTITY[sdk=iphoneos*]" = "iPhone Developer";
				COPY_PHASE_STRIP = NO;
				DEBUG_INFORMATION_FORMAT = dwarf;
				ENABLE_STRICT_OBJC_MSGSEND = YES;
				ENABLE_TESTABILITY = YES;
				GCC_C_LANGUAGE_STANDARD = gnu99;
				GCC_DYNAMIC_NO_PIC = NO;
				GCC_NO_COMMON_BLOCKS = YES;
				GCC_OPTIMIZATION_LEVEL = 0;
				GCC_PREPROCESSOR_DEFINITIONS = (
					"DEBUG=1",
					"$(inherited)",
				);
				GCC_TREAT_WARNINGS_AS_ERRORS = YES;
				GCC_WARN_64_TO_32_BIT_CONVERSION = YES;
				GCC_WARN_ABOUT_RETURN_TYPE = YES_ERROR;
				GCC_WARN_UNDECLARED_SELECTOR = YES;
				GCC_WARN_UNINITIALIZED_AUTOS = YES_AGGRESSIVE;
				GCC_WARN_UNUSED_FUNCTION = YES;
				GCC_WARN_UNUSED_VARIABLE = YES;
				IPHONEOS_DEPLOYMENT_TARGET = 10.0;
				MTL_ENABLE_DEBUG_INFO = YES;
				ONLY_ACTIVE_ARCH = YES;
				SDKROOT = iphoneos;
				STRIP_BITCODE_FROM_COPIED_FILES = NO;
				SWIFT_ACTIVE_COMPILATION_CONDITIONS = DEBUG;
				SWIFT_OPTIMIZATION_LEVEL = "-Onone";
				SWIFT_SWIFT3_OBJC_INFERENCE = Off;
				SWIFT_TREAT_WARNINGS_AS_ERRORS = YES;
				TARGETED_DEVICE_FAMILY = "1,2";
			};
			name = Debug;
		};
		77EFB3ED1ED5C1A800BDDEFF /* Release */ = {
			isa = XCBuildConfiguration;
			buildSettings = {
				ALWAYS_SEARCH_USER_PATHS = NO;
				CLANG_ANALYZER_NONNULL = YES;
				CLANG_ANALYZER_NUMBER_OBJECT_CONVERSION = YES_AGGRESSIVE;
				CLANG_CXX_LANGUAGE_STANDARD = "gnu++0x";
				CLANG_CXX_LIBRARY = "libc++";
				CLANG_ENABLE_MODULES = YES;
				CLANG_ENABLE_OBJC_ARC = YES;
				CLANG_WARN_BLOCK_CAPTURE_AUTORELEASING = YES;
				CLANG_WARN_BOOL_CONVERSION = YES;
				CLANG_WARN_COMMA = YES;
				CLANG_WARN_CONSTANT_CONVERSION = YES;
				CLANG_WARN_DIRECT_OBJC_ISA_USAGE = YES_ERROR;
				CLANG_WARN_DOCUMENTATION_COMMENTS = YES;
				CLANG_WARN_EMPTY_BODY = YES;
				CLANG_WARN_ENUM_CONVERSION = YES;
				CLANG_WARN_INFINITE_RECURSION = YES;
				CLANG_WARN_INT_CONVERSION = YES;
				CLANG_WARN_NON_LITERAL_NULL_CONVERSION = YES;
				CLANG_WARN_OBJC_LITERAL_CONVERSION = YES;
				CLANG_WARN_OBJC_ROOT_CLASS = YES_ERROR;
				CLANG_WARN_RANGE_LOOP_ANALYSIS = YES;
				CLANG_WARN_STRICT_PROTOTYPES = YES;
				CLANG_WARN_SUSPICIOUS_MOVE = YES;
				CLANG_WARN_UNREACHABLE_CODE = YES;
				CLANG_WARN__DUPLICATE_METHOD_MATCH = YES;
				"CODE_SIGN_IDENTITY[sdk=iphoneos*]" = "iPhone Developer";
				COPY_PHASE_STRIP = NO;
				DEBUG_INFORMATION_FORMAT = "dwarf-with-dsym";
				ENABLE_NS_ASSERTIONS = NO;
				ENABLE_STRICT_OBJC_MSGSEND = YES;
				GCC_C_LANGUAGE_STANDARD = gnu99;
				GCC_NO_COMMON_BLOCKS = YES;
				GCC_TREAT_WARNINGS_AS_ERRORS = YES;
				GCC_WARN_64_TO_32_BIT_CONVERSION = YES;
				GCC_WARN_ABOUT_RETURN_TYPE = YES_ERROR;
				GCC_WARN_UNDECLARED_SELECTOR = YES;
				GCC_WARN_UNINITIALIZED_AUTOS = YES_AGGRESSIVE;
				GCC_WARN_UNUSED_FUNCTION = YES;
				GCC_WARN_UNUSED_VARIABLE = YES;
				IPHONEOS_DEPLOYMENT_TARGET = 10.0;
				MTL_ENABLE_DEBUG_INFO = NO;
				SDKROOT = iphoneos;
				STRIP_BITCODE_FROM_COPIED_FILES = NO;
				SWIFT_OPTIMIZATION_LEVEL = "-Owholemodule";
				SWIFT_SWIFT3_OBJC_INFERENCE = Off;
				SWIFT_TREAT_WARNINGS_AS_ERRORS = YES;
				TARGETED_DEVICE_FAMILY = "1,2";
				VALIDATE_PRODUCT = YES;
			};
			name = Release;
		};
		77EFB3EF1ED5C1A800BDDEFF /* Debug */ = {
			isa = XCBuildConfiguration;
			buildSettings = {
				ASSETCATALOG_COMPILER_APPICON_NAME = AppIcon;
				DEVELOPMENT_TEAM = P53V4JS928;
				GCC_TREAT_WARNINGS_AS_ERRORS = YES;
				GCC_WARN_SHADOW = YES;
				INFOPLIST_FILE = "$(SRCROOT)/LGV_Timer/App Files/Info.plist";
				LD_RUNPATH_SEARCH_PATHS = "$(inherited) @executable_path/Frameworks";
				PRODUCT_BUNDLE_IDENTIFIER = "com.littlegreenviper.X-Timer";
				PRODUCT_NAME = "$(TARGET_NAME)";
				SWIFT_SWIFT3_OBJC_INFERENCE = Off;
				SWIFT_TREAT_WARNINGS_AS_ERRORS = YES;
				SWIFT_VERSION = 4.0;
			};
			name = Debug;
		};
		77EFB3F01ED5C1A800BDDEFF /* Release */ = {
			isa = XCBuildConfiguration;
			buildSettings = {
				ASSETCATALOG_COMPILER_APPICON_NAME = AppIcon;
				DEVELOPMENT_TEAM = P53V4JS928;
				GCC_TREAT_WARNINGS_AS_ERRORS = YES;
				GCC_WARN_SHADOW = YES;
				INFOPLIST_FILE = "$(SRCROOT)/LGV_Timer/App Files/Info.plist";
				LD_RUNPATH_SEARCH_PATHS = "$(inherited) @executable_path/Frameworks";
				PRODUCT_BUNDLE_IDENTIFIER = "com.littlegreenviper.X-Timer";
				PRODUCT_NAME = "$(TARGET_NAME)";
				SWIFT_SWIFT3_OBJC_INFERENCE = Off;
				SWIFT_TREAT_WARNINGS_AS_ERRORS = YES;
				SWIFT_VERSION = 4.0;
			};
			name = Release;
		};
/* End XCBuildConfiguration section */

/* Begin XCConfigurationList section */
		773E065F1EDAFACD003FF9DD /* Build configuration list for PBXNativeTarget "LGV_Lib_LEDDisplay_UI_Test" */ = {
			isa = XCConfigurationList;
			buildConfigurations = (
				773E065D1EDAFACD003FF9DD /* Debug */,
				773E065E1EDAFACD003FF9DD /* Release */,
			);
			defaultConfigurationIsVisible = 0;
			defaultConfigurationName = Release;
		};
		77CBF41D1EF7F6F000B4D4C6 /* Build configuration list for PBXNativeTarget "X-Timer Companion Extension" */ = {
			isa = XCConfigurationList;
			buildConfigurations = (
				77CBF41E1EF7F6F000B4D4C6 /* Debug */,
				77CBF41F1EF7F6F000B4D4C6 /* Release */,
			);
			defaultConfigurationIsVisible = 0;
			defaultConfigurationName = Release;
		};
		77CBF4211EF7F6F000B4D4C6 /* Build configuration list for PBXNativeTarget "X-Timer Companion" */ = {
			isa = XCConfigurationList;
			buildConfigurations = (
				77CBF4221EF7F6F000B4D4C6 /* Debug */,
				77CBF4231EF7F6F000B4D4C6 /* Release */,
			);
			defaultConfigurationIsVisible = 0;
			defaultConfigurationName = Release;
		};
		77EFB3D71ED5C1A800BDDEFF /* Build configuration list for PBXProject "LGV_Timer" */ = {
			isa = XCConfigurationList;
			buildConfigurations = (
				77EFB3EC1ED5C1A800BDDEFF /* Debug */,
				77EFB3ED1ED5C1A800BDDEFF /* Release */,
			);
			defaultConfigurationIsVisible = 0;
			defaultConfigurationName = Release;
		};
		77EFB3EE1ED5C1A800BDDEFF /* Build configuration list for PBXNativeTarget "X-Timer" */ = {
			isa = XCConfigurationList;
			buildConfigurations = (
				77EFB3EF1ED5C1A800BDDEFF /* Debug */,
				77EFB3F01ED5C1A800BDDEFF /* Release */,
			);
			defaultConfigurationIsVisible = 0;
			defaultConfigurationName = Release;
		};
/* End XCConfigurationList section */
	};
	rootObject = 77EFB3D41ED5C1A800BDDEFF /* Project object */;
}
