// !$*UTF8*$!
{
	archiveVersion = 1;
	classes = {
	};
	objectVersion = 48;
	objects = {

/* Begin PBXBuildFile section */
		772A13C61ED5E50C0043C58B /* LGV_Timer_SettingsViewController.swift in Sources */ = {isa = PBXBuildFile; fileRef = 772A13C51ED5E50C0043C58B /* LGV_Timer_SettingsViewController.swift */; };
		772A13C81ED5E6CF0043C58B /* LGV_Timer_ClockViewController.swift in Sources */ = {isa = PBXBuildFile; fileRef = 772A13C71ED5E6CF0043C58B /* LGV_Timer_ClockViewController.swift */; };
		772A13CC1ED5E8270043C58B /* LGV_Timer_MainTabController.swift in Sources */ = {isa = PBXBuildFile; fileRef = 772A13CB1ED5E8270043C58B /* LGV_Timer_MainTabController.swift */; };
		772A13D81ED5E8840043C58B /* LGV_Timer_AppDelegate.swift in Sources */ = {isa = PBXBuildFile; fileRef = 772A13D41ED5E8840043C58B /* LGV_Timer_AppDelegate.swift */; };
		772A13E21ED5E8BA0043C58B /* LGV_Timer_LaunchScreen.storyboard in Resources */ = {isa = PBXBuildFile; fileRef = 772A13DC1ED5E8BA0043C58B /* LGV_Timer_LaunchScreen.storyboard */; };
		772A13E31ED5E8BA0043C58B /* LGV_Timer_Main.storyboard in Resources */ = {isa = PBXBuildFile; fileRef = 772A13DE1ED5E8BA0043C58B /* LGV_Timer_Main.storyboard */; };
		772A13E41ED5E8BA0043C58B /* Localizable.strings in Resources */ = {isa = PBXBuildFile; fileRef = 772A13E01ED5E8BA0043C58B /* Localizable.strings */; };
		772A13E61ED5E8F80043C58B /* LGV_Timer_Assets.xcassets in Resources */ = {isa = PBXBuildFile; fileRef = 772A13E51ED5E8F80043C58B /* LGV_Timer_Assets.xcassets */; };
		772A13EA1ED5E99B0043C58B /* LED_Element.swift in Sources */ = {isa = PBXBuildFile; fileRef = 772A13E81ED5E99B0043C58B /* LED_Element.swift */; };
		772A13EB1ED5E99B0043C58B /* LGV_Lib_LEDDisplay.swift in Sources */ = {isa = PBXBuildFile; fileRef = 772A13E91ED5E99B0043C58B /* LGV_Lib_LEDDisplay.swift */; };
		772BF9C41ED600B3002D1782 /* LGV_Timer_TimerNavController.swift in Sources */ = {isa = PBXBuildFile; fileRef = 772BF9C31ED600B3002D1782 /* LGV_Timer_TimerNavController.swift */; };
		773E06511EDAFACD003FF9DD /* AppDelegate.swift in Sources */ = {isa = PBXBuildFile; fileRef = 773E06501EDAFACD003FF9DD /* AppDelegate.swift */; };
		773E06531EDAFACD003FF9DD /* ViewController.swift in Sources */ = {isa = PBXBuildFile; fileRef = 773E06521EDAFACD003FF9DD /* ViewController.swift */; };
		773E06561EDAFACD003FF9DD /* Main.storyboard in Resources */ = {isa = PBXBuildFile; fileRef = 773E06541EDAFACD003FF9DD /* Main.storyboard */; };
		773E06581EDAFACD003FF9DD /* Assets.xcassets in Resources */ = {isa = PBXBuildFile; fileRef = 773E06571EDAFACD003FF9DD /* Assets.xcassets */; };
		773E065B1EDAFACD003FF9DD /* LaunchScreen.storyboard in Resources */ = {isa = PBXBuildFile; fileRef = 773E06591EDAFACD003FF9DD /* LaunchScreen.storyboard */; };
		773E06611EDAFB35003FF9DD /* LED_Element.swift in Sources */ = {isa = PBXBuildFile; fileRef = 772A13E81ED5E99B0043C58B /* LED_Element.swift */; };
		773E06621EDAFB35003FF9DD /* LGV_Lib_LEDDisplay.swift in Sources */ = {isa = PBXBuildFile; fileRef = 772A13E91ED5E99B0043C58B /* LGV_Lib_LEDDisplay.swift */; };
		774A01DD1ED8644D0030E7B4 /* LGV_Timer_StopwatchViewController.swift in Sources */ = {isa = PBXBuildFile; fileRef = 774A01DC1ED8644D0030E7B4 /* LGV_Timer_StopwatchViewController.swift */; };
		7770CB2E1ED6153500ED1F9A /* LGV_Timer_TimerSetController.swift in Sources */ = {isa = PBXBuildFile; fileRef = 7770CB2D1ED6153500ED1F9A /* LGV_Timer_TimerSetController.swift */; };
		7770CB301ED6156300ED1F9A /* LGV_Timer_TimerSetupController.swift in Sources */ = {isa = PBXBuildFile; fileRef = 7770CB2F1ED6156300ED1F9A /* LGV_Timer_TimerSetupController.swift */; };
		7789C3241ED61CEF009EAB3D /* LGV_Timer_TimerBaseViewController.swift in Sources */ = {isa = PBXBuildFile; fileRef = 7789C3231ED61CEF009EAB3D /* LGV_Timer_TimerBaseViewController.swift */; };
		779ADD001ED89B600050F5E7 /* LGV_Timer_StaticPrefs.swift in Sources */ = {isa = PBXBuildFile; fileRef = 779ADCFF1ED89B600050F5E7 /* LGV_Timer_StaticPrefs.swift */; };
		77AF8C5A1ED84EC100C88759 /* Let's go Digital Regular.ttf in Resources */ = {isa = PBXBuildFile; fileRef = 77AF8C591ED84EC100C88759 /* Let's go Digital Regular.ttf */; };
/* End PBXBuildFile section */

/* Begin PBXFileReference section */
		772A13C51ED5E50C0043C58B /* LGV_Timer_SettingsViewController.swift */ = {isa = PBXFileReference; fileEncoding = 4; lastKnownFileType = sourcecode.swift; name = LGV_Timer_SettingsViewController.swift; path = ViewControllers/LGV_Timer_SettingsViewController.swift; sourceTree = "<group>"; };
		772A13C71ED5E6CF0043C58B /* LGV_Timer_ClockViewController.swift */ = {isa = PBXFileReference; fileEncoding = 4; lastKnownFileType = sourcecode.swift; name = LGV_Timer_ClockViewController.swift; path = ViewControllers/LGV_Timer_ClockViewController.swift; sourceTree = "<group>"; };
		772A13CB1ED5E8270043C58B /* LGV_Timer_MainTabController.swift */ = {isa = PBXFileReference; fileEncoding = 4; lastKnownFileType = sourcecode.swift; name = LGV_Timer_MainTabController.swift; path = ViewControllers/LGV_Timer_MainTabController.swift; sourceTree = "<group>"; };
		772A13D41ED5E8840043C58B /* LGV_Timer_AppDelegate.swift */ = {isa = PBXFileReference; fileEncoding = 4; lastKnownFileType = sourcecode.swift; name = LGV_Timer_AppDelegate.swift; path = "App Files/LGV_Timer_AppDelegate.swift"; sourceTree = "<group>"; };
		772A13D91ED5E8950043C58B /* Info.plist */ = {isa = PBXFileReference; lastKnownFileType = text.plist.xml; name = Info.plist; path = "App Files/Info.plist"; sourceTree = "<group>"; };
		772A13DD1ED5E8BA0043C58B /* Base */ = {isa = PBXFileReference; lastKnownFileType = file.storyboard; name = Base; path = "App Files/Base.lproj/LGV_Timer_LaunchScreen.storyboard"; sourceTree = "<group>"; };
		772A13DF1ED5E8BA0043C58B /* Base */ = {isa = PBXFileReference; lastKnownFileType = file.storyboard; name = Base; path = "App Files/Base.lproj/LGV_Timer_Main.storyboard"; sourceTree = "<group>"; };
		772A13E11ED5E8BA0043C58B /* Base */ = {isa = PBXFileReference; lastKnownFileType = text.plist.strings; name = Base; path = "App Files/Base.lproj/Localizable.strings"; sourceTree = "<group>"; };
		772A13E51ED5E8F80043C58B /* LGV_Timer_Assets.xcassets */ = {isa = PBXFileReference; lastKnownFileType = folder.assetcatalog; name = LGV_Timer_Assets.xcassets; path = "App Files/LGV_Timer_Assets.xcassets"; sourceTree = "<group>"; };
		772A13E81ED5E99B0043C58B /* LED_Element.swift */ = {isa = PBXFileReference; fileEncoding = 4; lastKnownFileType = sourcecode.swift; name = LED_Element.swift; path = LGV_Timer/LGV_Lib_LEDDisplay/LED_Element.swift; sourceTree = SOURCE_ROOT; };
		772A13E91ED5E99B0043C58B /* LGV_Lib_LEDDisplay.swift */ = {isa = PBXFileReference; fileEncoding = 4; lastKnownFileType = sourcecode.swift; name = LGV_Lib_LEDDisplay.swift; path = LGV_Timer/LGV_Lib_LEDDisplay/LGV_Lib_LEDDisplay.swift; sourceTree = SOURCE_ROOT; };
		772BF9C31ED600B3002D1782 /* LGV_Timer_TimerNavController.swift */ = {isa = PBXFileReference; fileEncoding = 4; lastKnownFileType = sourcecode.swift; name = LGV_Timer_TimerNavController.swift; path = ViewControllers/LGV_Timer_TimerNavController.swift; sourceTree = "<group>"; };
		773E064E1EDAFACD003FF9DD /* LGV_Lib_LEDDisplay_UI_Test.app */ = {isa = PBXFileReference; explicitFileType = wrapper.application; includeInIndex = 0; path = LGV_Lib_LEDDisplay_UI_Test.app; sourceTree = BUILT_PRODUCTS_DIR; };
		773E06501EDAFACD003FF9DD /* AppDelegate.swift */ = {isa = PBXFileReference; lastKnownFileType = sourcecode.swift; path = AppDelegate.swift; sourceTree = "<group>"; };
		773E06521EDAFACD003FF9DD /* ViewController.swift */ = {isa = PBXFileReference; lastKnownFileType = sourcecode.swift; path = ViewController.swift; sourceTree = "<group>"; };
		773E06551EDAFACD003FF9DD /* Base */ = {isa = PBXFileReference; lastKnownFileType = file.storyboard; name = Base; path = Base.lproj/Main.storyboard; sourceTree = "<group>"; };
		773E06571EDAFACD003FF9DD /* Assets.xcassets */ = {isa = PBXFileReference; lastKnownFileType = folder.assetcatalog; path = Assets.xcassets; sourceTree = "<group>"; };
		773E065A1EDAFACD003FF9DD /* Base */ = {isa = PBXFileReference; lastKnownFileType = file.storyboard; name = Base; path = Base.lproj/LaunchScreen.storyboard; sourceTree = "<group>"; };
		773E065C1EDAFACD003FF9DD /* Info.plist */ = {isa = PBXFileReference; lastKnownFileType = text.plist.xml; path = Info.plist; sourceTree = "<group>"; };
		773E06601EDAFAEB003FF9DD /* TestDisplay.playground */ = {isa = PBXFileReference; lastKnownFileType = file.playground; path = TestDisplay.playground; sourceTree = "<group>"; };
		774A01DC1ED8644D0030E7B4 /* LGV_Timer_StopwatchViewController.swift */ = {isa = PBXFileReference; fileEncoding = 4; lastKnownFileType = sourcecode.swift; name = LGV_Timer_StopwatchViewController.swift; path = ViewControllers/LGV_Timer_StopwatchViewController.swift; sourceTree = "<group>"; };
		7770CB2D1ED6153500ED1F9A /* LGV_Timer_TimerSetController.swift */ = {isa = PBXFileReference; fileEncoding = 4; lastKnownFileType = sourcecode.swift; name = LGV_Timer_TimerSetController.swift; path = ViewControllers/LGV_Timer_TimerSetController.swift; sourceTree = "<group>"; };
		7770CB2F1ED6156300ED1F9A /* LGV_Timer_TimerSetupController.swift */ = {isa = PBXFileReference; fileEncoding = 4; lastKnownFileType = sourcecode.swift; name = LGV_Timer_TimerSetupController.swift; path = ViewControllers/LGV_Timer_TimerSetupController.swift; sourceTree = "<group>"; };
		7789C3231ED61CEF009EAB3D /* LGV_Timer_TimerBaseViewController.swift */ = {isa = PBXFileReference; fileEncoding = 4; lastKnownFileType = sourcecode.swift; name = LGV_Timer_TimerBaseViewController.swift; path = ViewControllers/LGV_Timer_TimerBaseViewController.swift; sourceTree = "<group>"; };
		779ADCFF1ED89B600050F5E7 /* LGV_Timer_StaticPrefs.swift */ = {isa = PBXFileReference; fileEncoding = 4; lastKnownFileType = sourcecode.swift; name = LGV_Timer_StaticPrefs.swift; path = "App Files/LGV_Timer_StaticPrefs.swift"; sourceTree = "<group>"; };
		77AF8C591ED84EC100C88759 /* Let's go Digital Regular.ttf */ = {isa = PBXFileReference; lastKnownFileType = file; name = "Let's go Digital Regular.ttf"; path = "App Files/Let's go Digital Regular.ttf"; sourceTree = "<group>"; };
		77B291131ED5C37C00AD3720 /* README.md */ = {isa = PBXFileReference; lastKnownFileType = net.daringfireball.markdown; path = README.md; sourceTree = "<group>"; };
		77EFB3DC1ED5C1A800BDDEFF /* LGV_Timer.app */ = {isa = PBXFileReference; explicitFileType = wrapper.application; includeInIndex = 0; path = LGV_Timer.app; sourceTree = BUILT_PRODUCTS_DIR; };
/* End PBXFileReference section */

/* Begin PBXFrameworksBuildPhase section */
		773E064B1EDAFACD003FF9DD /* Frameworks */ = {
			isa = PBXFrameworksBuildPhase;
			buildActionMask = 2147483647;
			files = (
			);
			runOnlyForDeploymentPostprocessing = 0;
		};
		77EFB3D91ED5C1A800BDDEFF /* Frameworks */ = {
			isa = PBXFrameworksBuildPhase;
			buildActionMask = 2147483647;
			files = (
			);
			runOnlyForDeploymentPostprocessing = 0;
		};
/* End PBXFrameworksBuildPhase section */

/* Begin PBXGroup section */
		772A13E71ED5E95A0043C58B /* App Files */ = {
			isa = PBXGroup;
			children = (
				772A13D91ED5E8950043C58B /* Info.plist */,
				772A13D41ED5E8840043C58B /* LGV_Timer_AppDelegate.swift */,
				779ADCFF1ED89B600050F5E7 /* LGV_Timer_StaticPrefs.swift */,
			);
			name = "App Files";
			sourceTree = "<group>";
		};
		773E064F1EDAFACD003FF9DD /* LGV_Lib_LEDDisplay_UI_Test */ = {
			isa = PBXGroup;
			children = (
				773E06501EDAFACD003FF9DD /* AppDelegate.swift */,
				773E06521EDAFACD003FF9DD /* ViewController.swift */,
				773E06541EDAFACD003FF9DD /* Main.storyboard */,
				773E06571EDAFACD003FF9DD /* Assets.xcassets */,
				773E06591EDAFACD003FF9DD /* LaunchScreen.storyboard */,
				773E065C1EDAFACD003FF9DD /* Info.plist */,
			);
			path = LGV_Lib_LEDDisplay_UI_Test;
			sourceTree = "<group>";
		};
		775ACED31ED5C2380097FF5C /* LGV_Lib_LEDDisplay */ = {
			isa = PBXGroup;
			children = (
				772A13E81ED5E99B0043C58B /* LED_Element.swift */,
				772A13E91ED5E99B0043C58B /* LGV_Lib_LEDDisplay.swift */,
			);
			path = LGV_Lib_LEDDisplay;
			sourceTree = SOURCE_ROOT;
		};
		775ACED81ED5C25A0097FF5C /* Resources */ = {
			isa = PBXGroup;
			children = (
				772A13E01ED5E8BA0043C58B /* Localizable.strings */,
				772A13DE1ED5E8BA0043C58B /* LGV_Timer_Main.storyboard */,
				772A13DC1ED5E8BA0043C58B /* LGV_Timer_LaunchScreen.storyboard */,
				77AF8C591ED84EC100C88759 /* Let's go Digital Regular.ttf */,
				772A13E51ED5E8F80043C58B /* LGV_Timer_Assets.xcassets */,
			);
			name = Resources;
			sourceTree = "<group>";
		};
		775ACED91ED5C26C0097FF5C /* ViewControllers */ = {
			isa = PBXGroup;
			children = (
				772A13CB1ED5E8270043C58B /* LGV_Timer_MainTabController.swift */,
				7789C3231ED61CEF009EAB3D /* LGV_Timer_TimerBaseViewController.swift */,
				772A13C51ED5E50C0043C58B /* LGV_Timer_SettingsViewController.swift */,
				772A13C71ED5E6CF0043C58B /* LGV_Timer_ClockViewController.swift */,
				774A01DC1ED8644D0030E7B4 /* LGV_Timer_StopwatchViewController.swift */,
				772BF9C31ED600B3002D1782 /* LGV_Timer_TimerNavController.swift */,
				7770CB2D1ED6153500ED1F9A /* LGV_Timer_TimerSetController.swift */,
				7770CB2F1ED6156300ED1F9A /* LGV_Timer_TimerSetupController.swift */,
			);
			name = ViewControllers;
			sourceTree = "<group>";
		};
		775ACEDA1ED5C2BA0097FF5C /* LGV_Timer */ = {
			isa = PBXGroup;
			children = (
				772A13E71ED5E95A0043C58B /* App Files */,
				775ACED91ED5C26C0097FF5C /* ViewControllers */,
				775ACED31ED5C2380097FF5C /* LGV_Lib_LEDDisplay */,
				775ACED81ED5C25A0097FF5C /* Resources */,
			);
			path = LGV_Timer;
			sourceTree = "<group>";
		};
		77EFB3D31ED5C1A800BDDEFF = {
			isa = PBXGroup;
			children = (
				77B291131ED5C37C00AD3720 /* README.md */,
				773E06601EDAFAEB003FF9DD /* TestDisplay.playground */,
				775ACEDA1ED5C2BA0097FF5C /* LGV_Timer */,
				773E064F1EDAFACD003FF9DD /* LGV_Lib_LEDDisplay_UI_Test */,
				77EFB3DD1ED5C1A800BDDEFF /* Products */,
			);
			sourceTree = "<group>";
		};
		77EFB3DD1ED5C1A800BDDEFF /* Products */ = {
			isa = PBXGroup;
			children = (
				77EFB3DC1ED5C1A800BDDEFF /* LGV_Timer.app */,
				773E064E1EDAFACD003FF9DD /* LGV_Lib_LEDDisplay_UI_Test.app */,
			);
			name = Products;
			sourceTree = "<group>";
		};
/* End PBXGroup section */

/* Begin PBXNativeTarget section */
		773E064D1EDAFACD003FF9DD /* LGV_Lib_LEDDisplay_UI_Test */ = {
			isa = PBXNativeTarget;
			buildConfigurationList = 773E065F1EDAFACD003FF9DD /* Build configuration list for PBXNativeTarget "LGV_Lib_LEDDisplay_UI_Test" */;
			buildPhases = (
				773E064A1EDAFACD003FF9DD /* Sources */,
				773E064B1EDAFACD003FF9DD /* Frameworks */,
				773E064C1EDAFACD003FF9DD /* Resources */,
			);
			buildRules = (
			);
			dependencies = (
			);
			name = LGV_Lib_LEDDisplay_UI_Test;
			productName = LGV_Lib_LEDDisplay_UI_Test;
			productReference = 773E064E1EDAFACD003FF9DD /* LGV_Lib_LEDDisplay_UI_Test.app */;
			productType = "com.apple.product-type.application";
		};
		77EFB3DB1ED5C1A800BDDEFF /* LGV_Timer */ = {
			isa = PBXNativeTarget;
			buildConfigurationList = 77EFB3EE1ED5C1A800BDDEFF /* Build configuration list for PBXNativeTarget "LGV_Timer" */;
			buildPhases = (
				77EFB3D81ED5C1A800BDDEFF /* Sources */,
				77EFB3D91ED5C1A800BDDEFF /* Frameworks */,
				77EFB3DA1ED5C1A800BDDEFF /* Resources */,
			);
			buildRules = (
			);
			dependencies = (
			);
			name = LGV_Timer;
			productName = LGV_Timer;
			productReference = 77EFB3DC1ED5C1A800BDDEFF /* LGV_Timer.app */;
			productType = "com.apple.product-type.application";
		};
/* End PBXNativeTarget section */

/* Begin PBXProject section */
		77EFB3D41ED5C1A800BDDEFF /* Project object */ = {
			isa = PBXProject;
			attributes = {
				LastSwiftUpdateCheck = 0830;
				LastUpgradeCheck = 0830;
				ORGANIZATIONNAME = "Little Green Viper Software Development LLC";
				TargetAttributes = {
					773E064D1EDAFACD003FF9DD = {
						CreatedOnToolsVersion = 8.3.2;
						ProvisioningStyle = Automatic;
					};
					77EFB3DB1ED5C1A800BDDEFF = {
						CreatedOnToolsVersion = 8.3.2;
						ProvisioningStyle = Automatic;
					};
				};
			};
			buildConfigurationList = 77EFB3D71ED5C1A800BDDEFF /* Build configuration list for PBXProject "LGV_Timer" */;
			compatibilityVersion = "Xcode 8.0";
			developmentRegion = English;
			hasScannedForEncodings = 0;
			knownRegions = (
				en,
				Base,
			);
			mainGroup = 77EFB3D31ED5C1A800BDDEFF;
			productRefGroup = 77EFB3DD1ED5C1A800BDDEFF /* Products */;
			projectDirPath = "";
			projectRoot = "";
			targets = (
				77EFB3DB1ED5C1A800BDDEFF /* LGV_Timer */,
				773E064D1EDAFACD003FF9DD /* LGV_Lib_LEDDisplay_UI_Test */,
			);
		};
/* End PBXProject section */

/* Begin PBXResourcesBuildPhase section */
		773E064C1EDAFACD003FF9DD /* Resources */ = {
			isa = PBXResourcesBuildPhase;
			buildActionMask = 2147483647;
			files = (
				773E065B1EDAFACD003FF9DD /* LaunchScreen.storyboard in Resources */,
				773E06581EDAFACD003FF9DD /* Assets.xcassets in Resources */,
				773E06561EDAFACD003FF9DD /* Main.storyboard in Resources */,
			);
			runOnlyForDeploymentPostprocessing = 0;
		};
		77EFB3DA1ED5C1A800BDDEFF /* Resources */ = {
			isa = PBXResourcesBuildPhase;
			buildActionMask = 2147483647;
			files = (
				772A13E61ED5E8F80043C58B /* LGV_Timer_Assets.xcassets in Resources */,
				772A13E31ED5E8BA0043C58B /* LGV_Timer_Main.storyboard in Resources */,
				772A13E41ED5E8BA0043C58B /* Localizable.strings in Resources */,
				77AF8C5A1ED84EC100C88759 /* Let's go Digital Regular.ttf in Resources */,
				772A13E21ED5E8BA0043C58B /* LGV_Timer_LaunchScreen.storyboard in Resources */,
			);
			runOnlyForDeploymentPostprocessing = 0;
		};
/* End PBXResourcesBuildPhase section */

/* Begin PBXSourcesBuildPhase section */
		773E064A1EDAFACD003FF9DD /* Sources */ = {
			isa = PBXSourcesBuildPhase;
			buildActionMask = 2147483647;
			files = (
				773E06621EDAFB35003FF9DD /* LGV_Lib_LEDDisplay.swift in Sources */,
				773E06531EDAFACD003FF9DD /* ViewController.swift in Sources */,
				773E06511EDAFACD003FF9DD /* AppDelegate.swift in Sources */,
				773E06611EDAFB35003FF9DD /* LED_Element.swift in Sources */,
			);
			runOnlyForDeploymentPostprocessing = 0;
		};
		77EFB3D81ED5C1A800BDDEFF /* Sources */ = {
			isa = PBXSourcesBuildPhase;
			buildActionMask = 2147483647;
			files = (
				772A13EB1ED5E99B0043C58B /* LGV_Lib_LEDDisplay.swift in Sources */,
				7770CB301ED6156300ED1F9A /* LGV_Timer_TimerSetupController.swift in Sources */,
				772A13D81ED5E8840043C58B /* LGV_Timer_AppDelegate.swift in Sources */,
				772A13CC1ED5E8270043C58B /* LGV_Timer_MainTabController.swift in Sources */,
				772A13EA1ED5E99B0043C58B /* LED_Element.swift in Sources */,
				774A01DD1ED8644D0030E7B4 /* LGV_Timer_StopwatchViewController.swift in Sources */,
				772A13C81ED5E6CF0043C58B /* LGV_Timer_ClockViewController.swift in Sources */,
				772A13C61ED5E50C0043C58B /* LGV_Timer_SettingsViewController.swift in Sources */,
				7789C3241ED61CEF009EAB3D /* LGV_Timer_TimerBaseViewController.swift in Sources */,
				7770CB2E1ED6153500ED1F9A /* LGV_Timer_TimerSetController.swift in Sources */,
				779ADD001ED89B600050F5E7 /* LGV_Timer_StaticPrefs.swift in Sources */,
				772BF9C41ED600B3002D1782 /* LGV_Timer_TimerNavController.swift in Sources */,
			);
			runOnlyForDeploymentPostprocessing = 0;
		};
/* End PBXSourcesBuildPhase section */

/* Begin PBXVariantGroup section */
		772A13DC1ED5E8BA0043C58B /* LGV_Timer_LaunchScreen.storyboard */ = {
			isa = PBXVariantGroup;
			children = (
				772A13DD1ED5E8BA0043C58B /* Base */,
			);
			name = LGV_Timer_LaunchScreen.storyboard;
			sourceTree = "<group>";
		};
		772A13DE1ED5E8BA0043C58B /* LGV_Timer_Main.storyboard */ = {
			isa = PBXVariantGroup;
			children = (
				772A13DF1ED5E8BA0043C58B /* Base */,
			);
			name = LGV_Timer_Main.storyboard;
			sourceTree = "<group>";
		};
		772A13E01ED5E8BA0043C58B /* Localizable.strings */ = {
			isa = PBXVariantGroup;
			children = (
				772A13E11ED5E8BA0043C58B /* Base */,
			);
			name = Localizable.strings;
			sourceTree = "<group>";
		};
		773E06541EDAFACD003FF9DD /* Main.storyboard */ = {
			isa = PBXVariantGroup;
			children = (
				773E06551EDAFACD003FF9DD /* Base */,
			);
			name = Main.storyboard;
			sourceTree = "<group>";
		};
		773E06591EDAFACD003FF9DD /* LaunchScreen.storyboard */ = {
			isa = PBXVariantGroup;
			children = (
				773E065A1EDAFACD003FF9DD /* Base */,
			);
			name = LaunchScreen.storyboard;
			sourceTree = "<group>";
		};
/* End PBXVariantGroup section */

/* Begin XCBuildConfiguration section */
		773E065D1EDAFACD003FF9DD /* Debug */ = {
			isa = XCBuildConfiguration;
			buildSettings = {
				ASSETCATALOG_COMPILER_APPICON_NAME = AppIcon;
				DEVELOPMENT_TEAM = P53V4JS928;
				INFOPLIST_FILE = LGV_Lib_LEDDisplay_UI_Test/Info.plist;
				IPHONEOS_DEPLOYMENT_TARGET = 10.3;
				LD_RUNPATH_SEARCH_PATHS = "$(inherited) @executable_path/Frameworks";
				PRODUCT_BUNDLE_IDENTIFIER = "com.littlegreenviper.LGV-Lib-LEDDisplay-UI-Test";
				PRODUCT_NAME = "$(TARGET_NAME)";
				SWIFT_VERSION = 3.0;
			};
			name = Debug;
		};
		773E065E1EDAFACD003FF9DD /* Release */ = {
			isa = XCBuildConfiguration;
			buildSettings = {
				ASSETCATALOG_COMPILER_APPICON_NAME = AppIcon;
				DEVELOPMENT_TEAM = P53V4JS928;
				INFOPLIST_FILE = LGV_Lib_LEDDisplay_UI_Test/Info.plist;
				IPHONEOS_DEPLOYMENT_TARGET = 10.3;
				LD_RUNPATH_SEARCH_PATHS = "$(inherited) @executable_path/Frameworks";
				PRODUCT_BUNDLE_IDENTIFIER = "com.littlegreenviper.LGV-Lib-LEDDisplay-UI-Test";
				PRODUCT_NAME = "$(TARGET_NAME)";
				SWIFT_VERSION = 3.0;
			};
			name = Release;
		};
		77EFB3EC1ED5C1A800BDDEFF /* Debug */ = {
			isa = XCBuildConfiguration;
			buildSettings = {
				ALWAYS_SEARCH_USER_PATHS = NO;
				CLANG_ANALYZER_NONNULL = YES;
				CLANG_ANALYZER_NUMBER_OBJECT_CONVERSION = YES_AGGRESSIVE;
				CLANG_CXX_LANGUAGE_STANDARD = "gnu++0x";
				CLANG_CXX_LIBRARY = "libc++";
				CLANG_ENABLE_MODULES = YES;
				CLANG_ENABLE_OBJC_ARC = YES;
				CLANG_WARN_BOOL_CONVERSION = YES;
				CLANG_WARN_CONSTANT_CONVERSION = YES;
				CLANG_WARN_DIRECT_OBJC_ISA_USAGE = YES_ERROR;
				CLANG_WARN_DOCUMENTATION_COMMENTS = YES;
				CLANG_WARN_EMPTY_BODY = YES;
				CLANG_WARN_ENUM_CONVERSION = YES;
				CLANG_WARN_INFINITE_RECURSION = YES;
				CLANG_WARN_INT_CONVERSION = YES;
				CLANG_WARN_OBJC_ROOT_CLASS = YES_ERROR;
				CLANG_WARN_SUSPICIOUS_MOVE = YES;
				CLANG_WARN_UNREACHABLE_CODE = YES;
				CLANG_WARN__DUPLICATE_METHOD_MATCH = YES;
				"CODE_SIGN_IDENTITY[sdk=iphoneos*]" = "iPhone Developer";
				COPY_PHASE_STRIP = NO;
				DEBUG_INFORMATION_FORMAT = dwarf;
				ENABLE_STRICT_OBJC_MSGSEND = YES;
				ENABLE_TESTABILITY = YES;
				GCC_C_LANGUAGE_STANDARD = gnu99;
				GCC_DYNAMIC_NO_PIC = NO;
				GCC_NO_COMMON_BLOCKS = YES;
				GCC_OPTIMIZATION_LEVEL = 0;
				GCC_PREPROCESSOR_DEFINITIONS = (
					"DEBUG=1",
					"$(inherited)",
				);
				GCC_WARN_64_TO_32_BIT_CONVERSION = YES;
				GCC_WARN_ABOUT_RETURN_TYPE = YES_ERROR;
				GCC_WARN_UNDECLARED_SELECTOR = YES;
				GCC_WARN_UNINITIALIZED_AUTOS = YES_AGGRESSIVE;
				GCC_WARN_UNUSED_FUNCTION = YES;
				GCC_WARN_UNUSED_VARIABLE = YES;
				IPHONEOS_DEPLOYMENT_TARGET = 10.0;
				MTL_ENABLE_DEBUG_INFO = YES;
				ONLY_ACTIVE_ARCH = YES;
				SDKROOT = iphoneos;
				SWIFT_ACTIVE_COMPILATION_CONDITIONS = DEBUG;
				SWIFT_OPTIMIZATION_LEVEL = "-Onone";
				TARGETED_DEVICE_FAMILY = "1,2";
			};
			name = Debug;
		};
		77EFB3ED1ED5C1A800BDDEFF /* Release */ = {
			isa = XCBuildConfiguration;
			buildSettings = {
				ALWAYS_SEARCH_USER_PATHS = NO;
				CLANG_ANALYZER_NONNULL = YES;
				CLANG_ANALYZER_NUMBER_OBJECT_CONVERSION = YES_AGGRESSIVE;
				CLANG_CXX_LANGUAGE_STANDARD = "gnu++0x";
				CLANG_CXX_LIBRARY = "libc++";
				CLANG_ENABLE_MODULES = YES;
				CLANG_ENABLE_OBJC_ARC = YES;
				CLANG_WARN_BOOL_CONVERSION = YES;
				CLANG_WARN_CONSTANT_CONVERSION = YES;
				CLANG_WARN_DIRECT_OBJC_ISA_USAGE = YES_ERROR;
				CLANG_WARN_DOCUMENTATION_COMMENTS = YES;
				CLANG_WARN_EMPTY_BODY = YES;
				CLANG_WARN_ENUM_CONVERSION = YES;
				CLANG_WARN_INFINITE_RECURSION = YES;
				CLANG_WARN_INT_CONVERSION = YES;
				CLANG_WARN_OBJC_ROOT_CLASS = YES_ERROR;
				CLANG_WARN_SUSPICIOUS_MOVE = YES;
				CLANG_WARN_UNREACHABLE_CODE = YES;
				CLANG_WARN__DUPLICATE_METHOD_MATCH = YES;
				"CODE_SIGN_IDENTITY[sdk=iphoneos*]" = "iPhone Developer";
				COPY_PHASE_STRIP = NO;
				DEBUG_INFORMATION_FORMAT = "dwarf-with-dsym";
				ENABLE_NS_ASSERTIONS = NO;
				ENABLE_STRICT_OBJC_MSGSEND = YES;
				GCC_C_LANGUAGE_STANDARD = gnu99;
				GCC_NO_COMMON_BLOCKS = YES;
				GCC_WARN_64_TO_32_BIT_CONVERSION = YES;
				GCC_WARN_ABOUT_RETURN_TYPE = YES_ERROR;
				GCC_WARN_UNDECLARED_SELECTOR = YES;
				GCC_WARN_UNINITIALIZED_AUTOS = YES_AGGRESSIVE;
				GCC_WARN_UNUSED_FUNCTION = YES;
				GCC_WARN_UNUSED_VARIABLE = YES;
				IPHONEOS_DEPLOYMENT_TARGET = 10.0;
				MTL_ENABLE_DEBUG_INFO = NO;
				SDKROOT = iphoneos;
				SWIFT_OPTIMIZATION_LEVEL = "-Owholemodule";
				TARGETED_DEVICE_FAMILY = "1,2";
				VALIDATE_PRODUCT = YES;
			};
			name = Release;
		};
		77EFB3EF1ED5C1A800BDDEFF /* Debug */ = {
			isa = XCBuildConfiguration;
			buildSettings = {
				ASSETCATALOG_COMPILER_APPICON_NAME = AppIcon;
				DEVELOPMENT_TEAM = P53V4JS928;
				GCC_TREAT_WARNINGS_AS_ERRORS = YES;
				GCC_WARN_SHADOW = YES;
				INFOPLIST_FILE = "$(SRCROOT)/LGV_Timer/App Files/Info.plist";
				LD_RUNPATH_SEARCH_PATHS = "$(inherited) @executable_path/Frameworks";
				PRODUCT_BUNDLE_IDENTIFIER = "com.littlegreenviper.LGV-Timer";
				PRODUCT_NAME = "$(TARGET_NAME)";
				SWIFT_TREAT_WARNINGS_AS_ERRORS = YES;
				SWIFT_VERSION = 3.0;
			};
			name = Debug;
		};
		77EFB3F01ED5C1A800BDDEFF /* Release */ = {
			isa = XCBuildConfiguration;
			buildSettings = {
				ASSETCATALOG_COMPILER_APPICON_NAME = AppIcon;
				DEVELOPMENT_TEAM = P53V4JS928;
				GCC_TREAT_WARNINGS_AS_ERRORS = YES;
				GCC_WARN_SHADOW = YES;
				INFOPLIST_FILE = "$(SRCROOT)/LGV_Timer/App Files/Info.plist";
				LD_RUNPATH_SEARCH_PATHS = "$(inherited) @executable_path/Frameworks";
				PRODUCT_BUNDLE_IDENTIFIER = "com.littlegreenviper.LGV-Timer";
				PRODUCT_NAME = "$(TARGET_NAME)";
				SWIFT_TREAT_WARNINGS_AS_ERRORS = YES;
				SWIFT_VERSION = 3.0;
			};
			name = Release;
		};
/* End XCBuildConfiguration section */

/* Begin XCConfigurationList section */
		773E065F1EDAFACD003FF9DD /* Build configuration list for PBXNativeTarget "LGV_Lib_LEDDisplay_UI_Test" */ = {
			isa = XCConfigurationList;
			buildConfigurations = (
				773E065D1EDAFACD003FF9DD /* Debug */,
				773E065E1EDAFACD003FF9DD /* Release */,
			);
			defaultConfigurationIsVisible = 0;
		};
		77EFB3D71ED5C1A800BDDEFF /* Build configuration list for PBXProject "LGV_Timer" */ = {
			isa = XCConfigurationList;
			buildConfigurations = (
				77EFB3EC1ED5C1A800BDDEFF /* Debug */,
				77EFB3ED1ED5C1A800BDDEFF /* Release */,
			);
			defaultConfigurationIsVisible = 0;
			defaultConfigurationName = Release;
		};
		77EFB3EE1ED5C1A800BDDEFF /* Build configuration list for PBXNativeTarget "LGV_Timer" */ = {
			isa = XCConfigurationList;
			buildConfigurations = (
				77EFB3EF1ED5C1A800BDDEFF /* Debug */,
				77EFB3F01ED5C1A800BDDEFF /* Release */,
			);
			defaultConfigurationIsVisible = 0;
			defaultConfigurationName = Release;
		};
/* End XCConfigurationList section */
	};
	rootObject = 77EFB3D41ED5C1A800BDDEFF /* Project object */;
}
