{
  "object": {
    "pins": [
      {
        "package": "RVS_BasicGCDTimer",
        "repositoryURL": "git@github.com:RiftValleySoftware/RVS_BasicGCDTimer.git",
        "state": {
          "branch": null,
          "revision": "7a0cc47813ecbd2881861bf52b3c8852692c708d",
          "version": "1.3.5"
        }
      },
      {
        "package": "RVS_Generic_Swift_Toolbox",
        "repositoryURL": "https://github.com/RiftValleySoftware/RVS_Generic_Swift_Toolbox",
        "state": {
          "branch": null,
          "revision": "69e44c733c156297bf20b998051cc8ee11ada987",
          "version": "1.6.5"
        }
      },
      {
        "package": "RVS_Persistent_Prefs",
        "repositoryURL": "git@github.com:RiftValleySoftware/RVS_PersistentPrefs.git",
        "state": {
          "branch": null,
          "revision": "54bf0c432c2c2976b0949f1b6e0123b154270426",
          "version": "1.2.6"
        }
      }
    ]
  },
  "version": 1
}
